// !$*UTF8*$!
{
	archiveVersion = 1;
	classes = {
	};
	objectVersion = 42;
	objects = {

/* Begin PBXBuildFile section */
		3A25E479128194B400B6A33E /* SyntaxHighlighter.mm in Sources */ = {isa = PBXBuildFile; fileRef = 3A25E478128194B400B6A33E /* SyntaxHighlighter.mm */; };
		3A25E47B1281A6A200B6A33E /* libboost_regex-mt.dylib in Frameworks */ = {isa = PBXBuildFile; fileRef = 3A25E47A1281A6A200B6A33E /* libboost_regex-mt.dylib */; };
		3A25E47D1281A6A700B6A33E /* libsource-highlight.dylib in Frameworks */ = {isa = PBXBuildFile; fileRef = 3A25E47C1281A6A700B6A33E /* libsource-highlight.dylib */; };
		3A25E4971281A9D300B6A33E /* libsource-highlight.dylib in Copy Frameworks */ = {isa = PBXBuildFile; fileRef = 3A25E47C1281A6A700B6A33E /* libsource-highlight.dylib */; };
		3A25E4981281A9D500B6A33E /* libboost_regex-mt.dylib in Copy Frameworks */ = {isa = PBXBuildFile; fileRef = 3A25E47A1281A6A200B6A33E /* libboost_regex-mt.dylib */; };
		3A9291181229B93C00DA7E43 /* Toolbar.xib in Resources */ = {isa = PBXBuildFile; fileRef = 3A9291171229B93C00DA7E43 /* Toolbar.xib */; };
		3A92911B1229B96A00DA7E43 /* KTabContents.mm in Sources */ = {isa = PBXBuildFile; fileRef = 3A92911A1229B96A00DA7E43 /* KTabContents.mm */; };
		3A92911E1229B9D500DA7E43 /* KToolbarController.mm in Sources */ = {isa = PBXBuildFile; fileRef = 3A92911D1229B9D500DA7E43 /* KToolbarController.mm */; };
		3A9291C51229BF7500DA7E43 /* main.m in Sources */ = {isa = PBXBuildFile; fileRef = 3A928C16122714E800DA7E43 /* main.m */; };
		3A9291C61229BFAD00DA7E43 /* KAppDelegate.mm in Sources */ = {isa = PBXBuildFile; fileRef = 3A928C15122714E800DA7E43 /* KAppDelegate.mm */; };
		3A9291C71229BFB000DA7E43 /* KBrowser.mm in Sources */ = {isa = PBXBuildFile; fileRef = 3A928C18122714E800DA7E43 /* KBrowser.mm */; };
		3A9291DF1229BFCD00DA7E43 /* MainMenu.xib in Resources */ = {isa = PBXBuildFile; fileRef = 3A928C1B122714EE00DA7E43 /* MainMenu.xib */; };
		3A9292991229D31200DA7E43 /* KBrowserWindowController.mm in Sources */ = {isa = PBXBuildFile; fileRef = 3A9292981229D31200DA7E43 /* KBrowserWindowController.mm */; };
		3A9293671229E49A00DA7E43 /* NSError+KAdditions.m in Sources */ = {isa = PBXBuildFile; fileRef = 3A9293661229E49A00DA7E43 /* NSError+KAdditions.m */; };
		3A9293CC1229ED4C00DA7E43 /* KDocumentController.mm in Sources */ = {isa = PBXBuildFile; fileRef = 3A9293CB1229ED4C00DA7E43 /* KDocumentController.mm */; };
		3A929886122AC38F00DA7E43 /* ChromiumTabs.framework in Frameworks */ = {isa = PBXBuildFile; fileRef = 3A9297E4122AB49D00DA7E43 /* ChromiumTabs.framework */; };
		3A929887122AC39100DA7E43 /* ChromiumTabs.framework in Copy Frameworks */ = {isa = PBXBuildFile; fileRef = 3A9297E4122AB49D00DA7E43 /* ChromiumTabs.framework */; };
/* End PBXBuildFile section */

/* Begin PBXContainerItemProxy section */
		3A9297E3122AB49D00DA7E43 /* PBXContainerItemProxy */ = {
			isa = PBXContainerItemProxy;
			containerPortal = 3A92916A1229BDAA00DA7E43 /* chromium-tabs.xcodeproj */;
			proxyType = 2;
			remoteGlobalIDString = 3A3ED9831225E27E009E2908;
			remoteInfo = ChromiumTabs;
		};
		3A9297E5122AB49D00DA7E43 /* PBXContainerItemProxy */ = {
			isa = PBXContainerItemProxy;
			containerPortal = 3A92916A1229BDAA00DA7E43 /* chromium-tabs.xcodeproj */;
			proxyType = 2;
			remoteGlobalIDString = 8D1107320486CEB800E47090;
			remoteInfo = "Chromium Tabs";
		};
		3A929AEB122B1A0400DA7E43 /* PBXContainerItemProxy */ = {
			isa = PBXContainerItemProxy;
			containerPortal = 3A92916A1229BDAA00DA7E43 /* chromium-tabs.xcodeproj */;
			proxyType = 1;
			remoteGlobalIDString = 3A3ED9821225E27E009E2908;
			remoteInfo = ChromiumTabs;
		};
/* End PBXContainerItemProxy section */

/* Begin PBXCopyFilesBuildPhase section */
		3A9291381229BBB600DA7E43 /* Copy Frameworks */ = {
			isa = PBXCopyFilesBuildPhase;
			buildActionMask = 2147483647;
			dstPath = "";
			dstSubfolderSpec = 10;
			files = (
				3A25E4981281A9D500B6A33E /* libboost_regex-mt.dylib in Copy Frameworks */,
				3A25E4971281A9D300B6A33E /* libsource-highlight.dylib in Copy Frameworks */,
				3A929887122AC39100DA7E43 /* ChromiumTabs.framework in Copy Frameworks */,
			);
			name = "Copy Frameworks";
			runOnlyForDeploymentPostprocessing = 0;
		};
/* End PBXCopyFilesBuildPhase section */

/* Begin PBXFileReference section */
		3A25E477128194B400B6A33E /* SyntaxHighlighter.h */ = {isa = PBXFileReference; fileEncoding = 4; lastKnownFileType = sourcecode.c.h; path = SyntaxHighlighter.h; sourceTree = "<group>"; };
		3A25E478128194B400B6A33E /* SyntaxHighlighter.mm */ = {isa = PBXFileReference; fileEncoding = 4; lastKnownFileType = sourcecode.cpp.objcpp; path = SyntaxHighlighter.mm; sourceTree = "<group>"; };
		3A25E47A1281A6A200B6A33E /* libboost_regex-mt.dylib */ = {isa = PBXFileReference; lastKnownFileType = "compiled.mach-o.dylib"; name = "libboost_regex-mt.dylib"; path = "deps/srchilight/libboost_regex-mt.dylib"; sourceTree = "<group>"; };
		3A25E47C1281A6A700B6A33E /* libsource-highlight.dylib */ = {isa = PBXFileReference; lastKnownFileType = "compiled.mach-o.dylib"; name = "libsource-highlight.dylib"; path = "deps/srchilight/libsource-highlight.dylib"; sourceTree = "<group>"; };
		3A928C14122714E800DA7E43 /* KAppDelegate.h */ = {isa = PBXFileReference; fileEncoding = 4; lastKnownFileType = sourcecode.c.h; path = KAppDelegate.h; sourceTree = "<group>"; };
		3A928C15122714E800DA7E43 /* KAppDelegate.mm */ = {isa = PBXFileReference; fileEncoding = 4; lastKnownFileType = sourcecode.cpp.objcpp; path = KAppDelegate.mm; sourceTree = "<group>"; };
		3A928C16122714E800DA7E43 /* main.m */ = {isa = PBXFileReference; fileEncoding = 4; lastKnownFileType = sourcecode.c.objc; path = main.m; sourceTree = "<group>"; };
		3A928C17122714E800DA7E43 /* KBrowser.h */ = {isa = PBXFileReference; fileEncoding = 4; lastKnownFileType = sourcecode.c.h; path = KBrowser.h; sourceTree = "<group>"; };
		3A928C18122714E800DA7E43 /* KBrowser.mm */ = {isa = PBXFileReference; fileEncoding = 4; lastKnownFileType = sourcecode.cpp.objcpp; path = KBrowser.mm; sourceTree = "<group>"; };
		3A928C1A122714EE00DA7E43 /* Info.plist */ = {isa = PBXFileReference; explicitFileType = text.plist.xml; fileEncoding = 4; path = Info.plist; sourceTree = "<group>"; };
		3A928C1B122714EE00DA7E43 /* MainMenu.xib */ = {isa = PBXFileReference; lastKnownFileType = file.xib; path = MainMenu.xib; sourceTree = "<group>"; };
		3A928C201227151800DA7E43 /* Kod.app */ = {isa = PBXFileReference; explicitFileType = wrapper.application; includeInIndex = 0; path = Kod.app; sourceTree = BUILT_PRODUCTS_DIR; };
		3A9291171229B93C00DA7E43 /* Toolbar.xib */ = {isa = PBXFileReference; lastKnownFileType = file.xib; path = Toolbar.xib; sourceTree = "<group>"; };
		3A9291191229B96A00DA7E43 /* KTabContents.h */ = {isa = PBXFileReference; fileEncoding = 4; lastKnownFileType = sourcecode.c.h; path = KTabContents.h; sourceTree = "<group>"; };
		3A92911A1229B96A00DA7E43 /* KTabContents.mm */ = {isa = PBXFileReference; fileEncoding = 4; lastKnownFileType = sourcecode.cpp.objcpp; path = KTabContents.mm; sourceTree = "<group>"; };
		3A92911C1229B9D500DA7E43 /* KToolbarController.h */ = {isa = PBXFileReference; fileEncoding = 4; lastKnownFileType = sourcecode.c.h; path = KToolbarController.h; sourceTree = "<group>"; };
		3A92911D1229B9D500DA7E43 /* KToolbarController.mm */ = {isa = PBXFileReference; fileEncoding = 4; lastKnownFileType = sourcecode.cpp.objcpp; path = KToolbarController.mm; sourceTree = "<group>"; };
		3A92912B1229BB5100DA7E43 /* prefix.pch */ = {isa = PBXFileReference; fileEncoding = 4; lastKnownFileType = sourcecode.c.h; path = prefix.pch; sourceTree = "<group>"; };
		3A92916A1229BDAA00DA7E43 /* chromium-tabs.xcodeproj */ = {isa = PBXFileReference; lastKnownFileType = "wrapper.pb-project"; name = "chromium-tabs.xcodeproj"; path = "chromium-tabs/chromium-tabs.xcodeproj"; sourceTree = "<group>"; };
		3A9292971229D31200DA7E43 /* KBrowserWindowController.h */ = {isa = PBXFileReference; fileEncoding = 4; lastKnownFileType = sourcecode.c.h; path = KBrowserWindowController.h; sourceTree = "<group>"; };
		3A9292981229D31200DA7E43 /* KBrowserWindowController.mm */ = {isa = PBXFileReference; fileEncoding = 4; lastKnownFileType = sourcecode.cpp.objcpp; path = KBrowserWindowController.mm; sourceTree = "<group>"; };
		3A9293651229E49A00DA7E43 /* NSError+KAdditions.h */ = {isa = PBXFileReference; fileEncoding = 4; lastKnownFileType = sourcecode.c.h; path = "NSError+KAdditions.h"; sourceTree = "<group>"; };
		3A9293661229E49A00DA7E43 /* NSError+KAdditions.m */ = {isa = PBXFileReference; fileEncoding = 4; lastKnownFileType = sourcecode.c.objc; path = "NSError+KAdditions.m"; sourceTree = "<group>"; };
		3A9293CA1229ED4C00DA7E43 /* KDocumentController.h */ = {isa = PBXFileReference; fileEncoding = 4; lastKnownFileType = sourcecode.c.h; path = KDocumentController.h; sourceTree = "<group>"; };
		3A9293CB1229ED4C00DA7E43 /* KDocumentController.mm */ = {isa = PBXFileReference; fileEncoding = 4; lastKnownFileType = sourcecode.cpp.objcpp; path = KDocumentController.mm; sourceTree = "<group>"; };
/* End PBXFileReference section */

/* Begin PBXFrameworksBuildPhase section */
		3A928C1E1227151800DA7E43 /* Frameworks */ = {
			isa = PBXFrameworksBuildPhase;
			buildActionMask = 2147483647;
			files = (
				3A929886122AC38F00DA7E43 /* ChromiumTabs.framework in Frameworks */,
				3A25E47B1281A6A200B6A33E /* libboost_regex-mt.dylib in Frameworks */,
				3A25E47D1281A6A700B6A33E /* libsource-highlight.dylib in Frameworks */,
			);
			runOnlyForDeploymentPostprocessing = 0;
		};
/* End PBXFrameworksBuildPhase section */

/* Begin PBXGroup section */
		3A928BED1227143800DA7E43 = {
			isa = PBXGroup;
			children = (
				3A92916A1229BDAA00DA7E43 /* chromium-tabs.xcodeproj */,
				3A928C13122714E800DA7E43 /* src */,
				3A928C19122714EE00DA7E43 /* resources */,
				3A92914F1229BD5E00DA7E43 /* Frameworks */,
				3A928C211227151800DA7E43 /* Products */,
			);
			sourceTree = "<group>";
		};
		3A928C13122714E800DA7E43 /* src */ = {
			isa = PBXGroup;
			children = (
				3A92912B1229BB5100DA7E43 /* prefix.pch */,
				3A928C16122714E800DA7E43 /* main.m */,
				3A928C14122714E800DA7E43 /* KAppDelegate.h */,
				3A928C15122714E800DA7E43 /* KAppDelegate.mm */,
				3A9293CA1229ED4C00DA7E43 /* KDocumentController.h */,
				3A9293CB1229ED4C00DA7E43 /* KDocumentController.mm */,
				3A928C17122714E800DA7E43 /* KBrowser.h */,
				3A928C18122714E800DA7E43 /* KBrowser.mm */,
				3A9292971229D31200DA7E43 /* KBrowserWindowController.h */,
				3A9292981229D31200DA7E43 /* KBrowserWindowController.mm */,
				3A9291191229B96A00DA7E43 /* KTabContents.h */,
				3A92911A1229B96A00DA7E43 /* KTabContents.mm */,
				3A92911C1229B9D500DA7E43 /* KToolbarController.h */,
				3A92911D1229B9D500DA7E43 /* KToolbarController.mm */,
				3A9293651229E49A00DA7E43 /* NSError+KAdditions.h */,
				3A9293661229E49A00DA7E43 /* NSError+KAdditions.m */,
				3A25E477128194B400B6A33E /* SyntaxHighlighter.h */,
				3A25E478128194B400B6A33E /* SyntaxHighlighter.mm */,
			);
			path = src;
			sourceTree = "<group>";
		};
		3A928C19122714EE00DA7E43 /* resources */ = {
			isa = PBXGroup;
			children = (
				3A928C1A122714EE00DA7E43 /* Info.plist */,
				3A928C1B122714EE00DA7E43 /* MainMenu.xib */,
				3A9291171229B93C00DA7E43 /* Toolbar.xib */,
			);
			path = resources;
			sourceTree = "<group>";
		};
		3A928C211227151800DA7E43 /* Products */ = {
			isa = PBXGroup;
			children = (
				3A928C201227151800DA7E43 /* Kod.app */,
			);
			name = Products;
			sourceTree = "<group>";
		};
		3A92914F1229BD5E00DA7E43 /* Frameworks */ = {
			isa = PBXGroup;
			children = (
				3A25E47A1281A6A200B6A33E /* libboost_regex-mt.dylib */,
				3A25E47C1281A6A700B6A33E /* libsource-highlight.dylib */,
			);
			name = Frameworks;
			sourceTree = "<group>";
		};
		3A9297DF122AB49D00DA7E43 /* Products */ = {
			isa = PBXGroup;
			children = (
				3A9297E4122AB49D00DA7E43 /* ChromiumTabs.framework */,
				3A9297E6122AB49D00DA7E43 /* Chromium Tabs.app */,
			);
			name = Products;
			sourceTree = "<group>";
		};
/* End PBXGroup section */

/* Begin PBXNativeTarget section */
		3A928C1F1227151800DA7E43 /* Kod */ = {
			isa = PBXNativeTarget;
			buildConfigurationList = 3A928C261227151900DA7E43 /* Build configuration list for PBXNativeTarget "Kod" */;
			buildPhases = (
				3A928C1C1227151800DA7E43 /* Resources */,
				3A928C1D1227151800DA7E43 /* Sources */,
				3A928C1E1227151800DA7E43 /* Frameworks */,
				3A9291381229BBB600DA7E43 /* Copy Frameworks */,
			);
			buildRules = (
			);
			dependencies = (
				3A929AEC122B1A0400DA7E43 /* PBXTargetDependency */,
			);
			name = Kod;
			productName = Kod;
			productReference = 3A928C201227151800DA7E43 /* Kod.app */;
			productType = "com.apple.product-type.application";
		};
/* End PBXNativeTarget section */

/* Begin PBXProject section */
		3A928BEF1227143800DA7E43 /* Project object */ = {
			isa = PBXProject;
			buildConfigurationList = 3A928BF21227143800DA7E43 /* Build configuration list for PBXProject "kod" */;
			compatibilityVersion = "Xcode 2.4";
			developmentRegion = English;
			hasScannedForEncodings = 0;
			knownRegions = (
				English,
				Japanese,
				French,
				German,
			);
			mainGroup = 3A928BED1227143800DA7E43;
			productRefGroup = 3A928C211227151800DA7E43 /* Products */;
			projectDirPath = "";
			projectReferences = (
				{
					ProductGroup = 3A9297DF122AB49D00DA7E43 /* Products */;
					ProjectRef = 3A92916A1229BDAA00DA7E43 /* chromium-tabs.xcodeproj */;
				},
			);
			projectRoot = "";
			targets = (
				3A928C1F1227151800DA7E43 /* Kod */,
			);
		};
/* End PBXProject section */

/* Begin PBXReferenceProxy section */
		3A9297E4122AB49D00DA7E43 /* ChromiumTabs.framework */ = {
			isa = PBXReferenceProxy;
			fileType = wrapper.framework;
			path = ChromiumTabs.framework;
			remoteRef = 3A9297E3122AB49D00DA7E43 /* PBXContainerItemProxy */;
			sourceTree = BUILT_PRODUCTS_DIR;
		};
		3A9297E6122AB49D00DA7E43 /* Chromium Tabs.app */ = {
			isa = PBXReferenceProxy;
			fileType = wrapper.application;
			path = "Chromium Tabs.app";
			remoteRef = 3A9297E5122AB49D00DA7E43 /* PBXContainerItemProxy */;
			sourceTree = BUILT_PRODUCTS_DIR;
		};
/* End PBXReferenceProxy section */

/* Begin PBXResourcesBuildPhase section */
		3A928C1C1227151800DA7E43 /* Resources */ = {
			isa = PBXResourcesBuildPhase;
			buildActionMask = 2147483647;
			files = (
				3A9291DF1229BFCD00DA7E43 /* MainMenu.xib in Resources */,
				3A9291181229B93C00DA7E43 /* Toolbar.xib in Resources */,
			);
			runOnlyForDeploymentPostprocessing = 0;
		};
/* End PBXResourcesBuildPhase section */

/* Begin PBXSourcesBuildPhase section */
		3A928C1D1227151800DA7E43 /* Sources */ = {
			isa = PBXSourcesBuildPhase;
			buildActionMask = 2147483647;
			files = (
				3A9291C51229BF7500DA7E43 /* main.m in Sources */,
				3A9291C61229BFAD00DA7E43 /* KAppDelegate.mm in Sources */,
				3A9291C71229BFB000DA7E43 /* KBrowser.mm in Sources */,
				3A92911B1229B96A00DA7E43 /* KTabContents.mm in Sources */,
				3A92911E1229B9D500DA7E43 /* KToolbarController.mm in Sources */,
				3A9292991229D31200DA7E43 /* KBrowserWindowController.mm in Sources */,
				3A9293671229E49A00DA7E43 /* NSError+KAdditions.m in Sources */,
				3A9293CC1229ED4C00DA7E43 /* KDocumentController.mm in Sources */,
				3A25E479128194B400B6A33E /* SyntaxHighlighter.mm in Sources */,
			);
			runOnlyForDeploymentPostprocessing = 0;
		};
/* End PBXSourcesBuildPhase section */

/* Begin PBXTargetDependency section */
		3A929AEC122B1A0400DA7E43 /* PBXTargetDependency */ = {
			isa = PBXTargetDependency;
			name = ChromiumTabs;
			targetProxy = 3A929AEB122B1A0400DA7E43 /* PBXContainerItemProxy */;
		};
/* End PBXTargetDependency section */

/* Begin XCBuildConfiguration section */
		3A928BF01227143800DA7E43 /* Debug */ = {
			isa = XCBuildConfiguration;
			buildSettings = {
				ARCHS = "$(ARCHS_STANDARD_32_64_BIT_PRE_XCODE_3_1)";
				ARCHS_STANDARD_32_64_BIT_PRE_XCODE_3_1 = "x86_64 i386 ppc";
				COPY_PHASE_STRIP = NO;
			};
			name = Debug;
		};
		3A928BF11227143800DA7E43 /* Release */ = {
			isa = XCBuildConfiguration;
			buildSettings = {
				ARCHS = "$(ARCHS_STANDARD_32_64_BIT_PRE_XCODE_3_1)";
				ARCHS_STANDARD_32_64_BIT_PRE_XCODE_3_1 = "x86_64 i386 ppc";
				COPY_PHASE_STRIP = YES;
			};
			name = Release;
		};
		3A928C241227151800DA7E43 /* Debug */ = {
			isa = XCBuildConfiguration;
			buildSettings = {
				ALWAYS_SEARCH_USER_PATHS = NO;
				COPY_PHASE_STRIP = NO;
				FRAMEWORK_SEARCH_PATHS = (
					"$(inherited)",
					"$(FRAMEWORK_SEARCH_PATHS_QUOTED_FOR_TARGET_1)",
					"$(FRAMEWORK_SEARCH_PATHS_QUOTED_FOR_TARGET_2)",
				);
				FRAMEWORK_SEARCH_PATHS_QUOTED_FOR_TARGET_1 = "\"$(SRCROOT)\"";
				FRAMEWORK_SEARCH_PATHS_QUOTED_FOR_TARGET_2 = "\"$(SRCROOT)/../chromium-tabs/build/Debug\"";
				GCC_DYNAMIC_NO_PIC = NO;
				GCC_ENABLE_FIX_AND_CONTINUE = YES;
				GCC_MODEL_TUNING = G5;
				GCC_OPTIMIZATION_LEVEL = 0;
				GCC_PRECOMPILE_PREFIX_HEADER = YES;
				GCC_PREFIX_HEADER = src/prefix.pch;
				HEADER_SEARCH_PATHS = (
					"$(HEADER_SEARCH_PATHS_QUOTED_FOR_TARGET_1)",
					/opt/local/include,
				);
				HEADER_SEARCH_PATHS_QUOTED_FOR_TARGET_1 = "\"$(SRCROOT)/deps/srchilight/include\"";
				INFOPLIST_FILE = resources/Info.plist;
				INSTALL_PATH = "$(HOME)/Applications";
				LD_RUNPATH_SEARCH_PATHS = "@loader_path/../Frameworks";
				LIBRARY_SEARCH_PATHS = (
					"$(inherited)",
					"$(LIBRARY_SEARCH_PATHS_QUOTED_FOR_TARGET_1)",
				);
				LIBRARY_SEARCH_PATHS_QUOTED_FOR_TARGET_1 = "\"$(SRCROOT)/deps/srchilight\"";
				MACOSX_DEPLOYMENT_TARGET = 10.6;
				ONLY_ACTIVE_ARCH = YES;
				OTHER_LDFLAGS = (
					"-framework",
					Foundation,
					"-framework",
					AppKit,
				);
				PREBINDING = NO;
				PRODUCT_NAME = Kod;
				SDKROOT = "$(DEVELOPER_SDK_DIR)/MacOSX10.6.sdk";
			};
			name = Debug;
		};
		3A928C251227151800DA7E43 /* Release */ = {
			isa = XCBuildConfiguration;
			buildSettings = {
				ALWAYS_SEARCH_USER_PATHS = NO;
				COPY_PHASE_STRIP = YES;
				DEBUG_INFORMATION_FORMAT = "dwarf-with-dsym";
				FRAMEWORK_SEARCH_PATHS = (
					"$(inherited)",
					"$(FRAMEWORK_SEARCH_PATHS_QUOTED_FOR_TARGET_1)",
					"$(FRAMEWORK_SEARCH_PATHS_QUOTED_FOR_TARGET_2)",
				);
				FRAMEWORK_SEARCH_PATHS_QUOTED_FOR_TARGET_1 = "\"$(SRCROOT)\"";
				FRAMEWORK_SEARCH_PATHS_QUOTED_FOR_TARGET_2 = "\"$(SRCROOT)/../chromium-tabs/build/Debug\"";
				GCC_ENABLE_FIX_AND_CONTINUE = NO;
				GCC_MODEL_TUNING = G5;
				GCC_PRECOMPILE_PREFIX_HEADER = YES;
				GCC_PREFIX_HEADER = src/prefix.pch;
				HEADER_SEARCH_PATHS = (
					"$(HEADER_SEARCH_PATHS_QUOTED_FOR_TARGET_1)",
					/opt/local/include,
				);
				HEADER_SEARCH_PATHS_QUOTED_FOR_TARGET_1 = "\"$(SRCROOT)/deps/srchilight/include\"";
				INFOPLIST_FILE = resources/Info.plist;
				INSTALL_PATH = "$(HOME)/Applications";
				LD_RUNPATH_SEARCH_PATHS = "@loader_path/../Frameworks";
				LIBRARY_SEARCH_PATHS = (
					"$(inherited)",
					"$(LIBRARY_SEARCH_PATHS_QUOTED_FOR_TARGET_1)",
				);
				LIBRARY_SEARCH_PATHS_QUOTED_FOR_TARGET_1 = "\"$(SRCROOT)/deps/srchilight\"";
				MACOSX_DEPLOYMENT_TARGET = 10.6;
				OTHER_LDFLAGS = (
					"-framework",
					Foundation,
					"-framework",
					AppKit,
				);
				PREBINDING = NO;
				PRODUCT_NAME = Kod;
				SDKROOT = "$(DEVELOPER_SDK_DIR)/MacOSX10.6.sdk";
				ZERO_LINK = NO;
			};
			name = Release;
		};
/* End XCBuildConfiguration section */

/* Begin XCConfigurationList section */
		3A928BF21227143800DA7E43 /* Build configuration list for PBXProject "kod" */ = {
			isa = XCConfigurationList;
			buildConfigurations = (
				3A928BF01227143800DA7E43 /* Debug */,
				3A928BF11227143800DA7E43 /* Release */,
			);
			defaultConfigurationIsVisible = 0;
			defaultConfigurationName = Release;
		};
		3A928C261227151900DA7E43 /* Build configuration list for PBXNativeTarget "Kod" */ = {
			isa = XCConfigurationList;
			buildConfigurations = (
				3A928C241227151800DA7E43 /* Debug */,
				3A928C251227151800DA7E43 /* Release */,
			);
			defaultConfigurationIsVisible = 0;
			defaultConfigurationName = Release;
		};
/* End XCConfigurationList section */
	};
	rootObject = 3A928BEF1227143800DA7E43 /* Project object */;
}
