// !$*UTF8*$!
{
	archiveVersion = 1;
	classes = {
	};
	objectVersion = 46;
	objects = {

/* Begin PBXAggregateTarget section */
		3AAA9FB312BFC8890079F079 /* Distribute */ = {
			isa = PBXAggregateTarget;
			buildConfigurationList = 3AAA9FBA12BFC8B50079F079 /* Build configuration list for PBXAggregateTarget "Distribute" */;
			buildPhases = (
				3AAA9FB212BFC8890079F079 /* ShellScript */,
			);
			dependencies = (
				3AAA9FB712BFC8900079F079 /* PBXTargetDependency */,
			);
			name = Distribute;
			productName = Distribute;
		};
/* End PBXAggregateTarget section */

/* Begin PBXBuildFile section */
		3A158ADB128A09D300339E6E /* ICUMatcher.m in Sources */ = {isa = PBXBuildFile; fileRef = 3A158AD5128A09D300339E6E /* ICUMatcher.m */; };
		3A158ADC128A09D300339E6E /* ICUPattern.m in Sources */ = {isa = PBXBuildFile; fileRef = 3A158AD7128A09D300339E6E /* ICUPattern.m */; };
		3A158ADE128A09D300339E6E /* NSStringICUAdditions.m in Sources */ = {isa = PBXBuildFile; fileRef = 3A158ADA128A09D300339E6E /* NSStringICUAdditions.m */; };
		3A158AFF128A0A3700339E6E /* libicucore.dylib in Frameworks */ = {isa = PBXBuildFile; fileRef = 3A158AFE128A0A3700339E6E /* libicucore.dylib */; };
		3A158DF4128A282F00339E6E /* style in Resources */ = {isa = PBXBuildFile; fileRef = 3A158DF1128A282F00339E6E /* style */; };
		3A158E4C128A296100339E6E /* lang in Resources */ = {isa = PBXBuildFile; fileRef = 3A158DF5128A296000339E6E /* lang */; };
		3A159312128B581E00339E6E /* NSString-ranges.m in Sources */ = {isa = PBXBuildFile; fileRef = 3A159311128B581E00339E6E /* NSString-ranges.m */; };
		3A15936B128B619800339E6E /* NSString-intern.m in Sources */ = {isa = PBXBuildFile; fileRef = 3A15936A128B619800339E6E /* NSString-intern.m */; };
		3A15949F128B83F100339E6E /* NSString-cpp.mm in Sources */ = {isa = PBXBuildFile; fileRef = 3A15949E128B83F100339E6E /* NSString-cpp.mm */; };
		3A159629128C3BCB00339E6E /* KSourceHighlighter.mm in Sources */ = {isa = PBXBuildFile; fileRef = 3A159628128C3BCB00339E6E /* KSourceHighlighter.mm */; };
		3A159685128C432800339E6E /* KStyle.mm in Sources */ = {isa = PBXBuildFile; fileRef = 3A159684128C432800339E6E /* KStyle.mm */; };
		3A25E47B1281A6A200B6A33E /* libboost_regex-mt.dylib in Frameworks */ = {isa = PBXBuildFile; fileRef = 3A25E47A1281A6A200B6A33E /* libboost_regex-mt.dylib */; };
		3A25E47D1281A6A700B6A33E /* libsource-highlight.dylib in Frameworks */ = {isa = PBXBuildFile; fileRef = 3A25E47C1281A6A700B6A33E /* libsource-highlight.dylib */; };
		3A25E4971281A9D300B6A33E /* libsource-highlight.dylib in Copy Frameworks */ = {isa = PBXBuildFile; fileRef = 3A25E47C1281A6A700B6A33E /* libsource-highlight.dylib */; };
		3A25E4981281A9D500B6A33E /* libboost_regex-mt.dylib in Copy Frameworks */ = {isa = PBXBuildFile; fileRef = 3A25E47A1281A6A200B6A33E /* libboost_regex-mt.dylib */; };
		3A25E4B71281AE3700B6A33E /* KStyleElement.mm in Sources */ = {isa = PBXBuildFile; fileRef = 3A25E4B61281AE3700B6A33E /* KStyleElement.mm */; };
		3A25E6101281CFEF00B6A33E /* NSColor-web.m in Sources */ = {isa = PBXBuildFile; fileRef = 3A25E60F1281CFEF00B6A33E /* NSColor-web.m */; };
		3A40F8C612AFE5F7007B5879 /* KNodeProcess.m in Sources */ = {isa = PBXBuildFile; fileRef = 3A40F8C512AFE5F7007B5879 /* KNodeProcess.m */; };
		3A40F92F12AFF21A007B5879 /* main.js in Resources */ = {isa = PBXBuildFile; fileRef = 3A40F92E12AFF21A007B5879 /* main.js */; };
		3A40FA6612B02FD0007B5879 /* NSObject+SBJSON.m in Sources */ = {isa = PBXBuildFile; fileRef = 3A40FA5D12B02FD0007B5879 /* NSObject+SBJSON.m */; };
		3A40FA6712B02FD0007B5879 /* NSString+SBJSON.m in Sources */ = {isa = PBXBuildFile; fileRef = 3A40FA5F12B02FD0007B5879 /* NSString+SBJSON.m */; };
		3A40FA6912B02FD0007B5879 /* SBJsonParser.m in Sources */ = {isa = PBXBuildFile; fileRef = 3A40FA6312B02FD0007B5879 /* SBJsonParser.m */; };
		3A40FA6A12B02FD0007B5879 /* SBJsonWriter.m in Sources */ = {isa = PBXBuildFile; fileRef = 3A40FA6512B02FD0007B5879 /* SBJsonWriter.m */; };
		3A4CB3E112B1872300B45858 /* NSString-data.m in Sources */ = {isa = PBXBuildFile; fileRef = 3A4CB3E012B1872300B45858 /* NSString-data.m */; };
		3A4CB3FD12B1897B00B45858 /* SBJsonStreamWriter.m in Sources */ = {isa = PBXBuildFile; fileRef = 3A4CB3FB12B1897B00B45858 /* SBJsonStreamWriter.m */; };
		3A4D50ED1282E40300B06EEB /* NSString-utf8-range-conv.m in Sources */ = {isa = PBXBuildFile; fileRef = 3A4D50EC1282E40300B06EEB /* NSString-utf8-range-conv.m */; };
		3A62B9E6129D652700822274 /* KTextFieldDecoration.mm in Sources */ = {isa = PBXBuildFile; fileRef = 3A62B9E5129D652700822274 /* KTextFieldDecoration.mm */; };
		3A62BA01129D686F00822274 /* KAutocompleteTextField.mm in Sources */ = {isa = PBXBuildFile; fileRef = 3A62BA00129D686F00822274 /* KAutocompleteTextField.mm */; };
		3A62BA49129D756100822274 /* KAutocompleteTextFieldEditor.mm in Sources */ = {isa = PBXBuildFile; fileRef = 3A62BA48129D756100822274 /* KAutocompleteTextFieldEditor.mm */; };
		3A62BAA5129D84F900822274 /* NSMutableArray-kod.m in Sources */ = {isa = PBXBuildFile; fileRef = 3A62BAA4129D84F900822274 /* NSMutableArray-kod.m */; };
		3A62BB4E129D9E9D00822274 /* KLocationBarController.mm in Sources */ = {isa = PBXBuildFile; fileRef = 3A62BB4D129D9E9D00822274 /* KLocationBarController.mm */; };
		3A6D468A12947AF700DBA2A3 /* HUnorderedMap.cc in Sources */ = {isa = PBXBuildFile; fileRef = 3A6D468912947AF700DBA2A3 /* HUnorderedMap.cc */; };
		3A6D4A3B1295781D00DBA2A3 /* KLangManager.mm in Sources */ = {isa = PBXBuildFile; fileRef = 3A6D4A3A1295781D00DBA2A3 /* KLangManager.mm */; };
		3A6D4B05129591F300DBA2A3 /* kexceptions.m in Sources */ = {isa = PBXBuildFile; fileRef = 3A6D4B04129591F300DBA2A3 /* kexceptions.m */; };
		3A6D4B681295A85400DBA2A3 /* KLangMap.mm in Sources */ = {isa = PBXBuildFile; fileRef = 3A6D4B671295A85400DBA2A3 /* KLangMap.mm */; };
		3A6D4D6B1295F0BA00DBA2A3 /* NSCharacterSet-kod.m in Sources */ = {isa = PBXBuildFile; fileRef = 3A6D4D6A1295F0BA00DBA2A3 /* NSCharacterSet-kod.m */; };
		3A74A4D3129FF6E000BB5503 /* HUTF8MappedUTF16String.mm in Sources */ = {isa = PBXBuildFile; fileRef = 3A74A4D2129FF6E000BB5503 /* HUTF8MappedUTF16String.mm */; };
		3A78955D12B043B400D08FD5 /* hdispatch.m in Sources */ = {isa = PBXBuildFile; fileRef = 3A78955C12B043B400D08FD5 /* hdispatch.m */; };
		3A7E71131286EAE800D85E4C /* BrowserWindow.xib in Resources */ = {isa = PBXBuildFile; fileRef = 3A7E71121286EAE800D85E4C /* BrowserWindow.xib */; };
		3A7E71801286F44D00D85E4C /* KFileOutlineView.mm in Sources */ = {isa = PBXBuildFile; fileRef = 3A7E717F1286F44D00D85E4C /* KFileOutlineView.mm */; };
		3A7E71831286F54A00D85E4C /* KFileTextFieldCell.mm in Sources */ = {isa = PBXBuildFile; fileRef = 3A7E71821286F54A00D85E4C /* KFileTextFieldCell.mm */; };
		3A7E71901286F71100D85E4C /* KFileTreeNodeData.mm in Sources */ = {isa = PBXBuildFile; fileRef = 3A7E718F1286F71100D85E4C /* KFileTreeNodeData.mm */; };
		3A7E723B1287024100D85E4C /* KFileTreeController.mm in Sources */ = {isa = PBXBuildFile; fileRef = 3A7E723A1287024100D85E4C /* KFileTreeController.mm */; };
		3A7E74A712873A7100D85E4C /* KScroller.m in Sources */ = {isa = PBXBuildFile; fileRef = 3A7E74A612873A7100D85E4C /* KScroller.m */; };
		3A7E751F1287403100D85E4C /* KScrollView.m in Sources */ = {isa = PBXBuildFile; fileRef = 3A7E751E1287403100D85E4C /* KScrollView.m */; };
		3A811A6E12AE7DE600BC08AE /* HDProcess.m in Sources */ = {isa = PBXBuildFile; fileRef = 3A811A6312AE7DE600BC08AE /* HDProcess.m */; };
		3A811A6F12AE7DE600BC08AE /* HDSemaphore.m in Sources */ = {isa = PBXBuildFile; fileRef = 3A811A6512AE7DE600BC08AE /* HDSemaphore.m */; };
		3A811A7012AE7DE600BC08AE /* HDStream.m in Sources */ = {isa = PBXBuildFile; fileRef = 3A811A6712AE7DE600BC08AE /* HDStream.m */; };
		3A811A7112AE7DE600BC08AE /* HEventEmitter.m in Sources */ = {isa = PBXBuildFile; fileRef = 3A811A6912AE7DE600BC08AE /* HEventEmitter.m */; };
		3A811A7212AE7DE600BC08AE /* HRefcountLogger.m in Sources */ = {isa = PBXBuildFile; fileRef = 3A811A6B12AE7DE600BC08AE /* HRefcountLogger.m */; };
		3A811A7312AE7DE600BC08AE /* NSThread-condensedStackTrace.m in Sources */ = {isa = PBXBuildFile; fileRef = 3A811A6D12AE7DE600BC08AE /* NSThread-condensedStackTrace.m */; };
		3A811A7D12AE813800BC08AE /* KModeTextFieldDecoration.mm in Sources */ = {isa = PBXBuildFile; fileRef = 3A811A7C12AE813800BC08AE /* KModeTextFieldDecoration.mm */; };
		3A841180129D5CAE00F4A36D /* KTextField.mm in Sources */ = {isa = PBXBuildFile; fileRef = 3A84117F129D5CAE00F4A36D /* KTextField.mm */; };
		3A841183129D5D5C00F4A36D /* KTextFieldCell.mm in Sources */ = {isa = PBXBuildFile; fileRef = 3A841182129D5D5C00F4A36D /* KTextFieldCell.mm */; };
		3A8411C2129D615800F4A36D /* KAutocompleteTextFieldCell.mm in Sources */ = {isa = PBXBuildFile; fileRef = 3A8411C1129D615800F4A36D /* KAutocompleteTextFieldCell.mm */; };
		3A9291181229B93C00DA7E43 /* Toolbar.xib in Resources */ = {isa = PBXBuildFile; fileRef = 3A9291171229B93C00DA7E43 /* Toolbar.xib */; };
		3A92911B1229B96A00DA7E43 /* KTabContents.mm in Sources */ = {isa = PBXBuildFile; fileRef = 3A92911A1229B96A00DA7E43 /* KTabContents.mm */; };
		3A92911E1229B9D500DA7E43 /* KToolbarController.mm in Sources */ = {isa = PBXBuildFile; fileRef = 3A92911D1229B9D500DA7E43 /* KToolbarController.mm */; };
		3A9291C51229BF7500DA7E43 /* main.m in Sources */ = {isa = PBXBuildFile; fileRef = 3A928C16122714E800DA7E43 /* main.m */; };
		3A9291C61229BFAD00DA7E43 /* KAppDelegate.mm in Sources */ = {isa = PBXBuildFile; fileRef = 3A928C15122714E800DA7E43 /* KAppDelegate.mm */; };
		3A9291C71229BFB000DA7E43 /* KBrowser.mm in Sources */ = {isa = PBXBuildFile; fileRef = 3A928C18122714E800DA7E43 /* KBrowser.mm */; };
		3A9291DF1229BFCD00DA7E43 /* MainMenu.xib in Resources */ = {isa = PBXBuildFile; fileRef = 3A928C1B122714EE00DA7E43 /* MainMenu.xib */; };
		3A9292991229D31200DA7E43 /* KBrowserWindowController.mm in Sources */ = {isa = PBXBuildFile; fileRef = 3A9292981229D31200DA7E43 /* KBrowserWindowController.mm */; };
		3A9293671229E49A00DA7E43 /* NSError+KAdditions.m in Sources */ = {isa = PBXBuildFile; fileRef = 3A9293661229E49A00DA7E43 /* NSError+KAdditions.m */; };
		3A9293CC1229ED4C00DA7E43 /* KDocumentController.mm in Sources */ = {isa = PBXBuildFile; fileRef = 3A9293CB1229ED4C00DA7E43 /* KDocumentController.mm */; };
		3A929886122AC38F00DA7E43 /* ChromiumTabs.framework in Frameworks */ = {isa = PBXBuildFile; fileRef = 3A9297E4122AB49D00DA7E43 /* ChromiumTabs.framework */; };
		3A929887122AC39100DA7E43 /* ChromiumTabs.framework in Copy Frameworks */ = {isa = PBXBuildFile; fileRef = 3A9297E4122AB49D00DA7E43 /* ChromiumTabs.framework */; };
		3A93A8401299E14300185857 /* NSURL-blocks.m in Sources */ = {isa = PBXBuildFile; fileRef = 3A93A83F1299E14300185857 /* NSURL-blocks.m */; };
		3AAA9F4212BFB7B50079F079 /* Sparkle.framework in Frameworks */ = {isa = PBXBuildFile; fileRef = 3AAA9F4112BFB7B50079F079 /* Sparkle.framework */; };
		3AAA9F6612BFBB010079F079 /* dsa_pub.pem in Resources */ = {isa = PBXBuildFile; fileRef = 3AAA9F6512BFBB010079F079 /* dsa_pub.pem */; };
		3AAA9F7712BFC0440079F079 /* Sparkle.framework in Copy Frameworks */ = {isa = PBXBuildFile; fileRef = 3AAA9F4112BFB7B50079F079 /* Sparkle.framework */; };
		3AAAA13412C00E6D0079F079 /* Breakpad.framework in Frameworks */ = {isa = PBXBuildFile; fileRef = 3AAAA13312C00E6D0079F079 /* Breakpad.framework */; };
		3AAAA13912C00E750079F079 /* Breakpad.framework in Copy Frameworks */ = {isa = PBXBuildFile; fileRef = 3AAAA13312C00E6D0079F079 /* Breakpad.framework */; };
		3AAC02B812BD1110001BDC39 /* kconf.m in Sources */ = {isa = PBXBuildFile; fileRef = 3AAC02B712BD1110001BDC39 /* kconf.m */; };
		3AAC03F012BD2FC2001BDC39 /* sidebar-closed.png in Resources */ = {isa = PBXBuildFile; fileRef = 3AAC03EE12BD2FC2001BDC39 /* sidebar-closed.png */; };
		3AAC03F112BD2FC2001BDC39 /* sidebar-open.png in Resources */ = {isa = PBXBuildFile; fileRef = 3AAC03EF12BD2FC2001BDC39 /* sidebar-open.png */; };
		3AB97BD612B2836800F4ADB2 /* KStatusBarView.m in Sources */ = {isa = PBXBuildFile; fileRef = 3AB97BD512B2836800F4ADB2 /* KStatusBarView.m */; };
		3AB97C3612B2893C00F4ADB2 /* KStatusBarController.mm in Sources */ = {isa = PBXBuildFile; fileRef = 3AB97C3512B2893C00F4ADB2 /* KStatusBarController.mm */; };
		3AB97D4512B2990500F4ADB2 /* BWSplitView.m in Sources */ = {isa = PBXBuildFile; fileRef = 3AB97D4412B2990500F4ADB2 /* BWSplitView.m */; };
		3AB97D4C12B2993200F4ADB2 /* NSColor+BWAdditions.m in Sources */ = {isa = PBXBuildFile; fileRef = 3AB97D4B12B2993200F4ADB2 /* NSColor+BWAdditions.m */; };
		3AB97D4F12B2993C00F4ADB2 /* NSEvent+BWAdditions.m in Sources */ = {isa = PBXBuildFile; fileRef = 3AB97D4E12B2993C00F4ADB2 /* NSEvent+BWAdditions.m */; };
		3AB97D5412B2998C00F4ADB2 /* BWAnchoredButton.m in Sources */ = {isa = PBXBuildFile; fileRef = 3AB97D5112B2998C00F4ADB2 /* BWAnchoredButton.m */; };
		3AB97D5512B2998C00F4ADB2 /* BWAnchoredButtonBar.m in Sources */ = {isa = PBXBuildFile; fileRef = 3AB97D5312B2998C00F4ADB2 /* BWAnchoredButtonBar.m */; };
		3AB97D5D12B2999B00F4ADB2 /* NSView+BWAdditions.m in Sources */ = {isa = PBXBuildFile; fileRef = 3AB97D5C12B2999B00F4ADB2 /* NSView+BWAdditions.m */; };
		3AB97DA612B2A00F00F4ADB2 /* BWCustomView.m in Sources */ = {isa = PBXBuildFile; fileRef = 3AB97DA512B2A00F00F4ADB2 /* BWCustomView.m */; };
		3AB97DAC12B2A02300F4ADB2 /* NSApplication+BWAdditions.m in Sources */ = {isa = PBXBuildFile; fileRef = 3AB97DA812B2A02300F4ADB2 /* NSApplication+BWAdditions.m */; };
		3AB97DAD12B2A02300F4ADB2 /* NSWindow+BWAdditions.m in Sources */ = {isa = PBXBuildFile; fileRef = 3AB97DAB12B2A02300F4ADB2 /* NSWindow+BWAdditions.m */; };
		3ABF49C012A450660020233C /* NSView-kod.mm in Sources */ = {isa = PBXBuildFile; fileRef = 3ABF49BF12A450660020233C /* NSView-kod.mm */; };
		3ABF4C6D12A48E7D0020233C /* NSData-kod.mm in Sources */ = {isa = PBXBuildFile; fileRef = 3ABF4C6C12A48E7D0020233C /* NSData-kod.mm */; };
		3ABF4F3E12A55AFC0020233C /* NSString-editdistance.m in Sources */ = {isa = PBXBuildFile; fileRef = 3ABF4F3D12A55AFC0020233C /* NSString-editdistance.m */; };
		3ABF537A12A5D0D80020233C /* FScript.framework in Frameworks */ = {isa = PBXBuildFile; fileRef = 3ABF537912A5D0D80020233C /* FScript.framework */; };
		3ABF539612A5D52F0020233C /* KSplitView.m in Sources */ = {isa = PBXBuildFile; fileRef = 3ABF539512A5D52F0020233C /* KSplitView.m */; };
		3ABF541012A5DB1D0020233C /* KTextView.m in Sources */ = {isa = PBXBuildFile; fileRef = 3ABF540F12A5DB1D0020233C /* KTextView.m */; };
		3ABF541F12A5DC6F0020233C /* KClipView.m in Sources */ = {isa = PBXBuildFile; fileRef = 3ABF541E12A5DC6F0020233C /* KClipView.m */; };
		3AC2D3FD1298C40A0066B586 /* KSourceHighlightState.mm in Sources */ = {isa = PBXBuildFile; fileRef = 3AC2D3FC1298C40A0066B586 /* KSourceHighlightState.mm */; };
		3AC2D4A71298D8050066B586 /* KTextStorage.mm in Sources */ = {isa = PBXBuildFile; fileRef = 3AC2D4A61298D8050066B586 /* KTextStorage.mm */; };
		3AC2D74012998D590066B586 /* CSS.framework in Frameworks */ = {isa = PBXBuildFile; fileRef = 3AE5EB871292DB5C00B17C4F /* CSS.framework */; };
		3AC4FADC1296D049004CDCFD /* KLangMapLinePattern.mm in Sources */ = {isa = PBXBuildFile; fileRef = 3AC4FADB1296D049004CDCFD /* KLangMapLinePattern.mm */; };
		3AE5E5171290955000B17C4F /* kod.icns in Resources */ = {isa = PBXBuildFile; fileRef = 3AE5E5161290955000B17C4F /* kod.icns */; };
		3AE5E9A3129180CB00B17C4F /* CSS.framework in Copy Frameworks */ = {isa = PBXBuildFile; fileRef = 3AE5E8B312915ABA00B17C4F /* CSS.framework */; };
		3AE5ECB61292F7B800B17C4F /* KThread.mm in Sources */ = {isa = PBXBuildFile; fileRef = 3AE5ECB51292F7B800B17C4F /* KThread.mm */; };
		3AEC6C8F12BC12FB00F769DB /* KLineNumberMarker.m in Sources */ = {isa = PBXBuildFile; fileRef = 3AEC6C8C12BC12FB00F769DB /* KLineNumberMarker.m */; };
		3AEC6C9012BC12FB00F769DB /* KMetaRulerView.mm in Sources */ = {isa = PBXBuildFile; fileRef = 3AEC6C8E12BC12FB00F769DB /* KMetaRulerView.mm */; };
		3AF14C42128D792F00623011 /* KLangRegexRuleFactory.mm in Sources */ = {isa = PBXBuildFile; fileRef = 3AF14C41128D792F00623011 /* KLangRegexRuleFactory.mm */; };
		3AF14D20128D928A00623011 /* KLangSymbol.mm in Sources */ = {isa = PBXBuildFile; fileRef = 3AF14D1F128D928A00623011 /* KLangSymbol.mm */; };
		3AF39D1C12BE8C2400FC534A /* shared-dispatch-queues.c in Sources */ = {isa = PBXBuildFile; fileRef = 3AF39D1B12BE8C2400FC534A /* shared-dispatch-queues.c */; };
		3AF39DB212BE9C8A00FC534A /* KPopUp.m in Sources */ = {isa = PBXBuildFile; fileRef = 3AF39DB112BE9C8A00FC534A /* KPopUp.m */; };
		3AF39DE212BEC15E00FC534A /* KPopUpContentView.m in Sources */ = {isa = PBXBuildFile; fileRef = 3AF39DE112BEC15E00FC534A /* KPopUpContentView.m */; };
		3AF3A0A512BF7F6400FC534A /* KAnimation.m in Sources */ = {isa = PBXBuildFile; fileRef = 3AF3A0A412BF7F6400FC534A /* KAnimation.m */; };
/* End PBXBuildFile section */

/* Begin PBXContainerItemProxy section */
		3A9297E3122AB49D00DA7E43 /* PBXContainerItemProxy */ = {
			isa = PBXContainerItemProxy;
			containerPortal = 3A92916A1229BDAA00DA7E43 /* chromium-tabs.xcodeproj */;
			proxyType = 2;
			remoteGlobalIDString = 3A3ED9831225E27E009E2908;
			remoteInfo = ChromiumTabs;
		};
		3A9297E5122AB49D00DA7E43 /* PBXContainerItemProxy */ = {
			isa = PBXContainerItemProxy;
			containerPortal = 3A92916A1229BDAA00DA7E43 /* chromium-tabs.xcodeproj */;
			proxyType = 2;
			remoteGlobalIDString = 8D1107320486CEB800E47090;
			remoteInfo = "Chromium Tabs";
		};
		3A929AEB122B1A0400DA7E43 /* PBXContainerItemProxy */ = {
			isa = PBXContainerItemProxy;
			containerPortal = 3A92916A1229BDAA00DA7E43 /* chromium-tabs.xcodeproj */;
			proxyType = 1;
			remoteGlobalIDString = 3A3ED9821225E27E009E2908;
			remoteInfo = ChromiumTabs;
		};
		3AAA9FB612BFC8900079F079 /* PBXContainerItemProxy */ = {
			isa = PBXContainerItemProxy;
			containerPortal = 3A928BEF1227143800DA7E43 /* Project object */;
			proxyType = 1;
			remoteGlobalIDString = 3A928C1F1227151800DA7E43 /* Kod */;
			remoteInfo = Kod;
		};
		3AE5E8B212915ABA00B17C4F /* PBXContainerItemProxy */ = {
			isa = PBXContainerItemProxy;
			containerPortal = 3AE5E8A912915ABA00B17C4F /* CSS.xcodeproj */;
			proxyType = 2;
			remoteGlobalIDString = 8DC2EF5B0486A6940098B216;
			remoteInfo = CSS;
		};
		3AE5E8B412915ABA00B17C4F /* PBXContainerItemProxy */ = {
			isa = PBXContainerItemProxy;
			containerPortal = 3AE5E8A912915ABA00B17C4F /* CSS.xcodeproj */;
			proxyType = 2;
			remoteGlobalIDString = 3AF14EFB128E083800623011;
			remoteInfo = "CSS Example";
		};
		3AE5E8B612915AC600B17C4F /* PBXContainerItemProxy */ = {
			isa = PBXContainerItemProxy;
			containerPortal = 3AE5E8A912915ABA00B17C4F /* CSS.xcodeproj */;
			proxyType = 1;
			remoteGlobalIDString = 8DC2EF4F0486A6940098B216;
			remoteInfo = CSS;
		};
/* End PBXContainerItemProxy section */

/* Begin PBXCopyFilesBuildPhase section */
		3A40F8DA12AFEB89007B5879 /* Copy Support Files */ = {
			isa = PBXCopyFilesBuildPhase;
			buildActionMask = 2147483647;
			dstPath = "";
			dstSubfolderSpec = 12;
			files = (
			);
			name = "Copy Support Files";
			runOnlyForDeploymentPostprocessing = 0;
		};
		3A9291381229BBB600DA7E43 /* Copy Frameworks */ = {
			isa = PBXCopyFilesBuildPhase;
			buildActionMask = 2147483647;
			dstPath = "";
			dstSubfolderSpec = 10;
			files = (
				3AAAA13912C00E750079F079 /* Breakpad.framework in Copy Frameworks */,
				3AAA9F7712BFC0440079F079 /* Sparkle.framework in Copy Frameworks */,
				3A929887122AC39100DA7E43 /* ChromiumTabs.framework in Copy Frameworks */,
				3AE5E9A3129180CB00B17C4F /* CSS.framework in Copy Frameworks */,
				3A25E4981281A9D500B6A33E /* libboost_regex-mt.dylib in Copy Frameworks */,
				3A25E4971281A9D300B6A33E /* libsource-highlight.dylib in Copy Frameworks */,
			);
			name = "Copy Frameworks";
			runOnlyForDeploymentPostprocessing = 0;
		};
/* End PBXCopyFilesBuildPhase section */

/* Begin PBXFileReference section */
		3A158AD4128A09D300339E6E /* ICUMatcher.h */ = {isa = PBXFileReference; fileEncoding = 4; lastKnownFileType = sourcecode.c.h; path = ICUMatcher.h; sourceTree = "<group>"; };
		3A158AD5128A09D300339E6E /* ICUMatcher.m */ = {isa = PBXFileReference; fileEncoding = 4; lastKnownFileType = sourcecode.c.objc; path = ICUMatcher.m; sourceTree = "<group>"; };
		3A158AD6128A09D300339E6E /* ICUPattern.h */ = {isa = PBXFileReference; fileEncoding = 4; lastKnownFileType = sourcecode.c.h; path = ICUPattern.h; sourceTree = "<group>"; };
		3A158AD7128A09D300339E6E /* ICUPattern.m */ = {isa = PBXFileReference; fileEncoding = 4; lastKnownFileType = sourcecode.c.objc; path = ICUPattern.m; sourceTree = "<group>"; };
		3A158AD9128A09D300339E6E /* NSStringICUAdditions.h */ = {isa = PBXFileReference; fileEncoding = 4; lastKnownFileType = sourcecode.c.h; path = NSStringICUAdditions.h; sourceTree = "<group>"; };
		3A158ADA128A09D300339E6E /* NSStringICUAdditions.m */ = {isa = PBXFileReference; fileEncoding = 4; lastKnownFileType = sourcecode.c.objc; path = NSStringICUAdditions.m; sourceTree = "<group>"; };
		3A158AFE128A0A3700339E6E /* libicucore.dylib */ = {isa = PBXFileReference; lastKnownFileType = "compiled.mach-o.dylib"; name = libicucore.dylib; path = usr/lib/libicucore.dylib; sourceTree = SDKROOT; };
		3A158DF1128A282F00339E6E /* style */ = {isa = PBXFileReference; lastKnownFileType = folder; path = style; sourceTree = "<group>"; };
		3A158DF5128A296000339E6E /* lang */ = {isa = PBXFileReference; lastKnownFileType = folder; path = lang; sourceTree = "<group>"; };
		3A159310128B581E00339E6E /* NSString-ranges.h */ = {isa = PBXFileReference; fileEncoding = 4; lastKnownFileType = sourcecode.c.h; path = "NSString-ranges.h"; sourceTree = "<group>"; };
		3A159311128B581E00339E6E /* NSString-ranges.m */ = {isa = PBXFileReference; fileEncoding = 4; lastKnownFileType = sourcecode.c.objc; path = "NSString-ranges.m"; sourceTree = "<group>"; };
		3A159369128B619800339E6E /* NSString-intern.h */ = {isa = PBXFileReference; fileEncoding = 4; lastKnownFileType = sourcecode.c.h; path = "NSString-intern.h"; sourceTree = "<group>"; };
		3A15936A128B619800339E6E /* NSString-intern.m */ = {isa = PBXFileReference; fileEncoding = 4; lastKnownFileType = sourcecode.c.objc; path = "NSString-intern.m"; sourceTree = "<group>"; };
		3A159448128B7B9500339E6E /* common.h */ = {isa = PBXFileReference; fileEncoding = 4; lastKnownFileType = sourcecode.c.h; path = common.h; sourceTree = "<group>"; };
		3A15949D128B83F100339E6E /* NSString-cpp.h */ = {isa = PBXFileReference; fileEncoding = 4; lastKnownFileType = sourcecode.c.h; path = "NSString-cpp.h"; sourceTree = "<group>"; };
		3A15949E128B83F100339E6E /* NSString-cpp.mm */ = {isa = PBXFileReference; fileEncoding = 4; lastKnownFileType = sourcecode.cpp.objcpp; path = "NSString-cpp.mm"; sourceTree = "<group>"; };
		3A159627128C3BCB00339E6E /* KSourceHighlighter.h */ = {isa = PBXFileReference; fileEncoding = 4; lastKnownFileType = sourcecode.c.h; path = KSourceHighlighter.h; sourceTree = "<group>"; };
		3A159628128C3BCB00339E6E /* KSourceHighlighter.mm */ = {isa = PBXFileReference; fileEncoding = 4; lastKnownFileType = sourcecode.cpp.objcpp; path = KSourceHighlighter.mm; sourceTree = "<group>"; };
		3A159683128C432800339E6E /* KStyle.h */ = {isa = PBXFileReference; fileEncoding = 4; lastKnownFileType = sourcecode.c.h; path = KStyle.h; sourceTree = "<group>"; };
		3A159684128C432800339E6E /* KStyle.mm */ = {isa = PBXFileReference; fileEncoding = 4; lastKnownFileType = sourcecode.cpp.objcpp; path = KStyle.mm; sourceTree = "<group>"; };
		3A15968A128C501C00339E6E /* HSemaphore.h */ = {isa = PBXFileReference; fileEncoding = 4; lastKnownFileType = sourcecode.c.h; path = HSemaphore.h; sourceTree = "<group>"; };
		3A1596E5128C607700339E6E /* hobjc.h */ = {isa = PBXFileReference; fileEncoding = 4; lastKnownFileType = sourcecode.c.h; path = hobjc.h; sourceTree = "<group>"; };
		3A25E47A1281A6A200B6A33E /* libboost_regex-mt.dylib */ = {isa = PBXFileReference; lastKnownFileType = "compiled.mach-o.dylib"; name = "libboost_regex-mt.dylib"; path = "deps/srchilight/libboost_regex-mt.dylib"; sourceTree = "<group>"; };
		3A25E47C1281A6A700B6A33E /* libsource-highlight.dylib */ = {isa = PBXFileReference; lastKnownFileType = "compiled.mach-o.dylib"; name = "libsource-highlight.dylib"; path = "deps/srchilight/libsource-highlight.dylib"; sourceTree = "<group>"; };
		3A25E4B51281AE3700B6A33E /* KStyleElement.h */ = {isa = PBXFileReference; fileEncoding = 4; lastKnownFileType = sourcecode.c.h; path = KStyleElement.h; sourceTree = "<group>"; };
		3A25E4B61281AE3700B6A33E /* KStyleElement.mm */ = {isa = PBXFileReference; fileEncoding = 4; lastKnownFileType = sourcecode.cpp.objcpp; path = KStyleElement.mm; sourceTree = "<group>"; };
		3A25E60E1281CFEF00B6A33E /* NSColor-web.h */ = {isa = PBXFileReference; fileEncoding = 4; lastKnownFileType = sourcecode.c.h; path = "NSColor-web.h"; sourceTree = "<group>"; };
		3A25E60F1281CFEF00B6A33E /* NSColor-web.m */ = {isa = PBXFileReference; fileEncoding = 4; lastKnownFileType = sourcecode.c.objc; path = "NSColor-web.m"; sourceTree = "<group>"; };
		3A40F8C412AFE5F7007B5879 /* KNodeProcess.h */ = {isa = PBXFileReference; fileEncoding = 4; lastKnownFileType = sourcecode.c.h; path = KNodeProcess.h; sourceTree = "<group>"; };
		3A40F8C512AFE5F7007B5879 /* KNodeProcess.m */ = {isa = PBXFileReference; fileEncoding = 4; lastKnownFileType = sourcecode.c.objc; path = KNodeProcess.m; sourceTree = "<group>"; };
		3A40F92E12AFF21A007B5879 /* main.js */ = {isa = PBXFileReference; fileEncoding = 4; lastKnownFileType = sourcecode.javascript; path = main.js; sourceTree = "<group>"; };
		3A40FA5B12B02FD0007B5879 /* JSON.h */ = {isa = PBXFileReference; fileEncoding = 4; lastKnownFileType = sourcecode.c.h; path = JSON.h; sourceTree = "<group>"; };
		3A40FA5C12B02FD0007B5879 /* NSObject+SBJSON.h */ = {isa = PBXFileReference; fileEncoding = 4; lastKnownFileType = sourcecode.c.h; path = "NSObject+SBJSON.h"; sourceTree = "<group>"; };
		3A40FA5D12B02FD0007B5879 /* NSObject+SBJSON.m */ = {isa = PBXFileReference; fileEncoding = 4; lastKnownFileType = sourcecode.c.objc; path = "NSObject+SBJSON.m"; sourceTree = "<group>"; };
		3A40FA5E12B02FD0007B5879 /* NSString+SBJSON.h */ = {isa = PBXFileReference; fileEncoding = 4; lastKnownFileType = sourcecode.c.h; path = "NSString+SBJSON.h"; sourceTree = "<group>"; };
		3A40FA5F12B02FD0007B5879 /* NSString+SBJSON.m */ = {isa = PBXFileReference; fileEncoding = 4; lastKnownFileType = sourcecode.c.objc; path = "NSString+SBJSON.m"; sourceTree = "<group>"; };
		3A40FA6212B02FD0007B5879 /* SBJsonParser.h */ = {isa = PBXFileReference; fileEncoding = 4; lastKnownFileType = sourcecode.c.h; path = SBJsonParser.h; sourceTree = "<group>"; };
		3A40FA6312B02FD0007B5879 /* SBJsonParser.m */ = {isa = PBXFileReference; fileEncoding = 4; lastKnownFileType = sourcecode.c.objc; path = SBJsonParser.m; sourceTree = "<group>"; };
		3A40FA6412B02FD0007B5879 /* SBJsonWriter.h */ = {isa = PBXFileReference; fileEncoding = 4; lastKnownFileType = sourcecode.c.h; path = SBJsonWriter.h; sourceTree = "<group>"; };
		3A40FA6512B02FD0007B5879 /* SBJsonWriter.m */ = {isa = PBXFileReference; fileEncoding = 4; lastKnownFileType = sourcecode.c.objc; path = SBJsonWriter.m; sourceTree = "<group>"; };
		3A4CB3DF12B1872300B45858 /* NSString-data.h */ = {isa = PBXFileReference; fileEncoding = 4; lastKnownFileType = sourcecode.c.h; path = "NSString-data.h"; sourceTree = "<group>"; };
		3A4CB3E012B1872300B45858 /* NSString-data.m */ = {isa = PBXFileReference; fileEncoding = 4; lastKnownFileType = sourcecode.c.objc; path = "NSString-data.m"; sourceTree = "<group>"; };
		3A4CB3FA12B1897B00B45858 /* SBJsonStreamWriter.h */ = {isa = PBXFileReference; fileEncoding = 4; lastKnownFileType = sourcecode.c.h; path = SBJsonStreamWriter.h; sourceTree = "<group>"; };
		3A4CB3FB12B1897B00B45858 /* SBJsonStreamWriter.m */ = {isa = PBXFileReference; fileEncoding = 4; lastKnownFileType = sourcecode.c.objc; path = SBJsonStreamWriter.m; sourceTree = "<group>"; };
		3A4CB3FC12B1897B00B45858 /* SBProxyForJson.h */ = {isa = PBXFileReference; fileEncoding = 4; lastKnownFileType = sourcecode.c.h; path = SBProxyForJson.h; sourceTree = "<group>"; };
		3A4D50EB1282E40300B06EEB /* NSString-utf8-range-conv.h */ = {isa = PBXFileReference; fileEncoding = 4; lastKnownFileType = sourcecode.c.h; path = "NSString-utf8-range-conv.h"; sourceTree = "<group>"; };
		3A4D50EC1282E40300B06EEB /* NSString-utf8-range-conv.m */ = {isa = PBXFileReference; fileEncoding = 4; lastKnownFileType = sourcecode.c.objc; path = "NSString-utf8-range-conv.m"; sourceTree = "<group>"; };
		3A62B9D1129D63AA00822274 /* basictypes.h */ = {isa = PBXFileReference; fileEncoding = 4; lastKnownFileType = sourcecode.c.h; path = basictypes.h; sourceTree = "<group>"; };
		3A62B9DF129D63F000822274 /* scoped_nsobject.h */ = {isa = PBXFileReference; fileEncoding = 4; lastKnownFileType = sourcecode.c.h; path = scoped_nsobject.h; sourceTree = "<group>"; };
		3A62B9E4129D652700822274 /* KTextFieldDecoration.h */ = {isa = PBXFileReference; fileEncoding = 4; lastKnownFileType = sourcecode.c.h; path = KTextFieldDecoration.h; sourceTree = "<group>"; };
		3A62B9E5129D652700822274 /* KTextFieldDecoration.mm */ = {isa = PBXFileReference; fileEncoding = 4; lastKnownFileType = sourcecode.cpp.objcpp; path = KTextFieldDecoration.mm; sourceTree = "<group>"; };
		3A62B9FF129D686F00822274 /* KAutocompleteTextField.h */ = {isa = PBXFileReference; fileEncoding = 4; lastKnownFileType = sourcecode.c.h; path = KAutocompleteTextField.h; sourceTree = "<group>"; };
		3A62BA00129D686F00822274 /* KAutocompleteTextField.mm */ = {isa = PBXFileReference; fileEncoding = 4; lastKnownFileType = sourcecode.cpp.objcpp; path = KAutocompleteTextField.mm; sourceTree = "<group>"; };
		3A62BA0A129D6A0100822274 /* KAutocompleteTextFieldDelegate.h */ = {isa = PBXFileReference; fileEncoding = 4; lastKnownFileType = sourcecode.c.h; path = KAutocompleteTextFieldDelegate.h; sourceTree = "<group>"; };
		3A62BA47129D756100822274 /* KAutocompleteTextFieldEditor.h */ = {isa = PBXFileReference; fileEncoding = 4; lastKnownFileType = sourcecode.c.h; path = KAutocompleteTextFieldEditor.h; sourceTree = "<group>"; };
		3A62BA48129D756100822274 /* KAutocompleteTextFieldEditor.mm */ = {isa = PBXFileReference; fileEncoding = 4; lastKnownFileType = sourcecode.cpp.objcpp; path = KAutocompleteTextFieldEditor.mm; sourceTree = "<group>"; };
		3A62BAA3129D84F900822274 /* NSMutableArray-kod.h */ = {isa = PBXFileReference; fileEncoding = 4; lastKnownFileType = sourcecode.c.h; path = "NSMutableArray-kod.h"; sourceTree = "<group>"; };
		3A62BAA4129D84F900822274 /* NSMutableArray-kod.m */ = {isa = PBXFileReference; fileEncoding = 4; lastKnownFileType = sourcecode.c.objc; path = "NSMutableArray-kod.m"; sourceTree = "<group>"; };
		3A62BB4C129D9E9D00822274 /* KLocationBarController.h */ = {isa = PBXFileReference; fileEncoding = 4; lastKnownFileType = sourcecode.c.h; path = KLocationBarController.h; sourceTree = "<group>"; };
		3A62BB4D129D9E9D00822274 /* KLocationBarController.mm */ = {isa = PBXFileReference; fileEncoding = 4; lastKnownFileType = sourcecode.cpp.objcpp; path = KLocationBarController.mm; sourceTree = "<group>"; };
		3A62BE75129E0C3100822274 /* virtual_key_codes.h */ = {isa = PBXFileReference; fileEncoding = 4; lastKnownFileType = sourcecode.c.h; path = virtual_key_codes.h; sourceTree = "<group>"; };
		3A6D468812947AF700DBA2A3 /* HUnorderedMap.h */ = {isa = PBXFileReference; fileEncoding = 4; lastKnownFileType = sourcecode.c.h; path = HUnorderedMap.h; sourceTree = "<group>"; };
		3A6D468912947AF700DBA2A3 /* HUnorderedMap.cc */ = {isa = PBXFileReference; fileEncoding = 4; lastKnownFileType = sourcecode.cpp.cpp; path = HUnorderedMap.cc; sourceTree = "<group>"; };
		3A6D468F12947B6000DBA2A3 /* HSpinLock.h */ = {isa = PBXFileReference; fileEncoding = 4; lastKnownFileType = sourcecode.c.h; path = HSpinLock.h; sourceTree = "<group>"; };
		3A6D47431294950700DBA2A3 /* HObjCPtr.h */ = {isa = PBXFileReference; fileEncoding = 4; lastKnownFileType = sourcecode.c.h; path = HObjCPtr.h; sourceTree = "<group>"; };
		3A6D4A391295781D00DBA2A3 /* KLangManager.h */ = {isa = PBXFileReference; fileEncoding = 4; lastKnownFileType = sourcecode.c.h; path = KLangManager.h; sourceTree = "<group>"; };
		3A6D4A3A1295781D00DBA2A3 /* KLangManager.mm */ = {isa = PBXFileReference; fileEncoding = 4; lastKnownFileType = sourcecode.cpp.objcpp; path = KLangManager.mm; sourceTree = "<group>"; };
		3A6D4B03129591F300DBA2A3 /* kexceptions.h */ = {isa = PBXFileReference; fileEncoding = 4; lastKnownFileType = sourcecode.c.h; path = kexceptions.h; sourceTree = "<group>"; };
		3A6D4B04129591F300DBA2A3 /* kexceptions.m */ = {isa = PBXFileReference; fileEncoding = 4; lastKnownFileType = sourcecode.c.objc; path = kexceptions.m; sourceTree = "<group>"; };
		3A6D4B661295A85400DBA2A3 /* KLangMap.h */ = {isa = PBXFileReference; fileEncoding = 4; lastKnownFileType = sourcecode.c.h; path = KLangMap.h; sourceTree = "<group>"; };
		3A6D4B671295A85400DBA2A3 /* KLangMap.mm */ = {isa = PBXFileReference; fileEncoding = 4; lastKnownFileType = sourcecode.cpp.objcpp; path = KLangMap.mm; sourceTree = "<group>"; };
		3A6D4D691295F0BA00DBA2A3 /* NSCharacterSet-kod.h */ = {isa = PBXFileReference; fileEncoding = 4; lastKnownFileType = sourcecode.c.h; path = "NSCharacterSet-kod.h"; sourceTree = "<group>"; };
		3A6D4D6A1295F0BA00DBA2A3 /* NSCharacterSet-kod.m */ = {isa = PBXFileReference; fileEncoding = 4; lastKnownFileType = sourcecode.c.objc; path = "NSCharacterSet-kod.m"; sourceTree = "<group>"; };
		3A74A4D1129FF6E000BB5503 /* HUTF8MappedUTF16String.h */ = {isa = PBXFileReference; fileEncoding = 4; lastKnownFileType = sourcecode.c.h; path = HUTF8MappedUTF16String.h; sourceTree = "<group>"; };
		3A74A4D2129FF6E000BB5503 /* HUTF8MappedUTF16String.mm */ = {isa = PBXFileReference; fileEncoding = 4; lastKnownFileType = sourcecode.cpp.objcpp; path = HUTF8MappedUTF16String.mm; sourceTree = "<group>"; };
		3A78955C12B043B400D08FD5 /* hdispatch.m */ = {isa = PBXFileReference; fileEncoding = 4; lastKnownFileType = sourcecode.c.objc; path = hdispatch.m; sourceTree = "<group>"; };
		3A7E71121286EAE800D85E4C /* BrowserWindow.xib */ = {isa = PBXFileReference; lastKnownFileType = file.xib; path = BrowserWindow.xib; sourceTree = "<group>"; };
		3A7E717E1286F44D00D85E4C /* KFileOutlineView.h */ = {isa = PBXFileReference; fileEncoding = 4; lastKnownFileType = sourcecode.c.h; path = KFileOutlineView.h; sourceTree = "<group>"; };
		3A7E717F1286F44D00D85E4C /* KFileOutlineView.mm */ = {isa = PBXFileReference; fileEncoding = 4; lastKnownFileType = sourcecode.cpp.objcpp; path = KFileOutlineView.mm; sourceTree = "<group>"; };
		3A7E71811286F54A00D85E4C /* KFileTextFieldCell.h */ = {isa = PBXFileReference; fileEncoding = 4; lastKnownFileType = sourcecode.c.h; path = KFileTextFieldCell.h; sourceTree = "<group>"; };
		3A7E71821286F54A00D85E4C /* KFileTextFieldCell.mm */ = {isa = PBXFileReference; fileEncoding = 4; lastKnownFileType = sourcecode.cpp.objcpp; path = KFileTextFieldCell.mm; sourceTree = "<group>"; };
		3A7E718E1286F71100D85E4C /* KFileTreeNodeData.h */ = {isa = PBXFileReference; fileEncoding = 4; lastKnownFileType = sourcecode.c.h; path = KFileTreeNodeData.h; sourceTree = "<group>"; };
		3A7E718F1286F71100D85E4C /* KFileTreeNodeData.mm */ = {isa = PBXFileReference; fileEncoding = 4; lastKnownFileType = sourcecode.cpp.objcpp; path = KFileTreeNodeData.mm; sourceTree = "<group>"; };
		3A7E72391287024100D85E4C /* KFileTreeController.h */ = {isa = PBXFileReference; fileEncoding = 4; lastKnownFileType = sourcecode.c.h; path = KFileTreeController.h; sourceTree = "<group>"; };
		3A7E723A1287024100D85E4C /* KFileTreeController.mm */ = {isa = PBXFileReference; fileEncoding = 4; lastKnownFileType = sourcecode.cpp.objcpp; path = KFileTreeController.mm; sourceTree = "<group>"; };
		3A7E74A512873A7100D85E4C /* KScroller.h */ = {isa = PBXFileReference; fileEncoding = 4; lastKnownFileType = sourcecode.c.h; path = KScroller.h; sourceTree = "<group>"; };
		3A7E74A612873A7100D85E4C /* KScroller.m */ = {isa = PBXFileReference; fileEncoding = 4; lastKnownFileType = sourcecode.c.objc; path = KScroller.m; sourceTree = "<group>"; };
		3A7E751D1287403100D85E4C /* KScrollView.h */ = {isa = PBXFileReference; fileEncoding = 4; lastKnownFileType = sourcecode.c.h; path = KScrollView.h; sourceTree = "<group>"; };
		3A7E751E1287403100D85E4C /* KScrollView.m */ = {isa = PBXFileReference; fileEncoding = 4; lastKnownFileType = sourcecode.c.objc; path = KScrollView.m; sourceTree = "<group>"; };
		3A811A6112AE7DE600BC08AE /* hcommon.h */ = {isa = PBXFileReference; fileEncoding = 4; lastKnownFileType = sourcecode.c.h; name = hcommon.h; path = "deps/hunch-cocoa/hcommon.h"; sourceTree = SOURCE_ROOT; };
		3A811A6212AE7DE600BC08AE /* HDProcess.h */ = {isa = PBXFileReference; fileEncoding = 4; lastKnownFileType = sourcecode.c.h; name = HDProcess.h; path = "deps/hunch-cocoa/HDProcess.h"; sourceTree = SOURCE_ROOT; };
		3A811A6312AE7DE600BC08AE /* HDProcess.m */ = {isa = PBXFileReference; fileEncoding = 4; lastKnownFileType = sourcecode.c.objc; name = HDProcess.m; path = "deps/hunch-cocoa/HDProcess.m"; sourceTree = SOURCE_ROOT; };
		3A811A6412AE7DE600BC08AE /* HDSemaphore.h */ = {isa = PBXFileReference; fileEncoding = 4; lastKnownFileType = sourcecode.c.h; name = HDSemaphore.h; path = "deps/hunch-cocoa/HDSemaphore.h"; sourceTree = SOURCE_ROOT; };
		3A811A6512AE7DE600BC08AE /* HDSemaphore.m */ = {isa = PBXFileReference; fileEncoding = 4; lastKnownFileType = sourcecode.c.objc; name = HDSemaphore.m; path = "deps/hunch-cocoa/HDSemaphore.m"; sourceTree = SOURCE_ROOT; };
		3A811A6612AE7DE600BC08AE /* HDStream.h */ = {isa = PBXFileReference; fileEncoding = 4; lastKnownFileType = sourcecode.c.h; name = HDStream.h; path = "deps/hunch-cocoa/HDStream.h"; sourceTree = SOURCE_ROOT; };
		3A811A6712AE7DE600BC08AE /* HDStream.m */ = {isa = PBXFileReference; fileEncoding = 4; lastKnownFileType = sourcecode.c.objc; name = HDStream.m; path = "deps/hunch-cocoa/HDStream.m"; sourceTree = SOURCE_ROOT; };
		3A811A6812AE7DE600BC08AE /* HEventEmitter.h */ = {isa = PBXFileReference; fileEncoding = 4; lastKnownFileType = sourcecode.c.h; name = HEventEmitter.h; path = "deps/hunch-cocoa/HEventEmitter.h"; sourceTree = SOURCE_ROOT; };
		3A811A6912AE7DE600BC08AE /* HEventEmitter.m */ = {isa = PBXFileReference; fileEncoding = 4; lastKnownFileType = sourcecode.c.objc; name = HEventEmitter.m; path = "deps/hunch-cocoa/HEventEmitter.m"; sourceTree = SOURCE_ROOT; };
		3A811A6A12AE7DE600BC08AE /* HRefcountLogger.h */ = {isa = PBXFileReference; fileEncoding = 4; lastKnownFileType = sourcecode.c.h; name = HRefcountLogger.h; path = "deps/hunch-cocoa/HRefcountLogger.h"; sourceTree = SOURCE_ROOT; };
		3A811A6B12AE7DE600BC08AE /* HRefcountLogger.m */ = {isa = PBXFileReference; fileEncoding = 4; lastKnownFileType = sourcecode.c.objc; name = HRefcountLogger.m; path = "deps/hunch-cocoa/HRefcountLogger.m"; sourceTree = SOURCE_ROOT; };
		3A811A6C12AE7DE600BC08AE /* NSThread-condensedStackTrace.h */ = {isa = PBXFileReference; fileEncoding = 4; lastKnownFileType = sourcecode.c.h; name = "NSThread-condensedStackTrace.h"; path = "deps/hunch-cocoa/NSThread-condensedStackTrace.h"; sourceTree = SOURCE_ROOT; };
		3A811A6D12AE7DE600BC08AE /* NSThread-condensedStackTrace.m */ = {isa = PBXFileReference; fileEncoding = 4; lastKnownFileType = sourcecode.c.objc; name = "NSThread-condensedStackTrace.m"; path = "deps/hunch-cocoa/NSThread-condensedStackTrace.m"; sourceTree = SOURCE_ROOT; };
		3A811A7B12AE813800BC08AE /* KModeTextFieldDecoration.h */ = {isa = PBXFileReference; fileEncoding = 4; lastKnownFileType = sourcecode.c.h; path = KModeTextFieldDecoration.h; sourceTree = "<group>"; };
		3A811A7C12AE813800BC08AE /* KModeTextFieldDecoration.mm */ = {isa = PBXFileReference; fileEncoding = 4; lastKnownFileType = sourcecode.cpp.objcpp; path = KModeTextFieldDecoration.mm; sourceTree = "<group>"; };
		3A811B4712AE8F1500BC08AE /* YAML.framework */ = {isa = PBXFileReference; lastKnownFileType = wrapper.framework; name = YAML.framework; path = deps/syck/ext/cocoa/build/Deployment/YAML.framework; sourceTree = "<group>"; };
		3A84117E129D5CAE00F4A36D /* KTextField.h */ = {isa = PBXFileReference; fileEncoding = 4; lastKnownFileType = sourcecode.c.h; path = KTextField.h; sourceTree = "<group>"; };
		3A84117F129D5CAE00F4A36D /* KTextField.mm */ = {isa = PBXFileReference; fileEncoding = 4; lastKnownFileType = sourcecode.cpp.objcpp; path = KTextField.mm; sourceTree = "<group>"; };
		3A841181129D5D5C00F4A36D /* KTextFieldCell.h */ = {isa = PBXFileReference; fileEncoding = 4; lastKnownFileType = sourcecode.c.h; path = KTextFieldCell.h; sourceTree = "<group>"; };
		3A841182129D5D5C00F4A36D /* KTextFieldCell.mm */ = {isa = PBXFileReference; fileEncoding = 4; lastKnownFileType = sourcecode.cpp.objcpp; path = KTextFieldCell.mm; sourceTree = "<group>"; };
		3A8411C0129D615800F4A36D /* KAutocompleteTextFieldCell.h */ = {isa = PBXFileReference; fileEncoding = 4; lastKnownFileType = sourcecode.c.h; path = KAutocompleteTextFieldCell.h; sourceTree = "<group>"; };
		3A8411C1129D615800F4A36D /* KAutocompleteTextFieldCell.mm */ = {isa = PBXFileReference; fileEncoding = 4; lastKnownFileType = sourcecode.cpp.objcpp; path = KAutocompleteTextFieldCell.mm; sourceTree = "<group>"; };
		3A928C14122714E800DA7E43 /* KAppDelegate.h */ = {isa = PBXFileReference; fileEncoding = 4; lastKnownFileType = sourcecode.c.h; path = KAppDelegate.h; sourceTree = "<group>"; };
		3A928C15122714E800DA7E43 /* KAppDelegate.mm */ = {isa = PBXFileReference; fileEncoding = 4; lastKnownFileType = sourcecode.cpp.objcpp; path = KAppDelegate.mm; sourceTree = "<group>"; };
		3A928C16122714E800DA7E43 /* main.m */ = {isa = PBXFileReference; fileEncoding = 4; lastKnownFileType = sourcecode.c.objc; path = main.m; sourceTree = "<group>"; };
		3A928C17122714E800DA7E43 /* KBrowser.h */ = {isa = PBXFileReference; fileEncoding = 4; lastKnownFileType = sourcecode.c.h; path = KBrowser.h; sourceTree = "<group>"; };
		3A928C18122714E800DA7E43 /* KBrowser.mm */ = {isa = PBXFileReference; fileEncoding = 4; lastKnownFileType = sourcecode.cpp.objcpp; path = KBrowser.mm; sourceTree = "<group>"; };
		3A928C1A122714EE00DA7E43 /* Info.plist */ = {isa = PBXFileReference; explicitFileType = text.plist.xml; fileEncoding = 4; path = Info.plist; sourceTree = "<group>"; };
		3A928C1B122714EE00DA7E43 /* MainMenu.xib */ = {isa = PBXFileReference; lastKnownFileType = file.xib; path = MainMenu.xib; sourceTree = "<group>"; };
		3A928C201227151800DA7E43 /* Kod.app */ = {isa = PBXFileReference; explicitFileType = wrapper.application; includeInIndex = 0; path = Kod.app; sourceTree = BUILT_PRODUCTS_DIR; };
		3A9291171229B93C00DA7E43 /* Toolbar.xib */ = {isa = PBXFileReference; lastKnownFileType = file.xib; path = Toolbar.xib; sourceTree = "<group>"; };
		3A9291191229B96A00DA7E43 /* KTabContents.h */ = {isa = PBXFileReference; fileEncoding = 4; lastKnownFileType = sourcecode.c.h; path = KTabContents.h; sourceTree = "<group>"; };
		3A92911A1229B96A00DA7E43 /* KTabContents.mm */ = {isa = PBXFileReference; fileEncoding = 4; lastKnownFileType = sourcecode.cpp.objcpp; path = KTabContents.mm; sourceTree = "<group>"; };
		3A92911C1229B9D500DA7E43 /* KToolbarController.h */ = {isa = PBXFileReference; fileEncoding = 4; lastKnownFileType = sourcecode.c.h; path = KToolbarController.h; sourceTree = "<group>"; };
		3A92911D1229B9D500DA7E43 /* KToolbarController.mm */ = {isa = PBXFileReference; fileEncoding = 4; lastKnownFileType = sourcecode.cpp.objcpp; path = KToolbarController.mm; sourceTree = "<group>"; };
		3A92912B1229BB5100DA7E43 /* prefix.pch */ = {isa = PBXFileReference; fileEncoding = 4; lastKnownFileType = sourcecode.c.h; path = prefix.pch; sourceTree = "<group>"; };
		3A92916A1229BDAA00DA7E43 /* chromium-tabs.xcodeproj */ = {isa = PBXFileReference; lastKnownFileType = "wrapper.pb-project"; name = "chromium-tabs.xcodeproj"; path = "chromium-tabs/chromium-tabs.xcodeproj"; sourceTree = "<group>"; };
		3A9292971229D31200DA7E43 /* KBrowserWindowController.h */ = {isa = PBXFileReference; fileEncoding = 4; lastKnownFileType = sourcecode.c.h; path = KBrowserWindowController.h; sourceTree = "<group>"; };
		3A9292981229D31200DA7E43 /* KBrowserWindowController.mm */ = {isa = PBXFileReference; fileEncoding = 4; lastKnownFileType = sourcecode.cpp.objcpp; path = KBrowserWindowController.mm; sourceTree = "<group>"; };
		3A9293651229E49A00DA7E43 /* NSError+KAdditions.h */ = {isa = PBXFileReference; fileEncoding = 4; lastKnownFileType = sourcecode.c.h; path = "NSError+KAdditions.h"; sourceTree = "<group>"; };
		3A9293661229E49A00DA7E43 /* NSError+KAdditions.m */ = {isa = PBXFileReference; fileEncoding = 4; lastKnownFileType = sourcecode.c.objc; path = "NSError+KAdditions.m"; sourceTree = "<group>"; };
		3A9293CA1229ED4C00DA7E43 /* KDocumentController.h */ = {isa = PBXFileReference; fileEncoding = 4; lastKnownFileType = sourcecode.c.h; path = KDocumentController.h; sourceTree = "<group>"; };
		3A9293CB1229ED4C00DA7E43 /* KDocumentController.mm */ = {isa = PBXFileReference; fileEncoding = 4; lastKnownFileType = sourcecode.cpp.objcpp; path = KDocumentController.mm; sourceTree = "<group>"; };
		3A93A83E1299E14300185857 /* NSURL-blocks.h */ = {isa = PBXFileReference; fileEncoding = 4; lastKnownFileType = sourcecode.c.h; path = "NSURL-blocks.h"; sourceTree = "<group>"; };
		3A93A83F1299E14300185857 /* NSURL-blocks.m */ = {isa = PBXFileReference; fileEncoding = 4; lastKnownFileType = sourcecode.c.objc; path = "NSURL-blocks.m"; sourceTree = "<group>"; };
		3A93AB82129ADA5500185857 /* hatomic_flags.h */ = {isa = PBXFileReference; fileEncoding = 4; lastKnownFileType = sourcecode.c.h; path = hatomic_flags.h; sourceTree = "<group>"; };
		3A93B4E5129B67CB00185857 /* KRUsage.hh */ = {isa = PBXFileReference; fileEncoding = 4; lastKnownFileType = sourcecode.cpp.h; path = KRUsage.hh; sourceTree = "<group>"; };
		3AAA9F4112BFB7B50079F079 /* Sparkle.framework */ = {isa = PBXFileReference; lastKnownFileType = wrapper.framework; name = Sparkle.framework; path = deps/Sparkle.framework; sourceTree = "<group>"; };
		3AAA9F6512BFBB010079F079 /* dsa_pub.pem */ = {isa = PBXFileReference; fileEncoding = 4; lastKnownFileType = text; path = dsa_pub.pem; sourceTree = "<group>"; };
		3AAAA13312C00E6D0079F079 /* Breakpad.framework */ = {isa = PBXFileReference; lastKnownFileType = wrapper.framework; name = Breakpad.framework; path = deps/Breakpad.framework; sourceTree = "<group>"; };
		3AAC02B712BD1110001BDC39 /* kconf.m */ = {isa = PBXFileReference; fileEncoding = 4; lastKnownFileType = sourcecode.c.objc; path = kconf.m; sourceTree = "<group>"; };
		3AAC03EE12BD2FC2001BDC39 /* sidebar-closed.png */ = {isa = PBXFileReference; lastKnownFileType = image.png; path = "sidebar-closed.png"; sourceTree = "<group>"; };
		3AAC03EF12BD2FC2001BDC39 /* sidebar-open.png */ = {isa = PBXFileReference; lastKnownFileType = image.png; path = "sidebar-open.png"; sourceTree = "<group>"; };
		3AB97BD412B2836800F4ADB2 /* KStatusBarView.h */ = {isa = PBXFileReference; fileEncoding = 4; lastKnownFileType = sourcecode.c.h; path = KStatusBarView.h; sourceTree = "<group>"; };
		3AB97BD512B2836800F4ADB2 /* KStatusBarView.m */ = {isa = PBXFileReference; fileEncoding = 4; lastKnownFileType = sourcecode.c.objc; path = KStatusBarView.m; sourceTree = "<group>"; };
		3AB97C3412B2893C00F4ADB2 /* KStatusBarController.h */ = {isa = PBXFileReference; fileEncoding = 4; lastKnownFileType = sourcecode.c.h; path = KStatusBarController.h; sourceTree = "<group>"; };
		3AB97C3512B2893C00F4ADB2 /* KStatusBarController.mm */ = {isa = PBXFileReference; fileEncoding = 4; lastKnownFileType = sourcecode.cpp.objcpp; path = KStatusBarController.mm; sourceTree = "<group>"; };
		3AB97D4312B2990500F4ADB2 /* BWSplitView.h */ = {isa = PBXFileReference; fileEncoding = 4; lastKnownFileType = sourcecode.c.h; path = BWSplitView.h; sourceTree = "<group>"; };
		3AB97D4412B2990500F4ADB2 /* BWSplitView.m */ = {isa = PBXFileReference; fileEncoding = 4; lastKnownFileType = sourcecode.c.objc; path = BWSplitView.m; sourceTree = "<group>"; };
		3AB97D4A12B2993200F4ADB2 /* NSColor+BWAdditions.h */ = {isa = PBXFileReference; fileEncoding = 4; lastKnownFileType = sourcecode.c.h; name = "NSColor+BWAdditions.h"; path = "deps/bwtoolkit/NSColor+BWAdditions.h"; sourceTree = SOURCE_ROOT; };
		3AB97D4B12B2993200F4ADB2 /* NSColor+BWAdditions.m */ = {isa = PBXFileReference; fileEncoding = 4; lastKnownFileType = sourcecode.c.objc; name = "NSColor+BWAdditions.m"; path = "deps/bwtoolkit/NSColor+BWAdditions.m"; sourceTree = SOURCE_ROOT; };
		3AB97D4D12B2993C00F4ADB2 /* NSEvent+BWAdditions.h */ = {isa = PBXFileReference; fileEncoding = 4; lastKnownFileType = sourcecode.c.h; name = "NSEvent+BWAdditions.h"; path = "deps/bwtoolkit/NSEvent+BWAdditions.h"; sourceTree = SOURCE_ROOT; };
		3AB97D4E12B2993C00F4ADB2 /* NSEvent+BWAdditions.m */ = {isa = PBXFileReference; fileEncoding = 4; lastKnownFileType = sourcecode.c.objc; name = "NSEvent+BWAdditions.m"; path = "deps/bwtoolkit/NSEvent+BWAdditions.m"; sourceTree = SOURCE_ROOT; };
		3AB97D5012B2998C00F4ADB2 /* BWAnchoredButton.h */ = {isa = PBXFileReference; fileEncoding = 4; lastKnownFileType = sourcecode.c.h; name = BWAnchoredButton.h; path = deps/bwtoolkit/BWAnchoredButton.h; sourceTree = SOURCE_ROOT; };
		3AB97D5112B2998C00F4ADB2 /* BWAnchoredButton.m */ = {isa = PBXFileReference; fileEncoding = 4; lastKnownFileType = sourcecode.c.objc; name = BWAnchoredButton.m; path = deps/bwtoolkit/BWAnchoredButton.m; sourceTree = SOURCE_ROOT; };
		3AB97D5212B2998C00F4ADB2 /* BWAnchoredButtonBar.h */ = {isa = PBXFileReference; fileEncoding = 4; lastKnownFileType = sourcecode.c.h; name = BWAnchoredButtonBar.h; path = deps/bwtoolkit/BWAnchoredButtonBar.h; sourceTree = SOURCE_ROOT; };
		3AB97D5312B2998C00F4ADB2 /* BWAnchoredButtonBar.m */ = {isa = PBXFileReference; fileEncoding = 4; lastKnownFileType = sourcecode.c.objc; name = BWAnchoredButtonBar.m; path = deps/bwtoolkit/BWAnchoredButtonBar.m; sourceTree = SOURCE_ROOT; };
		3AB97D5B12B2999B00F4ADB2 /* NSView+BWAdditions.h */ = {isa = PBXFileReference; fileEncoding = 4; lastKnownFileType = sourcecode.c.h; name = "NSView+BWAdditions.h"; path = "deps/bwtoolkit/NSView+BWAdditions.h"; sourceTree = SOURCE_ROOT; };
		3AB97D5C12B2999B00F4ADB2 /* NSView+BWAdditions.m */ = {isa = PBXFileReference; fileEncoding = 4; lastKnownFileType = sourcecode.c.objc; name = "NSView+BWAdditions.m"; path = "deps/bwtoolkit/NSView+BWAdditions.m"; sourceTree = SOURCE_ROOT; };
		3AB97DA412B2A00F00F4ADB2 /* BWCustomView.h */ = {isa = PBXFileReference; fileEncoding = 4; lastKnownFileType = sourcecode.c.h; name = BWCustomView.h; path = deps/bwtoolkit/BWCustomView.h; sourceTree = SOURCE_ROOT; };
		3AB97DA512B2A00F00F4ADB2 /* BWCustomView.m */ = {isa = PBXFileReference; fileEncoding = 4; lastKnownFileType = sourcecode.c.objc; name = BWCustomView.m; path = deps/bwtoolkit/BWCustomView.m; sourceTree = SOURCE_ROOT; };
		3AB97DA712B2A02300F4ADB2 /* NSApplication+BWAdditions.h */ = {isa = PBXFileReference; fileEncoding = 4; lastKnownFileType = sourcecode.c.h; name = "NSApplication+BWAdditions.h"; path = "deps/bwtoolkit/NSApplication+BWAdditions.h"; sourceTree = SOURCE_ROOT; };
		3AB97DA812B2A02300F4ADB2 /* NSApplication+BWAdditions.m */ = {isa = PBXFileReference; fileEncoding = 4; lastKnownFileType = sourcecode.c.objc; name = "NSApplication+BWAdditions.m"; path = "deps/bwtoolkit/NSApplication+BWAdditions.m"; sourceTree = SOURCE_ROOT; };
		3AB97DA912B2A02300F4ADB2 /* NSCustomView.h */ = {isa = PBXFileReference; fileEncoding = 4; lastKnownFileType = sourcecode.c.h; name = NSCustomView.h; path = deps/bwtoolkit/NSCustomView.h; sourceTree = SOURCE_ROOT; };
		3AB97DAA12B2A02300F4ADB2 /* NSWindow+BWAdditions.h */ = {isa = PBXFileReference; fileEncoding = 4; lastKnownFileType = sourcecode.c.h; name = "NSWindow+BWAdditions.h"; path = "deps/bwtoolkit/NSWindow+BWAdditions.h"; sourceTree = SOURCE_ROOT; };
		3AB97DAB12B2A02300F4ADB2 /* NSWindow+BWAdditions.m */ = {isa = PBXFileReference; fileEncoding = 4; lastKnownFileType = sourcecode.c.objc; name = "NSWindow+BWAdditions.m"; path = "deps/bwtoolkit/NSWindow+BWAdditions.m"; sourceTree = SOURCE_ROOT; };
		3ABF483812A406AF0020233C /* hdispatch.h */ = {isa = PBXFileReference; fileEncoding = 4; lastKnownFileType = sourcecode.c.h; path = hdispatch.h; sourceTree = "<group>"; };
		3ABF49BE12A450660020233C /* NSView-kod.h */ = {isa = PBXFileReference; fileEncoding = 4; lastKnownFileType = sourcecode.c.h; path = "NSView-kod.h"; sourceTree = "<group>"; };
		3ABF49BF12A450660020233C /* NSView-kod.mm */ = {isa = PBXFileReference; fileEncoding = 4; lastKnownFileType = sourcecode.cpp.objcpp; path = "NSView-kod.mm"; sourceTree = "<group>"; };
		3ABF4C6B12A48E7D0020233C /* NSData-kod.h */ = {isa = PBXFileReference; fileEncoding = 4; lastKnownFileType = sourcecode.c.h; path = "NSData-kod.h"; sourceTree = "<group>"; };
		3ABF4C6C12A48E7D0020233C /* NSData-kod.mm */ = {isa = PBXFileReference; fileEncoding = 4; lastKnownFileType = sourcecode.cpp.objcpp; path = "NSData-kod.mm"; sourceTree = "<group>"; };
		3ABF4F3C12A55AFC0020233C /* NSString-editdistance.h */ = {isa = PBXFileReference; fileEncoding = 4; lastKnownFileType = sourcecode.c.h; path = "NSString-editdistance.h"; sourceTree = "<group>"; };
		3ABF4F3D12A55AFC0020233C /* NSString-editdistance.m */ = {isa = PBXFileReference; fileEncoding = 4; lastKnownFileType = sourcecode.c.objc; path = "NSString-editdistance.m"; sourceTree = "<group>"; };
		3ABF537912A5D0D80020233C /* FScript.framework */ = {isa = PBXFileReference; lastKnownFileType = wrapper.framework; name = FScript.framework; path = Library/Frameworks/FScript.framework; sourceTree = SDKROOT; };
		3ABF539412A5D52F0020233C /* KSplitView.h */ = {isa = PBXFileReference; fileEncoding = 4; lastKnownFileType = sourcecode.c.h; path = KSplitView.h; sourceTree = "<group>"; };
		3ABF539512A5D52F0020233C /* KSplitView.m */ = {isa = PBXFileReference; fileEncoding = 4; lastKnownFileType = sourcecode.c.objc; path = KSplitView.m; sourceTree = "<group>"; };
		3ABF540E12A5DB1D0020233C /* KTextView.h */ = {isa = PBXFileReference; fileEncoding = 4; lastKnownFileType = sourcecode.c.h; path = KTextView.h; sourceTree = "<group>"; };
		3ABF540F12A5DB1D0020233C /* KTextView.m */ = {isa = PBXFileReference; fileEncoding = 4; lastKnownFileType = sourcecode.c.objc; path = KTextView.m; sourceTree = "<group>"; };
		3ABF541D12A5DC6F0020233C /* KClipView.h */ = {isa = PBXFileReference; fileEncoding = 4; lastKnownFileType = sourcecode.c.h; path = KClipView.h; sourceTree = "<group>"; };
		3ABF541E12A5DC6F0020233C /* KClipView.m */ = {isa = PBXFileReference; fileEncoding = 4; lastKnownFileType = sourcecode.c.objc; path = KClipView.m; sourceTree = "<group>"; };
		3AC2D3FB1298C40A0066B586 /* KSourceHighlightState.h */ = {isa = PBXFileReference; fileEncoding = 4; lastKnownFileType = sourcecode.c.h; path = KSourceHighlightState.h; sourceTree = "<group>"; };
		3AC2D3FC1298C40A0066B586 /* KSourceHighlightState.mm */ = {isa = PBXFileReference; fileEncoding = 4; lastKnownFileType = sourcecode.cpp.objcpp; path = KSourceHighlightState.mm; sourceTree = "<group>"; };
		3AC2D4A51298D8050066B586 /* KTextStorage.h */ = {isa = PBXFileReference; fileEncoding = 4; lastKnownFileType = sourcecode.c.h; path = KTextStorage.h; sourceTree = "<group>"; };
		3AC2D4A61298D8050066B586 /* KTextStorage.mm */ = {isa = PBXFileReference; fileEncoding = 4; lastKnownFileType = sourcecode.cpp.objcpp; path = KTextStorage.mm; sourceTree = "<group>"; };
		3AC4FADA1296D049004CDCFD /* KLangMapLinePattern.h */ = {isa = PBXFileReference; fileEncoding = 4; lastKnownFileType = sourcecode.c.h; path = KLangMapLinePattern.h; sourceTree = "<group>"; };
		3AC4FADB1296D049004CDCFD /* KLangMapLinePattern.mm */ = {isa = PBXFileReference; fileEncoding = 4; lastKnownFileType = sourcecode.cpp.objcpp; path = KLangMapLinePattern.mm; sourceTree = "<group>"; };
		3AE5E5161290955000B17C4F /* kod.icns */ = {isa = PBXFileReference; lastKnownFileType = image.icns; name = kod.icns; path = icon/kod.icns; sourceTree = "<group>"; };
		3AE5E8A912915ABA00B17C4F /* CSS.xcodeproj */ = {isa = PBXFileReference; lastKnownFileType = "wrapper.pb-project"; name = CSS.xcodeproj; path = "deps/libcss/cocoa-framework/CSS.xcodeproj"; sourceTree = "<group>"; };
		3AE5EA551292B2D000B17C4F /* kconf.h */ = {isa = PBXFileReference; fileEncoding = 4; lastKnownFileType = sourcecode.c.h; path = kconf.h; sourceTree = "<group>"; };
		3AE5EB871292DB5C00B17C4F /* CSS.framework */ = {isa = PBXFileReference; lastKnownFileType = wrapper.framework; name = CSS.framework; path = "deps/libcss/cocoa-framework/build/Release/CSS.framework"; sourceTree = "<group>"; };
		3AE5ECB41292F7B800B17C4F /* KThread.h */ = {isa = PBXFileReference; fileEncoding = 4; lastKnownFileType = sourcecode.c.h; path = KThread.h; sourceTree = "<group>"; };
		3AE5ECB51292F7B800B17C4F /* KThread.mm */ = {isa = PBXFileReference; fileEncoding = 4; lastKnownFileType = sourcecode.cpp.objcpp; path = KThread.mm; sourceTree = "<group>"; };
		3AEC6C8B12BC12FB00F769DB /* KLineNumberMarker.h */ = {isa = PBXFileReference; fileEncoding = 4; lastKnownFileType = sourcecode.c.h; path = KLineNumberMarker.h; sourceTree = "<group>"; };
		3AEC6C8C12BC12FB00F769DB /* KLineNumberMarker.m */ = {isa = PBXFileReference; fileEncoding = 4; lastKnownFileType = sourcecode.c.objc; path = KLineNumberMarker.m; sourceTree = "<group>"; };
		3AEC6C8D12BC12FB00F769DB /* KMetaRulerView.h */ = {isa = PBXFileReference; fileEncoding = 4; lastKnownFileType = sourcecode.c.h; path = KMetaRulerView.h; sourceTree = "<group>"; };
		3AEC6C8E12BC12FB00F769DB /* KMetaRulerView.mm */ = {isa = PBXFileReference; fileEncoding = 4; lastKnownFileType = sourcecode.cpp.objcpp; path = KMetaRulerView.mm; sourceTree = "<group>"; };
		3AEC6C9112BC14EE00F769DB /* KMetaRulerView2.h */ = {isa = PBXFileReference; fileEncoding = 4; lastKnownFileType = sourcecode.c.h; path = KMetaRulerView2.h; sourceTree = "<group>"; };
		3AEC6C9212BC14EE00F769DB /* KMetaRulerView2.mm */ = {isa = PBXFileReference; fileEncoding = 4; lastKnownFileType = sourcecode.cpp.objcpp; path = KMetaRulerView2.mm; sourceTree = "<group>"; };
		3AF14C40128D792F00623011 /* KLangRegexRuleFactory.h */ = {isa = PBXFileReference; fileEncoding = 4; lastKnownFileType = sourcecode.c.h; path = KLangRegexRuleFactory.h; sourceTree = "<group>"; };
		3AF14C41128D792F00623011 /* KLangRegexRuleFactory.mm */ = {isa = PBXFileReference; fileEncoding = 4; lastKnownFileType = sourcecode.cpp.objcpp; path = KLangRegexRuleFactory.mm; sourceTree = "<group>"; };
		3AF14D1E128D928A00623011 /* KLangSymbol.h */ = {isa = PBXFileReference; fileEncoding = 4; lastKnownFileType = sourcecode.c.h; path = KLangSymbol.h; sourceTree = "<group>"; };
		3AF14D1F128D928A00623011 /* KLangSymbol.mm */ = {isa = PBXFileReference; fileEncoding = 4; lastKnownFileType = sourcecode.cpp.objcpp; path = KLangSymbol.mm; sourceTree = "<group>"; };
		3AF39D1A12BE8C2400FC534A /* shared-dispatch-queues.h */ = {isa = PBXFileReference; fileEncoding = 4; lastKnownFileType = sourcecode.c.h; path = "shared-dispatch-queues.h"; sourceTree = "<group>"; };
		3AF39D1B12BE8C2400FC534A /* shared-dispatch-queues.c */ = {isa = PBXFileReference; fileEncoding = 4; lastKnownFileType = sourcecode.c.c; path = "shared-dispatch-queues.c"; sourceTree = "<group>"; };
		3AF39DB012BE9C8A00FC534A /* KPopUp.h */ = {isa = PBXFileReference; fileEncoding = 4; lastKnownFileType = sourcecode.c.h; path = KPopUp.h; sourceTree = "<group>"; };
		3AF39DB112BE9C8A00FC534A /* KPopUp.m */ = {isa = PBXFileReference; fileEncoding = 4; lastKnownFileType = sourcecode.c.objc; path = KPopUp.m; sourceTree = "<group>"; };
		3AF39DE012BEC15E00FC534A /* KPopUpContentView.h */ = {isa = PBXFileReference; fileEncoding = 4; lastKnownFileType = sourcecode.c.h; path = KPopUpContentView.h; sourceTree = "<group>"; };
		3AF39DE112BEC15E00FC534A /* KPopUpContentView.m */ = {isa = PBXFileReference; fileEncoding = 4; lastKnownFileType = sourcecode.c.objc; path = KPopUpContentView.m; sourceTree = "<group>"; };
		3AF3A0A312BF7F6400FC534A /* KAnimation.h */ = {isa = PBXFileReference; fileEncoding = 4; lastKnownFileType = sourcecode.c.h; path = KAnimation.h; sourceTree = "<group>"; };
		3AF3A0A412BF7F6400FC534A /* KAnimation.m */ = {isa = PBXFileReference; fileEncoding = 4; lastKnownFileType = sourcecode.c.objc; path = KAnimation.m; sourceTree = "<group>"; };
/* End PBXFileReference section */

/* Begin PBXFrameworksBuildPhase section */
		3A928C1E1227151800DA7E43 /* Frameworks */ = {
			isa = PBXFrameworksBuildPhase;
			buildActionMask = 2147483647;
			files = (
				3A929886122AC38F00DA7E43 /* ChromiumTabs.framework in Frameworks */,
				3AC2D74012998D590066B586 /* CSS.framework in Frameworks */,
				3A25E47B1281A6A200B6A33E /* libboost_regex-mt.dylib in Frameworks */,
				3A25E47D1281A6A700B6A33E /* libsource-highlight.dylib in Frameworks */,
				3A158AFF128A0A3700339E6E /* libicucore.dylib in Frameworks */,
				3ABF537A12A5D0D80020233C /* FScript.framework in Frameworks */,
				3AAA9F4212BFB7B50079F079 /* Sparkle.framework in Frameworks */,
				3AAAA13412C00E6D0079F079 /* Breakpad.framework in Frameworks */,
			);
			runOnlyForDeploymentPostprocessing = 0;
		};
/* End PBXFrameworksBuildPhase section */

/* Begin PBXGroup section */
		3A158AD3128A09D300339E6E /* ICU */ = {
			isa = PBXGroup;
			children = (
				3A158AD4128A09D300339E6E /* ICUMatcher.h */,
				3A158AD5128A09D300339E6E /* ICUMatcher.m */,
				3A158AD6128A09D300339E6E /* ICUPattern.h */,
				3A158AD7128A09D300339E6E /* ICUPattern.m */,
				3A158AD9128A09D300339E6E /* NSStringICUAdditions.h */,
				3A158ADA128A09D300339E6E /* NSStringICUAdditions.m */,
			);
			path = ICU;
			sourceTree = "<group>";
		};
		3A40F8C312AFE5D7007B5879 /* Node */ = {
			isa = PBXGroup;
			children = (
				3A40F8C412AFE5F7007B5879 /* KNodeProcess.h */,
				3A40F8C512AFE5F7007B5879 /* KNodeProcess.m */,
			);
			name = Node;
			sourceTree = "<group>";
		};
		3A40FA5A12B02FD0007B5879 /* JSON */ = {
			isa = PBXGroup;
			children = (
				3A40FA5B12B02FD0007B5879 /* JSON.h */,
				3A40FA5C12B02FD0007B5879 /* NSObject+SBJSON.h */,
				3A40FA5D12B02FD0007B5879 /* NSObject+SBJSON.m */,
				3A40FA5E12B02FD0007B5879 /* NSString+SBJSON.h */,
				3A40FA5F12B02FD0007B5879 /* NSString+SBJSON.m */,
				3A40FA6212B02FD0007B5879 /* SBJsonParser.h */,
				3A40FA6312B02FD0007B5879 /* SBJsonParser.m */,
				3A40FA6412B02FD0007B5879 /* SBJsonWriter.h */,
				3A40FA6512B02FD0007B5879 /* SBJsonWriter.m */,
				3A4CB3FA12B1897B00B45858 /* SBJsonStreamWriter.h */,
				3A4CB3FB12B1897B00B45858 /* SBJsonStreamWriter.m */,
				3A4CB3FC12B1897B00B45858 /* SBProxyForJson.h */,
			);
			name = JSON;
			path = "deps/json-framework/Classes";
			sourceTree = SOURCE_ROOT;
		};
		3A7E717C1286F40600D85E4C /* file-tree */ = {
			isa = PBXGroup;
			children = (
				3A7E717E1286F44D00D85E4C /* KFileOutlineView.h */,
				3A7E717F1286F44D00D85E4C /* KFileOutlineView.mm */,
				3A7E71811286F54A00D85E4C /* KFileTextFieldCell.h */,
				3A7E71821286F54A00D85E4C /* KFileTextFieldCell.mm */,
				3A7E718E1286F71100D85E4C /* KFileTreeNodeData.h */,
				3A7E718F1286F71100D85E4C /* KFileTreeNodeData.mm */,
				3A7E72391287024100D85E4C /* KFileTreeController.h */,
				3A7E723A1287024100D85E4C /* KFileTreeController.mm */,
			);
			name = "file-tree";
			sourceTree = "<group>";
		};
		3A7E717D1286F41C00D85E4C /* Syntax highlighting */ = {
			isa = PBXGroup;
			children = (
				3AF14D1E128D928A00623011 /* KLangSymbol.h */,
				3AF14D1F128D928A00623011 /* KLangSymbol.mm */,
				3AF14C40128D792F00623011 /* KLangRegexRuleFactory.h */,
				3AF14C41128D792F00623011 /* KLangRegexRuleFactory.mm */,
				3A6D4B661295A85400DBA2A3 /* KLangMap.h */,
				3A6D4B671295A85400DBA2A3 /* KLangMap.mm */,
				3AC4FADA1296D049004CDCFD /* KLangMapLinePattern.h */,
				3AC4FADB1296D049004CDCFD /* KLangMapLinePattern.mm */,
				3A6D4A391295781D00DBA2A3 /* KLangManager.h */,
				3A6D4A3A1295781D00DBA2A3 /* KLangManager.mm */,
				3A159627128C3BCB00339E6E /* KSourceHighlighter.h */,
				3A159628128C3BCB00339E6E /* KSourceHighlighter.mm */,
				3AC2D3FB1298C40A0066B586 /* KSourceHighlightState.h */,
				3AC2D3FC1298C40A0066B586 /* KSourceHighlightState.mm */,
			);
			name = "Syntax highlighting";
			sourceTree = "<group>";
		};
		3A811A5812AE7DC400BC08AE /* hunch-cocoa */ = {
			isa = PBXGroup;
			children = (
				3A811A6112AE7DE600BC08AE /* hcommon.h */,
				3A811A6C12AE7DE600BC08AE /* NSThread-condensedStackTrace.h */,
				3A811A6D12AE7DE600BC08AE /* NSThread-condensedStackTrace.m */,
				3A811A6A12AE7DE600BC08AE /* HRefcountLogger.h */,
				3A811A6B12AE7DE600BC08AE /* HRefcountLogger.m */,
				3A811A6412AE7DE600BC08AE /* HDSemaphore.h */,
				3A811A6512AE7DE600BC08AE /* HDSemaphore.m */,
				3A811A6812AE7DE600BC08AE /* HEventEmitter.h */,
				3A811A6912AE7DE600BC08AE /* HEventEmitter.m */,
				3A811A6612AE7DE600BC08AE /* HDStream.h */,
				3A811A6712AE7DE600BC08AE /* HDStream.m */,
				3A811A6212AE7DE600BC08AE /* HDProcess.h */,
				3A811A6312AE7DE600BC08AE /* HDProcess.m */,
			);
			name = "hunch-cocoa";
			sourceTree = "<group>";
		};
		3A84117D129D5C8800F4A36D /* Toolbar */ = {
			isa = PBXGroup;
			children = (
				3A92911C1229B9D500DA7E43 /* KToolbarController.h */,
				3A92911D1229B9D500DA7E43 /* KToolbarController.mm */,
				3A84117E129D5CAE00F4A36D /* KTextField.h */,
				3A84117F129D5CAE00F4A36D /* KTextField.mm */,
				3A841181129D5D5C00F4A36D /* KTextFieldCell.h */,
				3A841182129D5D5C00F4A36D /* KTextFieldCell.mm */,
				3ABF4BCF12A481E90020233C /* Location bar */,
			);
			name = Toolbar;
			sourceTree = "<group>";
		};
		3A928BED1227143800DA7E43 = {
			isa = PBXGroup;
			children = (
				3AE5E8A912915ABA00B17C4F /* CSS.xcodeproj */,
				3A92916A1229BDAA00DA7E43 /* chromium-tabs.xcodeproj */,
				3A928C13122714E800DA7E43 /* src */,
				3A928C19122714EE00DA7E43 /* resources */,
				3A92914F1229BD5E00DA7E43 /* Frameworks */,
				3A928C211227151800DA7E43 /* Products */,
			);
			sourceTree = "<group>";
		};
		3A928C13122714E800DA7E43 /* src */ = {
			isa = PBXGroup;
			children = (
				3AE5E8D112916F3300B17C4F /* Base */,
				3AE5E8D212916F4100B17C4F /* NS categories */,
				3A40FA5A12B02FD0007B5879 /* JSON */,
				3A811A5812AE7DC400BC08AE /* hunch-cocoa */,
				3AB97D3F12B298FB00F4ADB2 /* BWToolkit */,
				3A928C16122714E800DA7E43 /* main.m */,
				3AF39D1A12BE8C2400FC534A /* shared-dispatch-queues.h */,
				3AF39D1B12BE8C2400FC534A /* shared-dispatch-queues.c */,
				3A928C14122714E800DA7E43 /* KAppDelegate.h */,
				3A928C15122714E800DA7E43 /* KAppDelegate.mm */,
				3A928C17122714E800DA7E43 /* KBrowser.h */,
				3A928C18122714E800DA7E43 /* KBrowser.mm */,
				3A9292971229D31200DA7E43 /* KBrowserWindowController.h */,
				3A9292981229D31200DA7E43 /* KBrowserWindowController.mm */,
				3A9293CA1229ED4C00DA7E43 /* KDocumentController.h */,
				3A9293CB1229ED4C00DA7E43 /* KDocumentController.mm */,
				3A9291191229B96A00DA7E43 /* KTabContents.h */,
				3A92911A1229B96A00DA7E43 /* KTabContents.mm */,
				3AC2D4A51298D8050066B586 /* KTextStorage.h */,
				3AC2D4A61298D8050066B586 /* KTextStorage.mm */,
				3A40F8C312AFE5D7007B5879 /* Node */,
				3ABF539712A5D5360020233C /* Main views */,
				3A158AD3128A09D300339E6E /* ICU */,
				3ABF56AE12A69F9D0020233C /* Style */,
				3A7E717D1286F41C00D85E4C /* Syntax highlighting */,
				3A7E717C1286F40600D85E4C /* file-tree */,
			);
			path = src;
			sourceTree = "<group>";
		};
		3A928C19122714EE00DA7E43 /* resources */ = {
			isa = PBXGroup;
			children = (
				3AE5E5161290955000B17C4F /* kod.icns */,
				3AAA9F6512BFBB010079F079 /* dsa_pub.pem */,
				3AAC03EE12BD2FC2001BDC39 /* sidebar-closed.png */,
				3AAC03EF12BD2FC2001BDC39 /* sidebar-open.png */,
				3A158DF1128A282F00339E6E /* style */,
				3A158DF5128A296000339E6E /* lang */,
				3A928C1A122714EE00DA7E43 /* Info.plist */,
				3A40F92E12AFF21A007B5879 /* main.js */,
				3A7E71121286EAE800D85E4C /* BrowserWindow.xib */,
				3A928C1B122714EE00DA7E43 /* MainMenu.xib */,
				3A9291171229B93C00DA7E43 /* Toolbar.xib */,
			);
			path = resources;
			sourceTree = "<group>";
		};
		3A928C211227151800DA7E43 /* Products */ = {
			isa = PBXGroup;
			children = (
				3A928C201227151800DA7E43 /* Kod.app */,
			);
			name = Products;
			sourceTree = "<group>";
		};
		3A92914F1229BD5E00DA7E43 /* Frameworks */ = {
			isa = PBXGroup;
			children = (
				3AAAA13312C00E6D0079F079 /* Breakpad.framework */,
				3AAA9F4112BFB7B50079F079 /* Sparkle.framework */,
				3A25E47A1281A6A200B6A33E /* libboost_regex-mt.dylib */,
				3A25E47C1281A6A700B6A33E /* libsource-highlight.dylib */,
				3A158AFE128A0A3700339E6E /* libicucore.dylib */,
				3A811B4712AE8F1500BC08AE /* YAML.framework */,
				3AE5EB871292DB5C00B17C4F /* CSS.framework */,
				3ABF537912A5D0D80020233C /* FScript.framework */,
			);
			name = Frameworks;
			sourceTree = "<group>";
		};
		3A9297DF122AB49D00DA7E43 /* Products */ = {
			isa = PBXGroup;
			children = (
				3A9297E4122AB49D00DA7E43 /* ChromiumTabs.framework */,
				3A9297E6122AB49D00DA7E43 /* Chromium Tabs.app */,
			);
			name = Products;
			sourceTree = "<group>";
		};
		3AB97BD312B2834D00F4ADB2 /* Status bar */ = {
			isa = PBXGroup;
			children = (
				3AB97BD412B2836800F4ADB2 /* KStatusBarView.h */,
				3AB97BD512B2836800F4ADB2 /* KStatusBarView.m */,
				3AB97C3412B2893C00F4ADB2 /* KStatusBarController.h */,
				3AB97C3512B2893C00F4ADB2 /* KStatusBarController.mm */,
			);
			name = "Status bar";
			sourceTree = "<group>";
		};
		3AB97D3F12B298FB00F4ADB2 /* BWToolkit */ = {
			isa = PBXGroup;
			children = (
				3AB97DA412B2A00F00F4ADB2 /* BWCustomView.h */,
				3AB97DA512B2A00F00F4ADB2 /* BWCustomView.m */,
				3AB97D4312B2990500F4ADB2 /* BWSplitView.h */,
				3AB97D4412B2990500F4ADB2 /* BWSplitView.m */,
				3AB97D5012B2998C00F4ADB2 /* BWAnchoredButton.h */,
				3AB97D5112B2998C00F4ADB2 /* BWAnchoredButton.m */,
				3AB97D5212B2998C00F4ADB2 /* BWAnchoredButtonBar.h */,
				3AB97D5312B2998C00F4ADB2 /* BWAnchoredButtonBar.m */,
				3AB97DA912B2A02300F4ADB2 /* NSCustomView.h */,
				3AB97DA712B2A02300F4ADB2 /* NSApplication+BWAdditions.h */,
				3AB97DA812B2A02300F4ADB2 /* NSApplication+BWAdditions.m */,
				3AB97DAA12B2A02300F4ADB2 /* NSWindow+BWAdditions.h */,
				3AB97DAB12B2A02300F4ADB2 /* NSWindow+BWAdditions.m */,
				3AB97D5B12B2999B00F4ADB2 /* NSView+BWAdditions.h */,
				3AB97D5C12B2999B00F4ADB2 /* NSView+BWAdditions.m */,
				3AB97D4A12B2993200F4ADB2 /* NSColor+BWAdditions.h */,
				3AB97D4B12B2993200F4ADB2 /* NSColor+BWAdditions.m */,
				3AB97D4D12B2993C00F4ADB2 /* NSEvent+BWAdditions.h */,
				3AB97D4E12B2993C00F4ADB2 /* NSEvent+BWAdditions.m */,
			);
			name = BWToolkit;
			sourceTree = "<group>";
		};
		3ABF4BCF12A481E90020233C /* Location bar */ = {
			isa = PBXGroup;
			children = (
				3A62BB4C129D9E9D00822274 /* KLocationBarController.h */,
				3A62BB4D129D9E9D00822274 /* KLocationBarController.mm */,
				3A62B9FF129D686F00822274 /* KAutocompleteTextField.h */,
				3A62BA00129D686F00822274 /* KAutocompleteTextField.mm */,
				3A62BA0A129D6A0100822274 /* KAutocompleteTextFieldDelegate.h */,
				3A8411C0129D615800F4A36D /* KAutocompleteTextFieldCell.h */,
				3A8411C1129D615800F4A36D /* KAutocompleteTextFieldCell.mm */,
				3A62BA47129D756100822274 /* KAutocompleteTextFieldEditor.h */,
				3A62BA48129D756100822274 /* KAutocompleteTextFieldEditor.mm */,
				3A62B9E4129D652700822274 /* KTextFieldDecoration.h */,
				3A62B9E5129D652700822274 /* KTextFieldDecoration.mm */,
				3A811A7B12AE813800BC08AE /* KModeTextFieldDecoration.h */,
				3A811A7C12AE813800BC08AE /* KModeTextFieldDecoration.mm */,
			);
			name = "Location bar";
			sourceTree = "<group>";
		};
		3ABF539712A5D5360020233C /* Main views */ = {
			isa = PBXGroup;
			children = (
				3ABF539412A5D52F0020233C /* KSplitView.h */,
				3ABF539512A5D52F0020233C /* KSplitView.m */,
				3A84117D129D5C8800F4A36D /* Toolbar */,
				3AB97BD312B2834D00F4ADB2 /* Status bar */,
				3AE5E8D012916F2500B17C4F /* Scrollbar */,
				3AEC6C8712BC12D700F769DB /* Editor */,
				3AF39DAF12BE9C7300FC534A /* Pop-ups */,
			);
			name = "Main views";
			sourceTree = "<group>";
		};
		3ABF56AE12A69F9D0020233C /* Style */ = {
			isa = PBXGroup;
			children = (
				3A159683128C432800339E6E /* KStyle.h */,
				3A159684128C432800339E6E /* KStyle.mm */,
				3A25E4B51281AE3700B6A33E /* KStyleElement.h */,
				3A25E4B61281AE3700B6A33E /* KStyleElement.mm */,
			);
			name = Style;
			sourceTree = "<group>";
		};
		3AE5E8AA12915ABA00B17C4F /* Products */ = {
			isa = PBXGroup;
			children = (
				3AE5E8B312915ABA00B17C4F /* CSS.framework */,
				3AE5E8B512915ABA00B17C4F /* CSS Example.app */,
			);
			name = Products;
			sourceTree = "<group>";
		};
		3AE5E8D012916F2500B17C4F /* Scrollbar */ = {
			isa = PBXGroup;
			children = (
				3A7E74A512873A7100D85E4C /* KScroller.h */,
				3A7E74A612873A7100D85E4C /* KScroller.m */,
			);
			name = Scrollbar;
			sourceTree = "<group>";
		};
		3AE5E8D112916F3300B17C4F /* Base */ = {
			isa = PBXGroup;
			children = (
				3A92912B1229BB5100DA7E43 /* prefix.pch */,
				3A159448128B7B9500339E6E /* common.h */,
				3A62B9D1129D63AA00822274 /* basictypes.h */,
				3A62BE75129E0C3100822274 /* virtual_key_codes.h */,
				3A62B9DF129D63F000822274 /* scoped_nsobject.h */,
				3ABF483812A406AF0020233C /* hdispatch.h */,
				3A78955C12B043B400D08FD5 /* hdispatch.m */,
				3A6D4B03129591F300DBA2A3 /* kexceptions.h */,
				3A6D4B04129591F300DBA2A3 /* kexceptions.m */,
				3A1596E5128C607700339E6E /* hobjc.h */,
				3A93B4E5129B67CB00185857 /* KRUsage.hh */,
				3A93AB82129ADA5500185857 /* hatomic_flags.h */,
				3A6D47431294950700DBA2A3 /* HObjCPtr.h */,
				3A6D468F12947B6000DBA2A3 /* HSpinLock.h */,
				3A15968A128C501C00339E6E /* HSemaphore.h */,
				3A6D468812947AF700DBA2A3 /* HUnorderedMap.h */,
				3A6D468912947AF700DBA2A3 /* HUnorderedMap.cc */,
				3A74A4D1129FF6E000BB5503 /* HUTF8MappedUTF16String.h */,
				3A74A4D2129FF6E000BB5503 /* HUTF8MappedUTF16String.mm */,
				3AE5EA551292B2D000B17C4F /* kconf.h */,
				3AAC02B712BD1110001BDC39 /* kconf.m */,
				3AF3A0A312BF7F6400FC534A /* KAnimation.h */,
				3AF3A0A412BF7F6400FC534A /* KAnimation.m */,
				3AE5ECB41292F7B800B17C4F /* KThread.h */,
				3AE5ECB51292F7B800B17C4F /* KThread.mm */,
			);
			name = Base;
			sourceTree = "<group>";
		};
		3AE5E8D212916F4100B17C4F /* NS categories */ = {
			isa = PBXGroup;
			children = (
				3A93A83E1299E14300185857 /* NSURL-blocks.h */,
				3A93A83F1299E14300185857 /* NSURL-blocks.m */,
				3A9293651229E49A00DA7E43 /* NSError+KAdditions.h */,
				3A9293661229E49A00DA7E43 /* NSError+KAdditions.m */,
				3A25E60E1281CFEF00B6A33E /* NSColor-web.h */,
				3A25E60F1281CFEF00B6A33E /* NSColor-web.m */,
				3A4D50EB1282E40300B06EEB /* NSString-utf8-range-conv.h */,
				3A4D50EC1282E40300B06EEB /* NSString-utf8-range-conv.m */,
				3A159310128B581E00339E6E /* NSString-ranges.h */,
				3A159311128B581E00339E6E /* NSString-ranges.m */,
				3A159369128B619800339E6E /* NSString-intern.h */,
				3A15936A128B619800339E6E /* NSString-intern.m */,
				3A15949D128B83F100339E6E /* NSString-cpp.h */,
				3A15949E128B83F100339E6E /* NSString-cpp.mm */,
				3ABF4F3C12A55AFC0020233C /* NSString-editdistance.h */,
				3ABF4F3D12A55AFC0020233C /* NSString-editdistance.m */,
				3A4CB3DF12B1872300B45858 /* NSString-data.h */,
				3A4CB3E012B1872300B45858 /* NSString-data.m */,
				3A6D4D691295F0BA00DBA2A3 /* NSCharacterSet-kod.h */,
				3A6D4D6A1295F0BA00DBA2A3 /* NSCharacterSet-kod.m */,
				3A62BAA3129D84F900822274 /* NSMutableArray-kod.h */,
				3A62BAA4129D84F900822274 /* NSMutableArray-kod.m */,
				3ABF49BE12A450660020233C /* NSView-kod.h */,
				3ABF49BF12A450660020233C /* NSView-kod.mm */,
				3ABF4C6B12A48E7D0020233C /* NSData-kod.h */,
				3ABF4C6C12A48E7D0020233C /* NSData-kod.mm */,
			);
			name = "NS categories";
			sourceTree = "<group>";
		};
		3AEC6C8712BC12D700F769DB /* Editor */ = {
			isa = PBXGroup;
			children = (
				3A7E751D1287403100D85E4C /* KScrollView.h */,
				3A7E751E1287403100D85E4C /* KScrollView.m */,
				3ABF541D12A5DC6F0020233C /* KClipView.h */,
				3ABF541E12A5DC6F0020233C /* KClipView.m */,
				3ABF540E12A5DB1D0020233C /* KTextView.h */,
				3ABF540F12A5DB1D0020233C /* KTextView.m */,
				3AEC6C8B12BC12FB00F769DB /* KLineNumberMarker.h */,
				3AEC6C8C12BC12FB00F769DB /* KLineNumberMarker.m */,
				3AEC6C8D12BC12FB00F769DB /* KMetaRulerView.h */,
				3AEC6C8E12BC12FB00F769DB /* KMetaRulerView.mm */,
				3AEC6C9112BC14EE00F769DB /* KMetaRulerView2.h */,
				3AEC6C9212BC14EE00F769DB /* KMetaRulerView2.mm */,
			);
			name = Editor;
			sourceTree = "<group>";
		};
		3AF39DAF12BE9C7300FC534A /* Pop-ups */ = {
			isa = PBXGroup;
			children = (
				3AF39DB012BE9C8A00FC534A /* KPopUp.h */,
				3AF39DB112BE9C8A00FC534A /* KPopUp.m */,
				3AF39DE012BEC15E00FC534A /* KPopUpContentView.h */,
				3AF39DE112BEC15E00FC534A /* KPopUpContentView.m */,
			);
			name = "Pop-ups";
			sourceTree = "<group>";
		};
/* End PBXGroup section */

/* Begin PBXNativeTarget section */
		3A928C1F1227151800DA7E43 /* Kod */ = {
			isa = PBXNativeTarget;
			buildConfigurationList = 3A928C261227151900DA7E43 /* Build configuration list for PBXNativeTarget "Kod" */;
			buildPhases = (
				3A928C1C1227151800DA7E43 /* Resources */,
				3A928C1D1227151800DA7E43 /* Sources */,
				3A928C1E1227151800DA7E43 /* Frameworks */,
				3A9291381229BBB600DA7E43 /* Copy Frameworks */,
				3A40F8DA12AFEB89007B5879 /* Copy Support Files */,
				3AAAA16012C00F160079F079 /* Run Script: Breakpad */,
				3AAAA17612C012CD0079F079 /* Run Script: Strip */,
				3AAAA19712C0179E0079F079 /* Run Script: Clean */,
			);
			buildRules = (
			);
			dependencies = (
				3A929AEC122B1A0400DA7E43 /* PBXTargetDependency */,
				3AE5E8B712915AC600B17C4F /* PBXTargetDependency */,
			);
			name = Kod;
			productName = Kod;
			productReference = 3A928C201227151800DA7E43 /* Kod.app */;
			productType = "com.apple.product-type.application";
		};
/* End PBXNativeTarget section */

/* Begin PBXProject section */
		3A928BEF1227143800DA7E43 /* Project object */ = {
			isa = PBXProject;
			buildConfigurationList = 3A928BF21227143800DA7E43 /* Build configuration list for PBXProject "kod" */;
			compatibilityVersion = "Xcode 3.2";
			developmentRegion = English;
			hasScannedForEncodings = 0;
			knownRegions = (
				English,
				Japanese,
				French,
				German,
			);
			mainGroup = 3A928BED1227143800DA7E43;
			productRefGroup = 3A928C211227151800DA7E43 /* Products */;
			projectDirPath = "";
			projectReferences = (
				{
					ProductGroup = 3A9297DF122AB49D00DA7E43 /* Products */;
					ProjectRef = 3A92916A1229BDAA00DA7E43 /* chromium-tabs.xcodeproj */;
				},
				{
					ProductGroup = 3AE5E8AA12915ABA00B17C4F /* Products */;
					ProjectRef = 3AE5E8A912915ABA00B17C4F /* CSS.xcodeproj */;
				},
			);
			projectRoot = "";
			targets = (
				3A928C1F1227151800DA7E43 /* Kod */,
				3AAA9FB312BFC8890079F079 /* Distribute */,
			);
		};
/* End PBXProject section */

/* Begin PBXReferenceProxy section */
		3A9297E4122AB49D00DA7E43 /* ChromiumTabs.framework */ = {
			isa = PBXReferenceProxy;
			fileType = wrapper.framework;
			path = ChromiumTabs.framework;
			remoteRef = 3A9297E3122AB49D00DA7E43 /* PBXContainerItemProxy */;
			sourceTree = BUILT_PRODUCTS_DIR;
		};
		3A9297E6122AB49D00DA7E43 /* Chromium Tabs.app */ = {
			isa = PBXReferenceProxy;
			fileType = wrapper.application;
			path = "Chromium Tabs.app";
			remoteRef = 3A9297E5122AB49D00DA7E43 /* PBXContainerItemProxy */;
			sourceTree = BUILT_PRODUCTS_DIR;
		};
		3AE5E8B312915ABA00B17C4F /* CSS.framework */ = {
			isa = PBXReferenceProxy;
			fileType = wrapper.framework;
			path = CSS.framework;
			remoteRef = 3AE5E8B212915ABA00B17C4F /* PBXContainerItemProxy */;
			sourceTree = BUILT_PRODUCTS_DIR;
		};
		3AE5E8B512915ABA00B17C4F /* CSS Example.app */ = {
			isa = PBXReferenceProxy;
			fileType = wrapper.application;
			path = "CSS Example.app";
			remoteRef = 3AE5E8B412915ABA00B17C4F /* PBXContainerItemProxy */;
			sourceTree = BUILT_PRODUCTS_DIR;
		};
/* End PBXReferenceProxy section */

/* Begin PBXResourcesBuildPhase section */
		3A928C1C1227151800DA7E43 /* Resources */ = {
			isa = PBXResourcesBuildPhase;
			buildActionMask = 2147483647;
			files = (
				3A9291DF1229BFCD00DA7E43 /* MainMenu.xib in Resources */,
				3A9291181229B93C00DA7E43 /* Toolbar.xib in Resources */,
				3A7E71131286EAE800D85E4C /* BrowserWindow.xib in Resources */,
				3A158DF4128A282F00339E6E /* style in Resources */,
				3A158E4C128A296100339E6E /* lang in Resources */,
				3AE5E5171290955000B17C4F /* kod.icns in Resources */,
				3A40F92F12AFF21A007B5879 /* main.js in Resources */,
				3AAC03F012BD2FC2001BDC39 /* sidebar-closed.png in Resources */,
				3AAC03F112BD2FC2001BDC39 /* sidebar-open.png in Resources */,
				3AAA9F6612BFBB010079F079 /* dsa_pub.pem in Resources */,
			);
			runOnlyForDeploymentPostprocessing = 0;
		};
/* End PBXResourcesBuildPhase section */

/* Begin PBXShellScriptBuildPhase section */
		3AAA9FB212BFC8890079F079 /* ShellScript */ = {
			isa = PBXShellScriptBuildPhase;
			buildActionMask = 2147483647;
			files = (
			);
			inputPaths = (
			);
			outputPaths = (
			);
			runOnlyForDeploymentPostprocessing = 0;
			shellPath = /bin/sh;
			shellScript = "/bin/bash admin/distribution.sh\nexit $?";
		};
		3AAAA16012C00F160079F079 /* Run Script: Breakpad */ = {
			isa = PBXShellScriptBuildPhase;
			buildActionMask = 8;
			files = (
			);
			inputPaths = (
			);
			name = "Run Script: Breakpad";
			outputPaths = (
			);
			runOnlyForDeploymentPostprocessing = 1;
			shellPath = /bin/sh;
			shellScript = "#!/bin/sh\nPROD=\"$BUILT_PRODUCTS_DIR/$EXECUTABLE_PATH\"\nif (nm \"$PROD\" | grep --silent KAppDelegate) ;then\n  VERSION=$(defaults read \"$BUILT_PRODUCTS_DIR/$TARGET_NAME.app/Contents/Info\" CFBundleVersion)\n  BREAKPAD_PREFIX=\"$BUILT_PRODUCTS_DIR/$TARGET_NAME-$VERSION\"\n  \"admin/dump_syms\" -a x86_64 \"$PROD\" > \"$BREAKPAD_PREFIX-x86_64.breakpad\" || exit $?\n  \"admin/dump_syms\" -a i386 \"$PROD\" > \"$BREAKPAD_PREFIX-i386.breakpad\" || exit $?\nelse\n  echo 'Breakpad: product already stripped (can not extract symbols)'\nfi\nexit 0";
			showEnvVarsInLog = 0;
		};
		3AAAA17612C012CD0079F079 /* Run Script: Strip */ = {
			isa = PBXShellScriptBuildPhase;
			buildActionMask = 8;
			files = (
			);
			inputPaths = (
			);
			name = "Run Script: Strip";
			outputPaths = (
			);
			runOnlyForDeploymentPostprocessing = 1;
			shellPath = /bin/sh;
			shellScript = "#!/bin/sh\n/usr/bin/strip -S -r -x \"$BUILT_PRODUCTS_DIR/$EXECUTABLE_PATH\"\n";
			showEnvVarsInLog = 0;
		};
		3AAAA19712C0179E0079F079 /* Run Script: Clean */ = {
			isa = PBXShellScriptBuildPhase;
			buildActionMask = 8;
			files = (
			);
			inputPaths = (
			);
			name = "Run Script: Clean";
			outputPaths = (
			);
			runOnlyForDeploymentPostprocessing = 1;
			shellPath = /bin/sh;
			shellScript = "/usr/bin/find \"$BUILT_PRODUCTS_DIR/$FRAMEWORKS_FOLDER_PATH\" -iname '*.h' -exec rm '{}' ';'";
			showEnvVarsInLog = 0;
		};
/* End PBXShellScriptBuildPhase section */

/* Begin PBXSourcesBuildPhase section */
		3A928C1D1227151800DA7E43 /* Sources */ = {
			isa = PBXSourcesBuildPhase;
			buildActionMask = 2147483647;
			files = (
				3A78955D12B043B400D08FD5 /* hdispatch.m in Sources */,
				3A9291C51229BF7500DA7E43 /* main.m in Sources */,
				3A9291C61229BFAD00DA7E43 /* KAppDelegate.mm in Sources */,
				3A9291C71229BFB000DA7E43 /* KBrowser.mm in Sources */,
				3A92911B1229B96A00DA7E43 /* KTabContents.mm in Sources */,
				3A92911E1229B9D500DA7E43 /* KToolbarController.mm in Sources */,
				3A9292991229D31200DA7E43 /* KBrowserWindowController.mm in Sources */,
				3A9293671229E49A00DA7E43 /* NSError+KAdditions.m in Sources */,
				3A9293CC1229ED4C00DA7E43 /* KDocumentController.mm in Sources */,
				3A25E4B71281AE3700B6A33E /* KStyleElement.mm in Sources */,
				3A25E6101281CFEF00B6A33E /* NSColor-web.m in Sources */,
				3A4D50ED1282E40300B06EEB /* NSString-utf8-range-conv.m in Sources */,
				3A7E71801286F44D00D85E4C /* KFileOutlineView.mm in Sources */,
				3A7E71831286F54A00D85E4C /* KFileTextFieldCell.mm in Sources */,
				3A7E71901286F71100D85E4C /* KFileTreeNodeData.mm in Sources */,
				3A7E723B1287024100D85E4C /* KFileTreeController.mm in Sources */,
				3A7E74A712873A7100D85E4C /* KScroller.m in Sources */,
				3A7E751F1287403100D85E4C /* KScrollView.m in Sources */,
				3A158ADB128A09D300339E6E /* ICUMatcher.m in Sources */,
				3A158ADC128A09D300339E6E /* ICUPattern.m in Sources */,
				3A158ADE128A09D300339E6E /* NSStringICUAdditions.m in Sources */,
				3A159312128B581E00339E6E /* NSString-ranges.m in Sources */,
				3A15936B128B619800339E6E /* NSString-intern.m in Sources */,
				3A15949F128B83F100339E6E /* NSString-cpp.mm in Sources */,
				3A159629128C3BCB00339E6E /* KSourceHighlighter.mm in Sources */,
				3A159685128C432800339E6E /* KStyle.mm in Sources */,
				3AF14C42128D792F00623011 /* KLangRegexRuleFactory.mm in Sources */,
				3AF14D20128D928A00623011 /* KLangSymbol.mm in Sources */,
				3AE5ECB61292F7B800B17C4F /* KThread.mm in Sources */,
				3A6D468A12947AF700DBA2A3 /* HUnorderedMap.cc in Sources */,
				3A6D4A3B1295781D00DBA2A3 /* KLangManager.mm in Sources */,
				3A6D4B05129591F300DBA2A3 /* kexceptions.m in Sources */,
				3A6D4B681295A85400DBA2A3 /* KLangMap.mm in Sources */,
				3A6D4D6B1295F0BA00DBA2A3 /* NSCharacterSet-kod.m in Sources */,
				3AC4FADC1296D049004CDCFD /* KLangMapLinePattern.mm in Sources */,
				3AC2D3FD1298C40A0066B586 /* KSourceHighlightState.mm in Sources */,
				3AC2D4A71298D8050066B586 /* KTextStorage.mm in Sources */,
				3A93A8401299E14300185857 /* NSURL-blocks.m in Sources */,
				3A841180129D5CAE00F4A36D /* KTextField.mm in Sources */,
				3A841183129D5D5C00F4A36D /* KTextFieldCell.mm in Sources */,
				3A8411C2129D615800F4A36D /* KAutocompleteTextFieldCell.mm in Sources */,
				3A62B9E6129D652700822274 /* KTextFieldDecoration.mm in Sources */,
				3A62BA01129D686F00822274 /* KAutocompleteTextField.mm in Sources */,
				3A62BA49129D756100822274 /* KAutocompleteTextFieldEditor.mm in Sources */,
				3A62BAA5129D84F900822274 /* NSMutableArray-kod.m in Sources */,
				3A62BB4E129D9E9D00822274 /* KLocationBarController.mm in Sources */,
				3A74A4D3129FF6E000BB5503 /* HUTF8MappedUTF16String.mm in Sources */,
				3ABF49C012A450660020233C /* NSView-kod.mm in Sources */,
				3ABF4C6D12A48E7D0020233C /* NSData-kod.mm in Sources */,
				3ABF4F3E12A55AFC0020233C /* NSString-editdistance.m in Sources */,
				3ABF539612A5D52F0020233C /* KSplitView.m in Sources */,
				3ABF541012A5DB1D0020233C /* KTextView.m in Sources */,
				3ABF541F12A5DC6F0020233C /* KClipView.m in Sources */,
				3A811A6E12AE7DE600BC08AE /* HDProcess.m in Sources */,
				3A811A6F12AE7DE600BC08AE /* HDSemaphore.m in Sources */,
				3A811A7012AE7DE600BC08AE /* HDStream.m in Sources */,
				3A811A7112AE7DE600BC08AE /* HEventEmitter.m in Sources */,
				3A811A7212AE7DE600BC08AE /* HRefcountLogger.m in Sources */,
				3A811A7312AE7DE600BC08AE /* NSThread-condensedStackTrace.m in Sources */,
				3A811A7D12AE813800BC08AE /* KModeTextFieldDecoration.mm in Sources */,
				3A40F8C612AFE5F7007B5879 /* KNodeProcess.m in Sources */,
				3A40FA6612B02FD0007B5879 /* NSObject+SBJSON.m in Sources */,
				3A40FA6712B02FD0007B5879 /* NSString+SBJSON.m in Sources */,
				3A40FA6912B02FD0007B5879 /* SBJsonParser.m in Sources */,
				3A40FA6A12B02FD0007B5879 /* SBJsonWriter.m in Sources */,
				3A4CB3E112B1872300B45858 /* NSString-data.m in Sources */,
				3A4CB3FD12B1897B00B45858 /* SBJsonStreamWriter.m in Sources */,
				3AB97BD612B2836800F4ADB2 /* KStatusBarView.m in Sources */,
				3AB97C3612B2893C00F4ADB2 /* KStatusBarController.mm in Sources */,
				3AB97D4512B2990500F4ADB2 /* BWSplitView.m in Sources */,
				3AB97D4C12B2993200F4ADB2 /* NSColor+BWAdditions.m in Sources */,
				3AB97D4F12B2993C00F4ADB2 /* NSEvent+BWAdditions.m in Sources */,
				3AB97D5412B2998C00F4ADB2 /* BWAnchoredButton.m in Sources */,
				3AB97D5512B2998C00F4ADB2 /* BWAnchoredButtonBar.m in Sources */,
				3AB97D5D12B2999B00F4ADB2 /* NSView+BWAdditions.m in Sources */,
				3AB97DA612B2A00F00F4ADB2 /* BWCustomView.m in Sources */,
				3AB97DAC12B2A02300F4ADB2 /* NSApplication+BWAdditions.m in Sources */,
				3AB97DAD12B2A02300F4ADB2 /* NSWindow+BWAdditions.m in Sources */,
				3AEC6C8F12BC12FB00F769DB /* KLineNumberMarker.m in Sources */,
				3AEC6C9012BC12FB00F769DB /* KMetaRulerView.mm in Sources */,
				3AAC02B812BD1110001BDC39 /* kconf.m in Sources */,
				3AF39D1C12BE8C2400FC534A /* shared-dispatch-queues.c in Sources */,
				3AF39DB212BE9C8A00FC534A /* KPopUp.m in Sources */,
				3AF39DE212BEC15E00FC534A /* KPopUpContentView.m in Sources */,
				3AF3A0A512BF7F6400FC534A /* KAnimation.m in Sources */,
			);
			runOnlyForDeploymentPostprocessing = 0;
		};
/* End PBXSourcesBuildPhase section */

/* Begin PBXTargetDependency section */
		3A929AEC122B1A0400DA7E43 /* PBXTargetDependency */ = {
			isa = PBXTargetDependency;
			name = ChromiumTabs;
			targetProxy = 3A929AEB122B1A0400DA7E43 /* PBXContainerItemProxy */;
		};
		3AAA9FB712BFC8900079F079 /* PBXTargetDependency */ = {
			isa = PBXTargetDependency;
			target = 3A928C1F1227151800DA7E43 /* Kod */;
			targetProxy = 3AAA9FB612BFC8900079F079 /* PBXContainerItemProxy */;
		};
		3AE5E8B712915AC600B17C4F /* PBXTargetDependency */ = {
			isa = PBXTargetDependency;
			name = CSS;
			targetProxy = 3AE5E8B612915AC600B17C4F /* PBXContainerItemProxy */;
		};
/* End PBXTargetDependency section */

/* Begin XCBuildConfiguration section */
		3A928BF01227143800DA7E43 /* Debug */ = {
			isa = XCBuildConfiguration;
			buildSettings = {
				ARCHS = "$(ARCHS_STANDARD_32_64_BIT)";
				COPY_PHASE_STRIP = NO;
			};
			name = Debug;
		};
		3A928BF11227143800DA7E43 /* Release */ = {
			isa = XCBuildConfiguration;
			buildSettings = {
				ARCHS = "$(ARCHS_STANDARD_32_64_BIT)";
				COPY_PHASE_STRIP = YES;
			};
			name = Release;
		};
		3A928C241227151800DA7E43 /* Debug */ = {
			isa = XCBuildConfiguration;
			buildSettings = {
				ALWAYS_SEARCH_USER_PATHS = NO;
				COPY_PHASE_STRIP = NO;
				FRAMEWORK_SEARCH_PATHS = (
					"$(inherited)",
					"$(FRAMEWORK_SEARCH_PATHS_QUOTED_FOR_TARGET_1)",
					"$(FRAMEWORK_SEARCH_PATHS_QUOTED_FOR_TARGET_2)",
					"$(FRAMEWORK_SEARCH_PATHS_QUOTED_FOR_TARGET_3)",
					"$(FRAMEWORK_SEARCH_PATHS_QUOTED_FOR_TARGET_4)",
					"$(FRAMEWORK_SEARCH_PATHS_QUOTED_FOR_TARGET_5)",
					"\"$(SRCROOT)/deps/syck/ext/cocoa/build/Development\"",
					"\"$(SRCROOT)/deps/syck/ext/cocoa/build/Deployment\"",
					"\"$(SRCROOT)/deps/libcss/cocoa-framework/build/Release\"",
					"\"$(SRCROOT)/deps\"",
				);
				FRAMEWORK_SEARCH_PATHS_QUOTED_FOR_TARGET_1 = "\"$(SRCROOT)\"";
				FRAMEWORK_SEARCH_PATHS_QUOTED_FOR_TARGET_2 = "\"$(SRCROOT)/../chromium-tabs/build/Debug\"";
				FRAMEWORK_SEARCH_PATHS_QUOTED_FOR_TARGET_3 = "\"$(SYSTEM_LIBRARY_DIR)/Frameworks/WebKit.framework/Versions/A/Frameworks\"";
				FRAMEWORK_SEARCH_PATHS_QUOTED_FOR_TARGET_4 = "\"$(SRCROOT)/../libcss/cocoa-framework/build/Release\"";
				FRAMEWORK_SEARCH_PATHS_QUOTED_FOR_TARGET_5 = "\"$(SRCROOT)/deps/libcss/cocoa-framework/build/Release\"";
				GCC_C_LANGUAGE_STANDARD = gnu99;
				GCC_DYNAMIC_NO_PIC = NO;
				GCC_ENABLE_EXCEPTIONS = NO;
				GCC_ENABLE_FIX_AND_CONTINUE = YES;
				GCC_MODEL_TUNING = G5;
				GCC_OPTIMIZATION_LEVEL = 0;
				GCC_PRECOMPILE_PREFIX_HEADER = YES;
				GCC_PREFIX_HEADER = src/prefix.pch;
				GCC_PREPROCESSOR_DEFINITIONS = "K_WITH_F_SCRIPT=1";
				GCC_VERSION = com.apple.compilers.llvm.clang.1_0;
				HEADER_SEARCH_PATHS = (
					src/ICU/include,
					"$(HEADER_SEARCH_PATHS_QUOTED_FOR_TARGET_1)",
					"deps/libcss/cocoa-framework/build/Release/CSS.framework/Headers",
					/opt/local/include,
				);
				HEADER_SEARCH_PATHS_QUOTED_FOR_TARGET_1 = "\"$(SRCROOT)/deps/srchilight/include\"";
				INFOPLIST_FILE = resources/Info.plist;
				INSTALL_PATH = "$(HOME)/Applications";
				LD_RUNPATH_SEARCH_PATHS = "@loader_path/../Frameworks";
				LIBRARY_SEARCH_PATHS = (
					"$(inherited)",
					"$(LIBRARY_SEARCH_PATHS_QUOTED_FOR_TARGET_1)",
					"$(LIBRARY_SEARCH_PATHS_QUOTED_FOR_TARGET_2)",
				);
				LIBRARY_SEARCH_PATHS_QUOTED_FOR_TARGET_1 = "\"$(SRCROOT)/deps/srchilight\"";
				LIBRARY_SEARCH_PATHS_QUOTED_FOR_TARGET_2 = "\"$(SRCROOT)/deps/boost\"";
				MACOSX_DEPLOYMENT_TARGET = 10.6;
				ONLY_ACTIVE_ARCH = YES;
				OTHER_LDFLAGS = (
					"-framework",
					Foundation,
					"-framework",
					AppKit,
				);
				PREBINDING = NO;
				PRODUCT_NAME = Kod;
				SDKROOT = macosx10.6;
			};
			name = Debug;
		};
		3A928C251227151800DA7E43 /* Release */ = {
			isa = XCBuildConfiguration;
			buildSettings = {
				ALWAYS_SEARCH_USER_PATHS = NO;
				COPY_PHASE_STRIP = NO;
				DEAD_CODE_STRIPPING = YES;
				DEBUG_INFORMATION_FORMAT = dwarf;
				DEPLOYMENT_POSTPROCESSING = YES;
				FRAMEWORK_SEARCH_PATHS = (
					"$(inherited)",
					"$(FRAMEWORK_SEARCH_PATHS_QUOTED_FOR_TARGET_1)",
					"$(FRAMEWORK_SEARCH_PATHS_QUOTED_FOR_TARGET_2)",
					"$(FRAMEWORK_SEARCH_PATHS_QUOTED_1)",
					"$(FRAMEWORK_SEARCH_PATHS_QUOTED_FOR_TARGET_3)",
					"$(FRAMEWORK_SEARCH_PATHS_QUOTED_FOR_TARGET_4)",
					"\"$(SRCROOT)/deps/syck/ext/cocoa/build/Development\"",
					"\"$(SRCROOT)/deps/syck/ext/cocoa/build/Deployment\"",
					"\"$(SRCROOT)/deps/libcss/cocoa-framework/build/Release\"",
					"\"$(SRCROOT)/deps\"",
				);
				FRAMEWORK_SEARCH_PATHS_QUOTED_1 = "\"$(SYSTEM_LIBRARY_DIR)/Frameworks/WebKit.framework/Versions/A/Frameworks\"";
				FRAMEWORK_SEARCH_PATHS_QUOTED_FOR_TARGET_1 = "\"$(SRCROOT)\"";
				FRAMEWORK_SEARCH_PATHS_QUOTED_FOR_TARGET_2 = "\"$(SRCROOT)/../chromium-tabs/build/Debug\"";
				FRAMEWORK_SEARCH_PATHS_QUOTED_FOR_TARGET_3 = "\"$(SRCROOT)/../libcss/cocoa-framework/build/Release\"";
				FRAMEWORK_SEARCH_PATHS_QUOTED_FOR_TARGET_4 = "\"$(SRCROOT)/deps/libcss/cocoa-framework/build/Release\"";
				GCC_AUTO_VECTORIZATION = YES;
				GCC_C_LANGUAGE_STANDARD = gnu99;
				GCC_DEBUGGING_SYMBOLS = used;
				GCC_ENABLE_EXCEPTIONS = NO;
				GCC_ENABLE_FIX_AND_CONTINUE = NO;
				GCC_ENABLE_SSE3_EXTENSIONS = YES;
				GCC_ENABLE_SSE41_EXTENSIONS = YES;
				GCC_ENABLE_SSE42_EXTENSIONS = YES;
				GCC_ENABLE_SUPPLEMENTAL_SSE3_INSTRUCTIONS = YES;
				GCC_GENERATE_DEBUGGING_SYMBOLS = YES;
				GCC_MODEL_TUNING = G5;
				GCC_PRECOMPILE_PREFIX_HEADER = YES;
				GCC_PREFIX_HEADER = src/prefix.pch;
				GCC_PREPROCESSOR_DEFINITIONS = "NDEBUG=1";
				GCC_VERSION = com.apple.compilers.llvm.clang.1_0;
				HEADER_SEARCH_PATHS = (
					src/ICU/include,
					"$(HEADER_SEARCH_PATHS_QUOTED_FOR_TARGET_1)",
					"deps/libcss/cocoa-framework/build/Release/CSS.framework/Headers",
					/opt/local/include,
				);
				HEADER_SEARCH_PATHS_QUOTED_FOR_TARGET_1 = "\"$(SRCROOT)/deps/srchilight/include\"";
				INFOPLIST_FILE = resources/Info.plist;
				INSTALL_PATH = "$(HOME)/Applications";
				LD_RUNPATH_SEARCH_PATHS = "@loader_path/../Frameworks";
				LIBRARY_SEARCH_PATHS = (
					"$(inherited)",
					"$(LIBRARY_SEARCH_PATHS_QUOTED_FOR_TARGET_1)",
					"$(LIBRARY_SEARCH_PATHS_QUOTED_FOR_TARGET_2)",
				);
				LIBRARY_SEARCH_PATHS_QUOTED_FOR_TARGET_1 = "\"$(SRCROOT)/deps/srchilight\"";
				LIBRARY_SEARCH_PATHS_QUOTED_FOR_TARGET_2 = "\"$(SRCROOT)/deps/boost\"";
				MACOSX_DEPLOYMENT_TARGET = 10.6;
				OTHER_LDFLAGS = (
					"-framework",
					Foundation,
					"-framework",
					AppKit,
				);
				PREBINDING = NO;
				PRESERVE_DEAD_CODE_INITS_AND_TERMS = YES;
				PRODUCT_NAME = Kod;
				SDKROOT = macosx10.6;
				SEPARATE_STRIP = YES;
				STRIP_INSTALLED_PRODUCT = NO;
				VALID_ARCHS = "i386 x86_64";
				ZERO_LINK = NO;
			};
			name = Release;
		};
		3AAA9FB412BFC8890079F079 /* Debug */ = {
			isa = XCBuildConfiguration;
			buildSettings = {
				COPY_PHASE_STRIP = NO;
				GCC_DYNAMIC_NO_PIC = NO;
				GCC_OPTIMIZATION_LEVEL = 0;
				PRODUCT_NAME = Distribute;
			};
			name = Debug;
		};
		3AAA9FB512BFC8890079F079 /* Release */ = {
			isa = XCBuildConfiguration;
			buildSettings = {
				COPY_PHASE_STRIP = YES;
				DEBUG_INFORMATION_FORMAT = "dwarf-with-dsym";
				GCC_ENABLE_FIX_AND_CONTINUE = NO;
				PRODUCT_NAME = Distribute;
				ZERO_LINK = NO;
			};
			name = Release;
		};
/* End XCBuildConfiguration section */

/* Begin XCConfigurationList section */
		3A928BF21227143800DA7E43 /* Build configuration list for PBXProject "kod" */ = {
			isa = XCConfigurationList;
			buildConfigurations = (
				3A928BF01227143800DA7E43 /* Debug */,
				3A928BF11227143800DA7E43 /* Release */,
			);
			defaultConfigurationIsVisible = 0;
			defaultConfigurationName = Release;
		};
		3A928C261227151900DA7E43 /* Build configuration list for PBXNativeTarget "Kod" */ = {
			isa = XCConfigurationList;
			buildConfigurations = (
				3A928C241227151800DA7E43 /* Debug */,
				3A928C251227151800DA7E43 /* Release */,
			);
			defaultConfigurationIsVisible = 0;
			defaultConfigurationName = Release;
		};
		3AAA9FBA12BFC8B50079F079 /* Build configuration list for PBXAggregateTarget "Distribute" */ = {
			isa = XCConfigurationList;
			buildConfigurations = (
				3AAA9FB412BFC8890079F079 /* Debug */,
				3AAA9FB512BFC8890079F079 /* Release */,
			);
			defaultConfigurationIsVisible = 0;
			defaultConfigurationName = Release;
		};
/* End XCConfigurationList section */
	};
	rootObject = 3A928BEF1227143800DA7E43 /* Project object */;
}
