// !$*UTF8*$!
{
	archiveVersion = 1;
	classes = {
	};
	objectVersion = 42;
	objects = {

/* Begin PBXBuildFile section */
		3A025A971288B2A300206ECF /* KHighlightState.mm in Sources */ = {isa = PBXBuildFile; fileRef = 3A025A961288B2A300206ECF /* KHighlightState.mm */; };
		3A1585681289791200339E6E /* KHighlightEventListener.mm in Sources */ = {isa = PBXBuildFile; fileRef = 3A1585671289791200339E6E /* KHighlightEventListener.mm */; };
		3A158ADB128A09D300339E6E /* ICUMatcher.m in Sources */ = {isa = PBXBuildFile; fileRef = 3A158AD5128A09D300339E6E /* ICUMatcher.m */; };
		3A158ADC128A09D300339E6E /* ICUPattern.m in Sources */ = {isa = PBXBuildFile; fileRef = 3A158AD7128A09D300339E6E /* ICUPattern.m */; };
		3A158ADE128A09D300339E6E /* NSStringICUAdditions.m in Sources */ = {isa = PBXBuildFile; fileRef = 3A158ADA128A09D300339E6E /* NSStringICUAdditions.m */; };
		3A158AFF128A0A3700339E6E /* libicucore.dylib in Frameworks */ = {isa = PBXBuildFile; fileRef = 3A158AFE128A0A3700339E6E /* libicucore.dylib */; };
		3A158D98128A27E100339E6E /* ada.lang in Copy lang files */ = {isa = PBXBuildFile; fileRef = 3A158D43128A27DB00339E6E /* ada.lang */; };
		3A158D99128A27E100339E6E /* applescript.lang in Copy lang files */ = {isa = PBXBuildFile; fileRef = 3A158D44128A27DB00339E6E /* applescript.lang */; };
		3A158D9A128A27E100339E6E /* asm.lang in Copy lang files */ = {isa = PBXBuildFile; fileRef = 3A158D45128A27DB00339E6E /* asm.lang */; };
		3A158D9B128A27E100339E6E /* awk.lang in Copy lang files */ = {isa = PBXBuildFile; fileRef = 3A158D46128A27DB00339E6E /* awk.lang */; };
		3A158D9C128A27E100339E6E /* bat.lang in Copy lang files */ = {isa = PBXBuildFile; fileRef = 3A158D47128A27DB00339E6E /* bat.lang */; };
		3A158D9D128A27E100339E6E /* bib.lang in Copy lang files */ = {isa = PBXBuildFile; fileRef = 3A158D48128A27DB00339E6E /* bib.lang */; };
		3A158D9E128A27E100339E6E /* bison.lang in Copy lang files */ = {isa = PBXBuildFile; fileRef = 3A158D49128A27DB00339E6E /* bison.lang */; };
		3A158D9F128A27E100339E6E /* c.lang in Copy lang files */ = {isa = PBXBuildFile; fileRef = 3A158D4A128A27DB00339E6E /* c.lang */; };
		3A158DA0128A27E100339E6E /* c_comment.lang in Copy lang files */ = {isa = PBXBuildFile; fileRef = 3A158D4B128A27DB00339E6E /* c_comment.lang */; };
		3A158DA1128A27E100339E6E /* c_string.lang in Copy lang files */ = {isa = PBXBuildFile; fileRef = 3A158D4C128A27DB00339E6E /* c_string.lang */; };
		3A158DA2128A27E100339E6E /* caml.lang in Copy lang files */ = {isa = PBXBuildFile; fileRef = 3A158D4D128A27DB00339E6E /* caml.lang */; };
		3A158DA3128A27E100339E6E /* changelog.lang in Copy lang files */ = {isa = PBXBuildFile; fileRef = 3A158D4E128A27DB00339E6E /* changelog.lang */; };
		3A158DA4128A27E100339E6E /* clike_vardeclaration.lang in Copy lang files */ = {isa = PBXBuildFile; fileRef = 3A158D4F128A27DB00339E6E /* clike_vardeclaration.lang */; };
		3A158DA5128A27E100339E6E /* clipper.lang in Copy lang files */ = {isa = PBXBuildFile; fileRef = 3A158D50128A27DB00339E6E /* clipper.lang */; };
		3A158DA6128A27E100339E6E /* cobol.lang in Copy lang files */ = {isa = PBXBuildFile; fileRef = 3A158D51128A27DB00339E6E /* cobol.lang */; };
		3A158DA7128A27E100339E6E /* conf.lang in Copy lang files */ = {isa = PBXBuildFile; fileRef = 3A158D52128A27DB00339E6E /* conf.lang */; };
		3A158DA8128A27E100339E6E /* cpp.lang in Copy lang files */ = {isa = PBXBuildFile; fileRef = 3A158D53128A27DB00339E6E /* cpp.lang */; };
		3A158DA9128A27E100339E6E /* csharp.lang in Copy lang files */ = {isa = PBXBuildFile; fileRef = 3A158D54128A27DB00339E6E /* csharp.lang */; };
		3A158DAA128A27E100339E6E /* css.lang in Copy lang files */ = {isa = PBXBuildFile; fileRef = 3A158D55128A27DB00339E6E /* css.lang */; };
		3A158DAB128A27E100339E6E /* d.lang in Copy lang files */ = {isa = PBXBuildFile; fileRef = 3A158D56128A27DB00339E6E /* d.lang */; };
		3A158DAC128A27E100339E6E /* default.lang in Copy lang files */ = {isa = PBXBuildFile; fileRef = 3A158D57128A27DB00339E6E /* default.lang */; };
		3A158DAD128A27E100339E6E /* desktop.lang in Copy lang files */ = {isa = PBXBuildFile; fileRef = 3A158D58128A27DB00339E6E /* desktop.lang */; };
		3A158DAE128A27E100339E6E /* diff.lang in Copy lang files */ = {isa = PBXBuildFile; fileRef = 3A158D59128A27DB00339E6E /* diff.lang */; };
		3A158DAF128A27E100339E6E /* erlang.lang in Copy lang files */ = {isa = PBXBuildFile; fileRef = 3A158D5A128A27DB00339E6E /* erlang.lang */; };
		3A158DB0128A27E100339E6E /* errors.lang in Copy lang files */ = {isa = PBXBuildFile; fileRef = 3A158D5B128A27DB00339E6E /* errors.lang */; };
		3A158DB1128A27E100339E6E /* extreme_comment.lang in Copy lang files */ = {isa = PBXBuildFile; fileRef = 3A158D5C128A27DB00339E6E /* extreme_comment.lang */; };
		3A158DB2128A27E100339E6E /* extreme_comment2.lang in Copy lang files */ = {isa = PBXBuildFile; fileRef = 3A158D5D128A27DB00339E6E /* extreme_comment2.lang */; };
		3A158DB3128A27E100339E6E /* extreme_comment3.lang in Copy lang files */ = {isa = PBXBuildFile; fileRef = 3A158D5E128A27DB00339E6E /* extreme_comment3.lang */; };
		3A158DB4128A27E100339E6E /* extreme_comment4.lang in Copy lang files */ = {isa = PBXBuildFile; fileRef = 3A158D5F128A27DB00339E6E /* extreme_comment4.lang */; };
		3A158DB5128A27E100339E6E /* fixed-fortran.lang in Copy lang files */ = {isa = PBXBuildFile; fileRef = 3A158D60128A27DB00339E6E /* fixed-fortran.lang */; };
		3A158DB6128A27E100339E6E /* flex.lang in Copy lang files */ = {isa = PBXBuildFile; fileRef = 3A158D61128A27DB00339E6E /* flex.lang */; };
		3A158DB7128A27E100339E6E /* fortran.lang in Copy lang files */ = {isa = PBXBuildFile; fileRef = 3A158D62128A27DB00339E6E /* fortran.lang */; };
		3A158DB8128A27E100339E6E /* function.lang in Copy lang files */ = {isa = PBXBuildFile; fileRef = 3A158D63128A27DB00339E6E /* function.lang */; };
		3A158DB9128A27E100339E6E /* glsl.lang in Copy lang files */ = {isa = PBXBuildFile; fileRef = 3A158D64128A27DB00339E6E /* glsl.lang */; };
		3A158DBA128A27E100339E6E /* haskell.lang in Copy lang files */ = {isa = PBXBuildFile; fileRef = 3A158D65128A27DB00339E6E /* haskell.lang */; };
		3A158DBB128A27E100339E6E /* haskell_literate.lang in Copy lang files */ = {isa = PBXBuildFile; fileRef = 3A158D66128A27DB00339E6E /* haskell_literate.lang */; };
		3A158DBC128A27E100339E6E /* haxe.lang in Copy lang files */ = {isa = PBXBuildFile; fileRef = 3A158D67128A27DB00339E6E /* haxe.lang */; };
		3A158DBD128A27E100339E6E /* html.lang in Copy lang files */ = {isa = PBXBuildFile; fileRef = 3A158D68128A27DB00339E6E /* html.lang */; };
		3A158DBE128A27E100339E6E /* html_simple.lang in Copy lang files */ = {isa = PBXBuildFile; fileRef = 3A158D69128A27DB00339E6E /* html_simple.lang */; };
		3A158DBF128A27E100339E6E /* java.lang in Copy lang files */ = {isa = PBXBuildFile; fileRef = 3A158D6A128A27DB00339E6E /* java.lang */; };
		3A158DC0128A27E100339E6E /* javascript.lang in Copy lang files */ = {isa = PBXBuildFile; fileRef = 3A158D6B128A27DB00339E6E /* javascript.lang */; };
		3A158DC1128A27E100339E6E /* key_string.lang in Copy lang files */ = {isa = PBXBuildFile; fileRef = 3A158D6C128A27DB00339E6E /* key_string.lang */; };
		3A158DC2128A27E100339E6E /* langdef.lang in Copy lang files */ = {isa = PBXBuildFile; fileRef = 3A158D6D128A27DB00339E6E /* langdef.lang */; };
		3A158DC3128A27E100339E6E /* latex.lang in Copy lang files */ = {isa = PBXBuildFile; fileRef = 3A158D6E128A27DB00339E6E /* latex.lang */; };
		3A158DC4128A27E100339E6E /* ldap.lang in Copy lang files */ = {isa = PBXBuildFile; fileRef = 3A158D6F128A27DB00339E6E /* ldap.lang */; };
		3A158DC5128A27E100339E6E /* lisp.lang in Copy lang files */ = {isa = PBXBuildFile; fileRef = 3A158D70128A27DB00339E6E /* lisp.lang */; };
		3A158DC6128A27E100339E6E /* log.lang in Copy lang files */ = {isa = PBXBuildFile; fileRef = 3A158D71128A27DB00339E6E /* log.lang */; };
		3A158DC7128A27E100339E6E /* logtalk.lang in Copy lang files */ = {isa = PBXBuildFile; fileRef = 3A158D72128A27DB00339E6E /* logtalk.lang */; };
		3A158DC8128A27E100339E6E /* lsm.lang in Copy lang files */ = {isa = PBXBuildFile; fileRef = 3A158D73128A27DB00339E6E /* lsm.lang */; };
		3A158DC9128A27E100339E6E /* lua.lang in Copy lang files */ = {isa = PBXBuildFile; fileRef = 3A158D74128A27DB00339E6E /* lua.lang */; };
		3A158DCA128A27E100339E6E /* m4.lang in Copy lang files */ = {isa = PBXBuildFile; fileRef = 3A158D75128A27DB00339E6E /* m4.lang */; };
		3A158DCB128A27E100339E6E /* makefile.lang in Copy lang files */ = {isa = PBXBuildFile; fileRef = 3A158D76128A27DB00339E6E /* makefile.lang */; };
		3A158DCC128A27E100339E6E /* manifest.lang in Copy lang files */ = {isa = PBXBuildFile; fileRef = 3A158D77128A27DB00339E6E /* manifest.lang */; };
		3A158DCD128A27E100339E6E /* nohilite.lang in Copy lang files */ = {isa = PBXBuildFile; fileRef = 3A158D78128A27DB00339E6E /* nohilite.lang */; };
		3A158DCE128A27E100339E6E /* number.lang in Copy lang files */ = {isa = PBXBuildFile; fileRef = 3A158D79128A27DB00339E6E /* number.lang */; };
		3A158DCF128A27E100339E6E /* outlang.lang in Copy lang files */ = {isa = PBXBuildFile; fileRef = 3A158D7A128A27DB00339E6E /* outlang.lang */; };
		3A158DD0128A27E100339E6E /* oz.lang in Copy lang files */ = {isa = PBXBuildFile; fileRef = 3A158D7B128A27DB00339E6E /* oz.lang */; };
		3A158DD1128A27E100339E6E /* pascal.lang in Copy lang files */ = {isa = PBXBuildFile; fileRef = 3A158D7C128A27DB00339E6E /* pascal.lang */; };
		3A158DD2128A27E100339E6E /* pc.lang in Copy lang files */ = {isa = PBXBuildFile; fileRef = 3A158D7D128A27DB00339E6E /* pc.lang */; };
		3A158DD3128A27E100339E6E /* perl.lang in Copy lang files */ = {isa = PBXBuildFile; fileRef = 3A158D7E128A27DB00339E6E /* perl.lang */; };
		3A158DD4128A27E100339E6E /* php.lang in Copy lang files */ = {isa = PBXBuildFile; fileRef = 3A158D7F128A27DB00339E6E /* php.lang */; };
		3A158DD5128A27E100339E6E /* postscript.lang in Copy lang files */ = {isa = PBXBuildFile; fileRef = 3A158D80128A27DB00339E6E /* postscript.lang */; };
		3A158DD6128A27E100339E6E /* prolog.lang in Copy lang files */ = {isa = PBXBuildFile; fileRef = 3A158D81128A27DB00339E6E /* prolog.lang */; };
		3A158DD7128A27E100339E6E /* properties.lang in Copy lang files */ = {isa = PBXBuildFile; fileRef = 3A158D82128A27DB00339E6E /* properties.lang */; };
		3A158DD8128A27E100339E6E /* proto.lang in Copy lang files */ = {isa = PBXBuildFile; fileRef = 3A158D83128A27DB00339E6E /* proto.lang */; };
		3A158DD9128A27E100339E6E /* python.lang in Copy lang files */ = {isa = PBXBuildFile; fileRef = 3A158D84128A27DB00339E6E /* python.lang */; };
		3A158DDA128A27E100339E6E /* ruby.lang in Copy lang files */ = {isa = PBXBuildFile; fileRef = 3A158D85128A27DB00339E6E /* ruby.lang */; };
		3A158DDB128A27E100339E6E /* scala.lang in Copy lang files */ = {isa = PBXBuildFile; fileRef = 3A158D86128A27DB00339E6E /* scala.lang */; };
		3A158DDC128A27E100339E6E /* scheme.lang in Copy lang files */ = {isa = PBXBuildFile; fileRef = 3A158D87128A27DB00339E6E /* scheme.lang */; };
		3A158DDD128A27E100339E6E /* script_comment.lang in Copy lang files */ = {isa = PBXBuildFile; fileRef = 3A158D88128A27DB00339E6E /* script_comment.lang */; };
		3A158DDE128A27E100339E6E /* sh.lang in Copy lang files */ = {isa = PBXBuildFile; fileRef = 3A158D89128A27DB00339E6E /* sh.lang */; };
		3A158DDF128A27E100339E6E /* slang.lang in Copy lang files */ = {isa = PBXBuildFile; fileRef = 3A158D8A128A27DB00339E6E /* slang.lang */; };
		3A158DE0128A27E100339E6E /* sml.lang in Copy lang files */ = {isa = PBXBuildFile; fileRef = 3A158D8B128A27DB00339E6E /* sml.lang */; };
		3A158DE1128A27E100339E6E /* spec.lang in Copy lang files */ = {isa = PBXBuildFile; fileRef = 3A158D8C128A27DB00339E6E /* spec.lang */; };
		3A158DE2128A27E100339E6E /* sql.lang in Copy lang files */ = {isa = PBXBuildFile; fileRef = 3A158D8D128A27DB00339E6E /* sql.lang */; };
		3A158DE3128A27E100339E6E /* style.lang in Copy lang files */ = {isa = PBXBuildFile; fileRef = 3A158D8E128A27DB00339E6E /* style.lang */; };
		3A158DE4128A27E100339E6E /* symbols.lang in Copy lang files */ = {isa = PBXBuildFile; fileRef = 3A158D8F128A27DB00339E6E /* symbols.lang */; };
		3A158DE5128A27E100339E6E /* tcl.lang in Copy lang files */ = {isa = PBXBuildFile; fileRef = 3A158D90128A27DB00339E6E /* tcl.lang */; };
		3A158DE6128A27E100339E6E /* texinfo.lang in Copy lang files */ = {isa = PBXBuildFile; fileRef = 3A158D91128A27DB00339E6E /* texinfo.lang */; };
		3A158DE7128A27E100339E6E /* todo.lang in Copy lang files */ = {isa = PBXBuildFile; fileRef = 3A158D92128A27DB00339E6E /* todo.lang */; };
		3A158DE8128A27E100339E6E /* url.lang in Copy lang files */ = {isa = PBXBuildFile; fileRef = 3A158D93128A27DB00339E6E /* url.lang */; };
		3A158DE9128A27E100339E6E /* vala.lang in Copy lang files */ = {isa = PBXBuildFile; fileRef = 3A158D94128A27DB00339E6E /* vala.lang */; };
		3A158DEA128A27E100339E6E /* vbscript.lang in Copy lang files */ = {isa = PBXBuildFile; fileRef = 3A158D95128A27DB00339E6E /* vbscript.lang */; };
		3A158DEB128A27E100339E6E /* xml.lang in Copy lang files */ = {isa = PBXBuildFile; fileRef = 3A158D96128A27DB00339E6E /* xml.lang */; };
		3A158DEC128A27E100339E6E /* xorg.lang in Copy lang files */ = {isa = PBXBuildFile; fileRef = 3A158D97128A27DB00339E6E /* xorg.lang */; };
		3A25E479128194B400B6A33E /* KSyntaxHighlighter.mm in Sources */ = {isa = PBXBuildFile; fileRef = 3A25E478128194B400B6A33E /* KSyntaxHighlighter.mm */; };
		3A25E47B1281A6A200B6A33E /* libboost_regex-mt.dylib in Frameworks */ = {isa = PBXBuildFile; fileRef = 3A25E47A1281A6A200B6A33E /* libboost_regex-mt.dylib */; };
		3A25E47D1281A6A700B6A33E /* libsource-highlight.dylib in Frameworks */ = {isa = PBXBuildFile; fileRef = 3A25E47C1281A6A700B6A33E /* libsource-highlight.dylib */; };
		3A25E4971281A9D300B6A33E /* libsource-highlight.dylib in Copy Frameworks */ = {isa = PBXBuildFile; fileRef = 3A25E47C1281A6A700B6A33E /* libsource-highlight.dylib */; };
		3A25E4981281A9D500B6A33E /* libboost_regex-mt.dylib in Copy Frameworks */ = {isa = PBXBuildFile; fileRef = 3A25E47A1281A6A200B6A33E /* libboost_regex-mt.dylib */; };
		3A25E4B71281AE3700B6A33E /* KTextFormatter.mm in Sources */ = {isa = PBXBuildFile; fileRef = 3A25E4B61281AE3700B6A33E /* KTextFormatter.mm */; };
		3A25E5351281B9DA00B6A33E /* KTextFormatterFactory.mm in Sources */ = {isa = PBXBuildFile; fileRef = 3A25E5341281B9DA00B6A33E /* KTextFormatterFactory.mm */; };
		3A25E6101281CFEF00B6A33E /* NSColor-web.m in Sources */ = {isa = PBXBuildFile; fileRef = 3A25E60F1281CFEF00B6A33E /* NSColor-web.m */; };
		3A4D50ED1282E40300B06EEB /* NSString-utf8-range-conv.m in Sources */ = {isa = PBXBuildFile; fileRef = 3A4D50EC1282E40300B06EEB /* NSString-utf8-range-conv.m */; };
		3A7E71131286EAE800D85E4C /* BrowserWindow.xib in Resources */ = {isa = PBXBuildFile; fileRef = 3A7E71121286EAE800D85E4C /* BrowserWindow.xib */; };
		3A7E71801286F44D00D85E4C /* KFileOutlineView.mm in Sources */ = {isa = PBXBuildFile; fileRef = 3A7E717F1286F44D00D85E4C /* KFileOutlineView.mm */; };
		3A7E71831286F54A00D85E4C /* KFileTextFieldCell.mm in Sources */ = {isa = PBXBuildFile; fileRef = 3A7E71821286F54A00D85E4C /* KFileTextFieldCell.mm */; };
		3A7E71901286F71100D85E4C /* KFileTreeNodeData.mm in Sources */ = {isa = PBXBuildFile; fileRef = 3A7E718F1286F71100D85E4C /* KFileTreeNodeData.mm */; };
		3A7E723B1287024100D85E4C /* KFileTreeController.mm in Sources */ = {isa = PBXBuildFile; fileRef = 3A7E723A1287024100D85E4C /* KFileTreeController.mm */; };
		3A7E74A712873A7100D85E4C /* KScroller.m in Sources */ = {isa = PBXBuildFile; fileRef = 3A7E74A612873A7100D85E4C /* KScroller.m */; };
		3A7E751F1287403100D85E4C /* KScrollView.m in Sources */ = {isa = PBXBuildFile; fileRef = 3A7E751E1287403100D85E4C /* KScrollView.m */; };
		3A9291181229B93C00DA7E43 /* Toolbar.xib in Resources */ = {isa = PBXBuildFile; fileRef = 3A9291171229B93C00DA7E43 /* Toolbar.xib */; };
		3A92911B1229B96A00DA7E43 /* KTabContents.mm in Sources */ = {isa = PBXBuildFile; fileRef = 3A92911A1229B96A00DA7E43 /* KTabContents.mm */; };
		3A92911E1229B9D500DA7E43 /* KToolbarController.mm in Sources */ = {isa = PBXBuildFile; fileRef = 3A92911D1229B9D500DA7E43 /* KToolbarController.mm */; };
		3A9291C51229BF7500DA7E43 /* main.m in Sources */ = {isa = PBXBuildFile; fileRef = 3A928C16122714E800DA7E43 /* main.m */; };
		3A9291C61229BFAD00DA7E43 /* KAppDelegate.mm in Sources */ = {isa = PBXBuildFile; fileRef = 3A928C15122714E800DA7E43 /* KAppDelegate.mm */; };
		3A9291C71229BFB000DA7E43 /* KBrowser.mm in Sources */ = {isa = PBXBuildFile; fileRef = 3A928C18122714E800DA7E43 /* KBrowser.mm */; };
		3A9291DF1229BFCD00DA7E43 /* MainMenu.xib in Resources */ = {isa = PBXBuildFile; fileRef = 3A928C1B122714EE00DA7E43 /* MainMenu.xib */; };
		3A9292991229D31200DA7E43 /* KBrowserWindowController.mm in Sources */ = {isa = PBXBuildFile; fileRef = 3A9292981229D31200DA7E43 /* KBrowserWindowController.mm */; };
		3A9293671229E49A00DA7E43 /* NSError+KAdditions.m in Sources */ = {isa = PBXBuildFile; fileRef = 3A9293661229E49A00DA7E43 /* NSError+KAdditions.m */; };
		3A9293CC1229ED4C00DA7E43 /* KDocumentController.mm in Sources */ = {isa = PBXBuildFile; fileRef = 3A9293CB1229ED4C00DA7E43 /* KDocumentController.mm */; };
		3A929886122AC38F00DA7E43 /* ChromiumTabs.framework in Frameworks */ = {isa = PBXBuildFile; fileRef = 3A9297E4122AB49D00DA7E43 /* ChromiumTabs.framework */; };
		3A929887122AC39100DA7E43 /* ChromiumTabs.framework in Copy Frameworks */ = {isa = PBXBuildFile; fileRef = 3A9297E4122AB49D00DA7E43 /* ChromiumTabs.framework */; };
/* End PBXBuildFile section */

/* Begin PBXContainerItemProxy section */
		3A9297E3122AB49D00DA7E43 /* PBXContainerItemProxy */ = {
			isa = PBXContainerItemProxy;
			containerPortal = 3A92916A1229BDAA00DA7E43 /* chromium-tabs.xcodeproj */;
			proxyType = 2;
			remoteGlobalIDString = 3A3ED9831225E27E009E2908;
			remoteInfo = ChromiumTabs;
		};
		3A9297E5122AB49D00DA7E43 /* PBXContainerItemProxy */ = {
			isa = PBXContainerItemProxy;
			containerPortal = 3A92916A1229BDAA00DA7E43 /* chromium-tabs.xcodeproj */;
			proxyType = 2;
			remoteGlobalIDString = 8D1107320486CEB800E47090;
			remoteInfo = "Chromium Tabs";
		};
		3A929AEB122B1A0400DA7E43 /* PBXContainerItemProxy */ = {
			isa = PBXContainerItemProxy;
			containerPortal = 3A92916A1229BDAA00DA7E43 /* chromium-tabs.xcodeproj */;
			proxyType = 1;
			remoteGlobalIDString = 3A3ED9821225E27E009E2908;
			remoteInfo = ChromiumTabs;
		};
/* End PBXContainerItemProxy section */

/* Begin PBXCopyFilesBuildPhase section */
		3A158BE3128A23E200339E6E /* Copy lang files */ = {
			isa = PBXCopyFilesBuildPhase;
			buildActionMask = 2147483647;
			dstPath = lang;
			dstSubfolderSpec = 7;
			files = (
				3A158D98128A27E100339E6E /* ada.lang in Copy lang files */,
				3A158D99128A27E100339E6E /* applescript.lang in Copy lang files */,
				3A158D9A128A27E100339E6E /* asm.lang in Copy lang files */,
				3A158D9B128A27E100339E6E /* awk.lang in Copy lang files */,
				3A158D9C128A27E100339E6E /* bat.lang in Copy lang files */,
				3A158D9D128A27E100339E6E /* bib.lang in Copy lang files */,
				3A158D9E128A27E100339E6E /* bison.lang in Copy lang files */,
				3A158D9F128A27E100339E6E /* c.lang in Copy lang files */,
				3A158DA0128A27E100339E6E /* c_comment.lang in Copy lang files */,
				3A158DA1128A27E100339E6E /* c_string.lang in Copy lang files */,
				3A158DA2128A27E100339E6E /* caml.lang in Copy lang files */,
				3A158DA3128A27E100339E6E /* changelog.lang in Copy lang files */,
				3A158DA4128A27E100339E6E /* clike_vardeclaration.lang in Copy lang files */,
				3A158DA5128A27E100339E6E /* clipper.lang in Copy lang files */,
				3A158DA6128A27E100339E6E /* cobol.lang in Copy lang files */,
				3A158DA7128A27E100339E6E /* conf.lang in Copy lang files */,
				3A158DA8128A27E100339E6E /* cpp.lang in Copy lang files */,
				3A158DA9128A27E100339E6E /* csharp.lang in Copy lang files */,
				3A158DAA128A27E100339E6E /* css.lang in Copy lang files */,
				3A158DAB128A27E100339E6E /* d.lang in Copy lang files */,
				3A158DAC128A27E100339E6E /* default.lang in Copy lang files */,
				3A158DAD128A27E100339E6E /* desktop.lang in Copy lang files */,
				3A158DAE128A27E100339E6E /* diff.lang in Copy lang files */,
				3A158DAF128A27E100339E6E /* erlang.lang in Copy lang files */,
				3A158DB0128A27E100339E6E /* errors.lang in Copy lang files */,
				3A158DB1128A27E100339E6E /* extreme_comment.lang in Copy lang files */,
				3A158DB2128A27E100339E6E /* extreme_comment2.lang in Copy lang files */,
				3A158DB3128A27E100339E6E /* extreme_comment3.lang in Copy lang files */,
				3A158DB4128A27E100339E6E /* extreme_comment4.lang in Copy lang files */,
				3A158DB5128A27E100339E6E /* fixed-fortran.lang in Copy lang files */,
				3A158DB6128A27E100339E6E /* flex.lang in Copy lang files */,
				3A158DB7128A27E100339E6E /* fortran.lang in Copy lang files */,
				3A158DB8128A27E100339E6E /* function.lang in Copy lang files */,
				3A158DB9128A27E100339E6E /* glsl.lang in Copy lang files */,
				3A158DBA128A27E100339E6E /* haskell.lang in Copy lang files */,
				3A158DBB128A27E100339E6E /* haskell_literate.lang in Copy lang files */,
				3A158DBC128A27E100339E6E /* haxe.lang in Copy lang files */,
				3A158DBD128A27E100339E6E /* html.lang in Copy lang files */,
				3A158DBE128A27E100339E6E /* html_simple.lang in Copy lang files */,
				3A158DBF128A27E100339E6E /* java.lang in Copy lang files */,
				3A158DC0128A27E100339E6E /* javascript.lang in Copy lang files */,
				3A158DC1128A27E100339E6E /* key_string.lang in Copy lang files */,
				3A158DC2128A27E100339E6E /* langdef.lang in Copy lang files */,
				3A158DC3128A27E100339E6E /* latex.lang in Copy lang files */,
				3A158DC4128A27E100339E6E /* ldap.lang in Copy lang files */,
				3A158DC5128A27E100339E6E /* lisp.lang in Copy lang files */,
				3A158DC6128A27E100339E6E /* log.lang in Copy lang files */,
				3A158DC7128A27E100339E6E /* logtalk.lang in Copy lang files */,
				3A158DC8128A27E100339E6E /* lsm.lang in Copy lang files */,
				3A158DC9128A27E100339E6E /* lua.lang in Copy lang files */,
				3A158DCA128A27E100339E6E /* m4.lang in Copy lang files */,
				3A158DCB128A27E100339E6E /* makefile.lang in Copy lang files */,
				3A158DCC128A27E100339E6E /* manifest.lang in Copy lang files */,
				3A158DCD128A27E100339E6E /* nohilite.lang in Copy lang files */,
				3A158DCE128A27E100339E6E /* number.lang in Copy lang files */,
				3A158DCF128A27E100339E6E /* outlang.lang in Copy lang files */,
				3A158DD0128A27E100339E6E /* oz.lang in Copy lang files */,
				3A158DD1128A27E100339E6E /* pascal.lang in Copy lang files */,
				3A158DD2128A27E100339E6E /* pc.lang in Copy lang files */,
				3A158DD3128A27E100339E6E /* perl.lang in Copy lang files */,
				3A158DD4128A27E100339E6E /* php.lang in Copy lang files */,
				3A158DD5128A27E100339E6E /* postscript.lang in Copy lang files */,
				3A158DD6128A27E100339E6E /* prolog.lang in Copy lang files */,
				3A158DD7128A27E100339E6E /* properties.lang in Copy lang files */,
				3A158DD8128A27E100339E6E /* proto.lang in Copy lang files */,
				3A158DD9128A27E100339E6E /* python.lang in Copy lang files */,
				3A158DDA128A27E100339E6E /* ruby.lang in Copy lang files */,
				3A158DDB128A27E100339E6E /* scala.lang in Copy lang files */,
				3A158DDC128A27E100339E6E /* scheme.lang in Copy lang files */,
				3A158DDD128A27E100339E6E /* script_comment.lang in Copy lang files */,
				3A158DDE128A27E100339E6E /* sh.lang in Copy lang files */,
				3A158DDF128A27E100339E6E /* slang.lang in Copy lang files */,
				3A158DE0128A27E100339E6E /* sml.lang in Copy lang files */,
				3A158DE1128A27E100339E6E /* spec.lang in Copy lang files */,
				3A158DE2128A27E100339E6E /* sql.lang in Copy lang files */,
				3A158DE3128A27E100339E6E /* style.lang in Copy lang files */,
				3A158DE4128A27E100339E6E /* symbols.lang in Copy lang files */,
				3A158DE5128A27E100339E6E /* tcl.lang in Copy lang files */,
				3A158DE6128A27E100339E6E /* texinfo.lang in Copy lang files */,
				3A158DE7128A27E100339E6E /* todo.lang in Copy lang files */,
				3A158DE8128A27E100339E6E /* url.lang in Copy lang files */,
				3A158DE9128A27E100339E6E /* vala.lang in Copy lang files */,
				3A158DEA128A27E100339E6E /* vbscript.lang in Copy lang files */,
				3A158DEB128A27E100339E6E /* xml.lang in Copy lang files */,
				3A158DEC128A27E100339E6E /* xorg.lang in Copy lang files */,
			);
			name = "Copy lang files";
			runOnlyForDeploymentPostprocessing = 0;
		};
		3A158BE4128A23E200339E6E /* Copy style files */ = {
			isa = PBXCopyFilesBuildPhase;
			buildActionMask = 2147483647;
			dstPath = style;
			dstSubfolderSpec = 7;
			files = (
			);
			name = "Copy style files";
			runOnlyForDeploymentPostprocessing = 0;
		};
		3A9291381229BBB600DA7E43 /* Copy Frameworks */ = {
			isa = PBXCopyFilesBuildPhase;
			buildActionMask = 2147483647;
			dstPath = "";
			dstSubfolderSpec = 10;
			files = (
				3A25E4981281A9D500B6A33E /* libboost_regex-mt.dylib in Copy Frameworks */,
				3A25E4971281A9D300B6A33E /* libsource-highlight.dylib in Copy Frameworks */,
				3A929887122AC39100DA7E43 /* ChromiumTabs.framework in Copy Frameworks */,
			);
			name = "Copy Frameworks";
			runOnlyForDeploymentPostprocessing = 0;
		};
/* End PBXCopyFilesBuildPhase section */

/* Begin PBXFileReference section */
		3A025A951288B2A300206ECF /* KHighlightState.h */ = {isa = PBXFileReference; fileEncoding = 4; lastKnownFileType = sourcecode.c.h; path = KHighlightState.h; sourceTree = "<group>"; };
		3A025A961288B2A300206ECF /* KHighlightState.mm */ = {isa = PBXFileReference; fileEncoding = 4; lastKnownFileType = sourcecode.cpp.objcpp; path = KHighlightState.mm; sourceTree = "<group>"; };
		3A1585661289791200339E6E /* KHighlightEventListener.h */ = {isa = PBXFileReference; fileEncoding = 4; lastKnownFileType = sourcecode.c.h; path = KHighlightEventListener.h; sourceTree = "<group>"; };
		3A1585671289791200339E6E /* KHighlightEventListener.mm */ = {isa = PBXFileReference; fileEncoding = 4; lastKnownFileType = sourcecode.cpp.objcpp; path = KHighlightEventListener.mm; sourceTree = "<group>"; };
		3A158AD4128A09D300339E6E /* ICUMatcher.h */ = {isa = PBXFileReference; fileEncoding = 4; lastKnownFileType = sourcecode.c.h; path = ICUMatcher.h; sourceTree = "<group>"; };
		3A158AD5128A09D300339E6E /* ICUMatcher.m */ = {isa = PBXFileReference; fileEncoding = 4; lastKnownFileType = sourcecode.c.objc; path = ICUMatcher.m; sourceTree = "<group>"; };
		3A158AD6128A09D300339E6E /* ICUPattern.h */ = {isa = PBXFileReference; fileEncoding = 4; lastKnownFileType = sourcecode.c.h; path = ICUPattern.h; sourceTree = "<group>"; };
		3A158AD7128A09D300339E6E /* ICUPattern.m */ = {isa = PBXFileReference; fileEncoding = 4; lastKnownFileType = sourcecode.c.objc; path = ICUPattern.m; sourceTree = "<group>"; };
		3A158AD9128A09D300339E6E /* NSStringICUAdditions.h */ = {isa = PBXFileReference; fileEncoding = 4; lastKnownFileType = sourcecode.c.h; path = NSStringICUAdditions.h; sourceTree = "<group>"; };
		3A158ADA128A09D300339E6E /* NSStringICUAdditions.m */ = {isa = PBXFileReference; fileEncoding = 4; lastKnownFileType = sourcecode.c.objc; path = NSStringICUAdditions.m; sourceTree = "<group>"; };
		3A158AFE128A0A3700339E6E /* libicucore.dylib */ = {isa = PBXFileReference; lastKnownFileType = "compiled.mach-o.dylib"; name = libicucore.dylib; path = usr/lib/libicucore.dylib; sourceTree = SDKROOT; };
		3A158D43128A27DB00339E6E /* ada.lang */ = {isa = PBXFileReference; fileEncoding = 4; lastKnownFileType = text; path = ada.lang; sourceTree = "<group>"; };
		3A158D44128A27DB00339E6E /* applescript.lang */ = {isa = PBXFileReference; fileEncoding = 4; lastKnownFileType = text; path = applescript.lang; sourceTree = "<group>"; };
		3A158D45128A27DB00339E6E /* asm.lang */ = {isa = PBXFileReference; fileEncoding = 4; lastKnownFileType = text; path = asm.lang; sourceTree = "<group>"; };
		3A158D46128A27DB00339E6E /* awk.lang */ = {isa = PBXFileReference; fileEncoding = 4; lastKnownFileType = text; path = awk.lang; sourceTree = "<group>"; };
		3A158D47128A27DB00339E6E /* bat.lang */ = {isa = PBXFileReference; fileEncoding = 4; lastKnownFileType = text; path = bat.lang; sourceTree = "<group>"; };
		3A158D48128A27DB00339E6E /* bib.lang */ = {isa = PBXFileReference; fileEncoding = 4; lastKnownFileType = text; path = bib.lang; sourceTree = "<group>"; };
		3A158D49128A27DB00339E6E /* bison.lang */ = {isa = PBXFileReference; fileEncoding = 4; lastKnownFileType = text; path = bison.lang; sourceTree = "<group>"; };
		3A158D4A128A27DB00339E6E /* c.lang */ = {isa = PBXFileReference; fileEncoding = 4; lastKnownFileType = text; path = c.lang; sourceTree = "<group>"; };
		3A158D4B128A27DB00339E6E /* c_comment.lang */ = {isa = PBXFileReference; fileEncoding = 4; lastKnownFileType = text; path = c_comment.lang; sourceTree = "<group>"; };
		3A158D4C128A27DB00339E6E /* c_string.lang */ = {isa = PBXFileReference; fileEncoding = 4; lastKnownFileType = text; path = c_string.lang; sourceTree = "<group>"; };
		3A158D4D128A27DB00339E6E /* caml.lang */ = {isa = PBXFileReference; fileEncoding = 4; lastKnownFileType = text; path = caml.lang; sourceTree = "<group>"; };
		3A158D4E128A27DB00339E6E /* changelog.lang */ = {isa = PBXFileReference; fileEncoding = 4; lastKnownFileType = text; path = changelog.lang; sourceTree = "<group>"; };
		3A158D4F128A27DB00339E6E /* clike_vardeclaration.lang */ = {isa = PBXFileReference; fileEncoding = 4; lastKnownFileType = text; path = clike_vardeclaration.lang; sourceTree = "<group>"; };
		3A158D50128A27DB00339E6E /* clipper.lang */ = {isa = PBXFileReference; fileEncoding = 4; lastKnownFileType = text; path = clipper.lang; sourceTree = "<group>"; };
		3A158D51128A27DB00339E6E /* cobol.lang */ = {isa = PBXFileReference; fileEncoding = 4; lastKnownFileType = text; path = cobol.lang; sourceTree = "<group>"; };
		3A158D52128A27DB00339E6E /* conf.lang */ = {isa = PBXFileReference; fileEncoding = 4; lastKnownFileType = text; path = conf.lang; sourceTree = "<group>"; };
		3A158D53128A27DB00339E6E /* cpp.lang */ = {isa = PBXFileReference; fileEncoding = 4; lastKnownFileType = text; path = cpp.lang; sourceTree = "<group>"; };
		3A158D54128A27DB00339E6E /* csharp.lang */ = {isa = PBXFileReference; fileEncoding = 4; lastKnownFileType = text; path = csharp.lang; sourceTree = "<group>"; };
		3A158D55128A27DB00339E6E /* css.lang */ = {isa = PBXFileReference; fileEncoding = 4; lastKnownFileType = text; path = css.lang; sourceTree = "<group>"; };
		3A158D56128A27DB00339E6E /* d.lang */ = {isa = PBXFileReference; fileEncoding = 4; lastKnownFileType = text; path = d.lang; sourceTree = "<group>"; };
		3A158D57128A27DB00339E6E /* default.lang */ = {isa = PBXFileReference; fileEncoding = 4; lastKnownFileType = text; path = default.lang; sourceTree = "<group>"; };
		3A158D58128A27DB00339E6E /* desktop.lang */ = {isa = PBXFileReference; fileEncoding = 4; lastKnownFileType = text; path = desktop.lang; sourceTree = "<group>"; };
		3A158D59128A27DB00339E6E /* diff.lang */ = {isa = PBXFileReference; fileEncoding = 4; lastKnownFileType = text; path = diff.lang; sourceTree = "<group>"; };
		3A158D5A128A27DB00339E6E /* erlang.lang */ = {isa = PBXFileReference; fileEncoding = 4; lastKnownFileType = text; path = erlang.lang; sourceTree = "<group>"; };
		3A158D5B128A27DB00339E6E /* errors.lang */ = {isa = PBXFileReference; fileEncoding = 4; lastKnownFileType = text; path = errors.lang; sourceTree = "<group>"; };
		3A158D5C128A27DB00339E6E /* extreme_comment.lang */ = {isa = PBXFileReference; fileEncoding = 4; lastKnownFileType = text; path = extreme_comment.lang; sourceTree = "<group>"; };
		3A158D5D128A27DB00339E6E /* extreme_comment2.lang */ = {isa = PBXFileReference; fileEncoding = 4; lastKnownFileType = text; path = extreme_comment2.lang; sourceTree = "<group>"; };
		3A158D5E128A27DB00339E6E /* extreme_comment3.lang */ = {isa = PBXFileReference; fileEncoding = 4; lastKnownFileType = text; path = extreme_comment3.lang; sourceTree = "<group>"; };
		3A158D5F128A27DB00339E6E /* extreme_comment4.lang */ = {isa = PBXFileReference; fileEncoding = 4; lastKnownFileType = text; path = extreme_comment4.lang; sourceTree = "<group>"; };
		3A158D60128A27DB00339E6E /* fixed-fortran.lang */ = {isa = PBXFileReference; fileEncoding = 4; lastKnownFileType = text; path = "fixed-fortran.lang"; sourceTree = "<group>"; };
		3A158D61128A27DB00339E6E /* flex.lang */ = {isa = PBXFileReference; fileEncoding = 4; lastKnownFileType = text; path = flex.lang; sourceTree = "<group>"; };
		3A158D62128A27DB00339E6E /* fortran.lang */ = {isa = PBXFileReference; fileEncoding = 4; lastKnownFileType = text; path = fortran.lang; sourceTree = "<group>"; };
		3A158D63128A27DB00339E6E /* function.lang */ = {isa = PBXFileReference; fileEncoding = 4; lastKnownFileType = text; path = function.lang; sourceTree = "<group>"; };
		3A158D64128A27DB00339E6E /* glsl.lang */ = {isa = PBXFileReference; fileEncoding = 4; lastKnownFileType = text; path = glsl.lang; sourceTree = "<group>"; };
		3A158D65128A27DB00339E6E /* haskell.lang */ = {isa = PBXFileReference; fileEncoding = 4; lastKnownFileType = text; path = haskell.lang; sourceTree = "<group>"; };
		3A158D66128A27DB00339E6E /* haskell_literate.lang */ = {isa = PBXFileReference; fileEncoding = 4; lastKnownFileType = text; path = haskell_literate.lang; sourceTree = "<group>"; };
		3A158D67128A27DB00339E6E /* haxe.lang */ = {isa = PBXFileReference; fileEncoding = 4; lastKnownFileType = text; path = haxe.lang; sourceTree = "<group>"; };
		3A158D68128A27DB00339E6E /* html.lang */ = {isa = PBXFileReference; fileEncoding = 4; lastKnownFileType = text; path = html.lang; sourceTree = "<group>"; };
		3A158D69128A27DB00339E6E /* html_simple.lang */ = {isa = PBXFileReference; fileEncoding = 4; lastKnownFileType = text; path = html_simple.lang; sourceTree = "<group>"; };
		3A158D6A128A27DB00339E6E /* java.lang */ = {isa = PBXFileReference; fileEncoding = 4; lastKnownFileType = text; path = java.lang; sourceTree = "<group>"; };
		3A158D6B128A27DB00339E6E /* javascript.lang */ = {isa = PBXFileReference; fileEncoding = 4; lastKnownFileType = text; path = javascript.lang; sourceTree = "<group>"; };
		3A158D6C128A27DB00339E6E /* key_string.lang */ = {isa = PBXFileReference; fileEncoding = 4; lastKnownFileType = text; path = key_string.lang; sourceTree = "<group>"; };
		3A158D6D128A27DB00339E6E /* langdef.lang */ = {isa = PBXFileReference; fileEncoding = 4; lastKnownFileType = text; path = langdef.lang; sourceTree = "<group>"; };
		3A158D6E128A27DB00339E6E /* latex.lang */ = {isa = PBXFileReference; fileEncoding = 4; lastKnownFileType = text; path = latex.lang; sourceTree = "<group>"; };
		3A158D6F128A27DB00339E6E /* ldap.lang */ = {isa = PBXFileReference; fileEncoding = 4; lastKnownFileType = text; path = ldap.lang; sourceTree = "<group>"; };
		3A158D70128A27DB00339E6E /* lisp.lang */ = {isa = PBXFileReference; fileEncoding = 4; lastKnownFileType = text; path = lisp.lang; sourceTree = "<group>"; };
		3A158D71128A27DB00339E6E /* log.lang */ = {isa = PBXFileReference; fileEncoding = 4; lastKnownFileType = text; path = log.lang; sourceTree = "<group>"; };
		3A158D72128A27DB00339E6E /* logtalk.lang */ = {isa = PBXFileReference; fileEncoding = 4; lastKnownFileType = text; path = logtalk.lang; sourceTree = "<group>"; };
		3A158D73128A27DB00339E6E /* lsm.lang */ = {isa = PBXFileReference; fileEncoding = 4; lastKnownFileType = text; path = lsm.lang; sourceTree = "<group>"; };
		3A158D74128A27DB00339E6E /* lua.lang */ = {isa = PBXFileReference; fileEncoding = 4; lastKnownFileType = text; path = lua.lang; sourceTree = "<group>"; };
		3A158D75128A27DB00339E6E /* m4.lang */ = {isa = PBXFileReference; fileEncoding = 4; lastKnownFileType = text; path = m4.lang; sourceTree = "<group>"; };
		3A158D76128A27DB00339E6E /* makefile.lang */ = {isa = PBXFileReference; fileEncoding = 4; lastKnownFileType = text; path = makefile.lang; sourceTree = "<group>"; };
		3A158D77128A27DB00339E6E /* manifest.lang */ = {isa = PBXFileReference; fileEncoding = 4; lastKnownFileType = text; path = manifest.lang; sourceTree = "<group>"; };
		3A158D78128A27DB00339E6E /* nohilite.lang */ = {isa = PBXFileReference; fileEncoding = 4; lastKnownFileType = text; path = nohilite.lang; sourceTree = "<group>"; };
		3A158D79128A27DB00339E6E /* number.lang */ = {isa = PBXFileReference; fileEncoding = 4; lastKnownFileType = text; path = number.lang; sourceTree = "<group>"; };
		3A158D7A128A27DB00339E6E /* outlang.lang */ = {isa = PBXFileReference; fileEncoding = 4; lastKnownFileType = text; path = outlang.lang; sourceTree = "<group>"; };
		3A158D7B128A27DB00339E6E /* oz.lang */ = {isa = PBXFileReference; fileEncoding = 4; lastKnownFileType = text; path = oz.lang; sourceTree = "<group>"; };
		3A158D7C128A27DB00339E6E /* pascal.lang */ = {isa = PBXFileReference; fileEncoding = 4; lastKnownFileType = text; path = pascal.lang; sourceTree = "<group>"; };
		3A158D7D128A27DB00339E6E /* pc.lang */ = {isa = PBXFileReference; fileEncoding = 4; lastKnownFileType = text; path = pc.lang; sourceTree = "<group>"; };
		3A158D7E128A27DB00339E6E /* perl.lang */ = {isa = PBXFileReference; fileEncoding = 4; lastKnownFileType = text; path = perl.lang; sourceTree = "<group>"; };
		3A158D7F128A27DB00339E6E /* php.lang */ = {isa = PBXFileReference; fileEncoding = 4; lastKnownFileType = text; path = php.lang; sourceTree = "<group>"; };
		3A158D80128A27DB00339E6E /* postscript.lang */ = {isa = PBXFileReference; fileEncoding = 4; lastKnownFileType = text; path = postscript.lang; sourceTree = "<group>"; };
		3A158D81128A27DB00339E6E /* prolog.lang */ = {isa = PBXFileReference; fileEncoding = 4; lastKnownFileType = text; path = prolog.lang; sourceTree = "<group>"; };
		3A158D82128A27DB00339E6E /* properties.lang */ = {isa = PBXFileReference; fileEncoding = 4; lastKnownFileType = text; path = properties.lang; sourceTree = "<group>"; };
		3A158D83128A27DB00339E6E /* proto.lang */ = {isa = PBXFileReference; fileEncoding = 4; lastKnownFileType = text; path = proto.lang; sourceTree = "<group>"; };
		3A158D84128A27DB00339E6E /* python.lang */ = {isa = PBXFileReference; fileEncoding = 4; lastKnownFileType = text; path = python.lang; sourceTree = "<group>"; };
		3A158D85128A27DB00339E6E /* ruby.lang */ = {isa = PBXFileReference; fileEncoding = 4; lastKnownFileType = text; path = ruby.lang; sourceTree = "<group>"; };
		3A158D86128A27DB00339E6E /* scala.lang */ = {isa = PBXFileReference; fileEncoding = 4; lastKnownFileType = text; path = scala.lang; sourceTree = "<group>"; };
		3A158D87128A27DB00339E6E /* scheme.lang */ = {isa = PBXFileReference; fileEncoding = 4; lastKnownFileType = text; path = scheme.lang; sourceTree = "<group>"; };
		3A158D88128A27DB00339E6E /* script_comment.lang */ = {isa = PBXFileReference; fileEncoding = 4; lastKnownFileType = text; path = script_comment.lang; sourceTree = "<group>"; };
		3A158D89128A27DB00339E6E /* sh.lang */ = {isa = PBXFileReference; fileEncoding = 4; lastKnownFileType = text; path = sh.lang; sourceTree = "<group>"; };
		3A158D8A128A27DB00339E6E /* slang.lang */ = {isa = PBXFileReference; fileEncoding = 4; lastKnownFileType = text; path = slang.lang; sourceTree = "<group>"; };
		3A158D8B128A27DB00339E6E /* sml.lang */ = {isa = PBXFileReference; fileEncoding = 4; lastKnownFileType = text; path = sml.lang; sourceTree = "<group>"; };
		3A158D8C128A27DB00339E6E /* spec.lang */ = {isa = PBXFileReference; fileEncoding = 4; lastKnownFileType = text; path = spec.lang; sourceTree = "<group>"; };
		3A158D8D128A27DB00339E6E /* sql.lang */ = {isa = PBXFileReference; fileEncoding = 4; lastKnownFileType = text; path = sql.lang; sourceTree = "<group>"; };
		3A158D8E128A27DB00339E6E /* style.lang */ = {isa = PBXFileReference; fileEncoding = 4; lastKnownFileType = text; path = style.lang; sourceTree = "<group>"; };
		3A158D8F128A27DB00339E6E /* symbols.lang */ = {isa = PBXFileReference; fileEncoding = 4; lastKnownFileType = text; path = symbols.lang; sourceTree = "<group>"; };
		3A158D90128A27DB00339E6E /* tcl.lang */ = {isa = PBXFileReference; fileEncoding = 4; lastKnownFileType = text; path = tcl.lang; sourceTree = "<group>"; };
		3A158D91128A27DB00339E6E /* texinfo.lang */ = {isa = PBXFileReference; fileEncoding = 4; lastKnownFileType = text; path = texinfo.lang; sourceTree = "<group>"; };
		3A158D92128A27DB00339E6E /* todo.lang */ = {isa = PBXFileReference; fileEncoding = 4; lastKnownFileType = text; path = todo.lang; sourceTree = "<group>"; };
		3A158D93128A27DB00339E6E /* url.lang */ = {isa = PBXFileReference; fileEncoding = 4; lastKnownFileType = text; path = url.lang; sourceTree = "<group>"; };
		3A158D94128A27DB00339E6E /* vala.lang */ = {isa = PBXFileReference; fileEncoding = 4; lastKnownFileType = text; path = vala.lang; sourceTree = "<group>"; };
		3A158D95128A27DB00339E6E /* vbscript.lang */ = {isa = PBXFileReference; fileEncoding = 4; lastKnownFileType = text; path = vbscript.lang; sourceTree = "<group>"; };
		3A158D96128A27DB00339E6E /* xml.lang */ = {isa = PBXFileReference; fileEncoding = 4; lastKnownFileType = text; path = xml.lang; sourceTree = "<group>"; };
		3A158D97128A27DB00339E6E /* xorg.lang */ = {isa = PBXFileReference; fileEncoding = 4; lastKnownFileType = text; path = xorg.lang; sourceTree = "<group>"; };
		3A25E477128194B400B6A33E /* KSyntaxHighlighter.h */ = {isa = PBXFileReference; fileEncoding = 4; lastKnownFileType = sourcecode.c.h; path = KSyntaxHighlighter.h; sourceTree = "<group>"; };
		3A25E478128194B400B6A33E /* KSyntaxHighlighter.mm */ = {isa = PBXFileReference; fileEncoding = 4; lastKnownFileType = sourcecode.cpp.objcpp; path = KSyntaxHighlighter.mm; sourceTree = "<group>"; };
		3A25E47A1281A6A200B6A33E /* libboost_regex-mt.dylib */ = {isa = PBXFileReference; lastKnownFileType = "compiled.mach-o.dylib"; name = "libboost_regex-mt.dylib"; path = "deps/srchilight/libboost_regex-mt.dylib"; sourceTree = "<group>"; };
		3A25E47C1281A6A700B6A33E /* libsource-highlight.dylib */ = {isa = PBXFileReference; lastKnownFileType = "compiled.mach-o.dylib"; name = "libsource-highlight.dylib"; path = "deps/srchilight/libsource-highlight.dylib"; sourceTree = "<group>"; };
		3A25E4B51281AE3700B6A33E /* KTextFormatter.h */ = {isa = PBXFileReference; fileEncoding = 4; lastKnownFileType = sourcecode.c.h; path = KTextFormatter.h; sourceTree = "<group>"; };
		3A25E4B61281AE3700B6A33E /* KTextFormatter.mm */ = {isa = PBXFileReference; fileEncoding = 4; lastKnownFileType = sourcecode.cpp.objcpp; path = KTextFormatter.mm; sourceTree = "<group>"; };
		3A25E4FC1281B3D500B6A33E /* KHighlightStateData.h */ = {isa = PBXFileReference; fileEncoding = 4; lastKnownFileType = sourcecode.c.h; path = KHighlightStateData.h; sourceTree = "<group>"; };
		3A25E5331281B9DA00B6A33E /* KTextFormatterFactory.h */ = {isa = PBXFileReference; fileEncoding = 4; lastKnownFileType = sourcecode.c.h; path = KTextFormatterFactory.h; sourceTree = "<group>"; };
		3A25E5341281B9DA00B6A33E /* KTextFormatterFactory.mm */ = {isa = PBXFileReference; fileEncoding = 4; lastKnownFileType = sourcecode.cpp.objcpp; path = KTextFormatterFactory.mm; sourceTree = "<group>"; };
		3A25E60E1281CFEF00B6A33E /* NSColor-web.h */ = {isa = PBXFileReference; fileEncoding = 4; lastKnownFileType = sourcecode.c.h; path = "NSColor-web.h"; sourceTree = "<group>"; };
		3A25E60F1281CFEF00B6A33E /* NSColor-web.m */ = {isa = PBXFileReference; fileEncoding = 4; lastKnownFileType = sourcecode.c.objc; path = "NSColor-web.m"; sourceTree = "<group>"; };
		3A4D50EB1282E40300B06EEB /* NSString-utf8-range-conv.h */ = {isa = PBXFileReference; fileEncoding = 4; lastKnownFileType = sourcecode.c.h; path = "NSString-utf8-range-conv.h"; sourceTree = "<group>"; };
		3A4D50EC1282E40300B06EEB /* NSString-utf8-range-conv.m */ = {isa = PBXFileReference; fileEncoding = 4; lastKnownFileType = sourcecode.c.objc; path = "NSString-utf8-range-conv.m"; sourceTree = "<group>"; };
		3A7E71121286EAE800D85E4C /* BrowserWindow.xib */ = {isa = PBXFileReference; lastKnownFileType = file.xib; path = BrowserWindow.xib; sourceTree = "<group>"; };
		3A7E717E1286F44D00D85E4C /* KFileOutlineView.h */ = {isa = PBXFileReference; fileEncoding = 4; lastKnownFileType = sourcecode.c.h; path = KFileOutlineView.h; sourceTree = "<group>"; };
		3A7E717F1286F44D00D85E4C /* KFileOutlineView.mm */ = {isa = PBXFileReference; fileEncoding = 4; lastKnownFileType = sourcecode.cpp.objcpp; path = KFileOutlineView.mm; sourceTree = "<group>"; };
		3A7E71811286F54A00D85E4C /* KFileTextFieldCell.h */ = {isa = PBXFileReference; fileEncoding = 4; lastKnownFileType = sourcecode.c.h; path = KFileTextFieldCell.h; sourceTree = "<group>"; };
		3A7E71821286F54A00D85E4C /* KFileTextFieldCell.mm */ = {isa = PBXFileReference; fileEncoding = 4; lastKnownFileType = sourcecode.cpp.objcpp; path = KFileTextFieldCell.mm; sourceTree = "<group>"; };
		3A7E718E1286F71100D85E4C /* KFileTreeNodeData.h */ = {isa = PBXFileReference; fileEncoding = 4; lastKnownFileType = sourcecode.c.h; path = KFileTreeNodeData.h; sourceTree = "<group>"; };
		3A7E718F1286F71100D85E4C /* KFileTreeNodeData.mm */ = {isa = PBXFileReference; fileEncoding = 4; lastKnownFileType = sourcecode.cpp.objcpp; path = KFileTreeNodeData.mm; sourceTree = "<group>"; };
		3A7E72391287024100D85E4C /* KFileTreeController.h */ = {isa = PBXFileReference; fileEncoding = 4; lastKnownFileType = sourcecode.c.h; path = KFileTreeController.h; sourceTree = "<group>"; };
		3A7E723A1287024100D85E4C /* KFileTreeController.mm */ = {isa = PBXFileReference; fileEncoding = 4; lastKnownFileType = sourcecode.cpp.objcpp; path = KFileTreeController.mm; sourceTree = "<group>"; };
		3A7E74A512873A7100D85E4C /* KScroller.h */ = {isa = PBXFileReference; fileEncoding = 4; lastKnownFileType = sourcecode.c.h; path = KScroller.h; sourceTree = "<group>"; };
		3A7E74A612873A7100D85E4C /* KScroller.m */ = {isa = PBXFileReference; fileEncoding = 4; lastKnownFileType = sourcecode.c.objc; path = KScroller.m; sourceTree = "<group>"; };
		3A7E751D1287403100D85E4C /* KScrollView.h */ = {isa = PBXFileReference; fileEncoding = 4; lastKnownFileType = sourcecode.c.h; path = KScrollView.h; sourceTree = "<group>"; };
		3A7E751E1287403100D85E4C /* KScrollView.m */ = {isa = PBXFileReference; fileEncoding = 4; lastKnownFileType = sourcecode.c.objc; path = KScrollView.m; sourceTree = "<group>"; };
		3A928C14122714E800DA7E43 /* KAppDelegate.h */ = {isa = PBXFileReference; fileEncoding = 4; lastKnownFileType = sourcecode.c.h; path = KAppDelegate.h; sourceTree = "<group>"; };
		3A928C15122714E800DA7E43 /* KAppDelegate.mm */ = {isa = PBXFileReference; fileEncoding = 4; lastKnownFileType = sourcecode.cpp.objcpp; path = KAppDelegate.mm; sourceTree = "<group>"; };
		3A928C16122714E800DA7E43 /* main.m */ = {isa = PBXFileReference; fileEncoding = 4; lastKnownFileType = sourcecode.c.objc; path = main.m; sourceTree = "<group>"; };
		3A928C17122714E800DA7E43 /* KBrowser.h */ = {isa = PBXFileReference; fileEncoding = 4; lastKnownFileType = sourcecode.c.h; path = KBrowser.h; sourceTree = "<group>"; };
		3A928C18122714E800DA7E43 /* KBrowser.mm */ = {isa = PBXFileReference; fileEncoding = 4; lastKnownFileType = sourcecode.cpp.objcpp; path = KBrowser.mm; sourceTree = "<group>"; };
		3A928C1A122714EE00DA7E43 /* Info.plist */ = {isa = PBXFileReference; explicitFileType = text.plist.xml; fileEncoding = 4; path = Info.plist; sourceTree = "<group>"; };
		3A928C1B122714EE00DA7E43 /* MainMenu.xib */ = {isa = PBXFileReference; lastKnownFileType = file.xib; path = MainMenu.xib; sourceTree = "<group>"; };
		3A928C201227151800DA7E43 /* Kod.app */ = {isa = PBXFileReference; explicitFileType = wrapper.application; includeInIndex = 0; path = Kod.app; sourceTree = BUILT_PRODUCTS_DIR; };
		3A9291171229B93C00DA7E43 /* Toolbar.xib */ = {isa = PBXFileReference; lastKnownFileType = file.xib; path = Toolbar.xib; sourceTree = "<group>"; };
		3A9291191229B96A00DA7E43 /* KTabContents.h */ = {isa = PBXFileReference; fileEncoding = 4; lastKnownFileType = sourcecode.c.h; path = KTabContents.h; sourceTree = "<group>"; };
		3A92911A1229B96A00DA7E43 /* KTabContents.mm */ = {isa = PBXFileReference; fileEncoding = 4; lastKnownFileType = sourcecode.cpp.objcpp; path = KTabContents.mm; sourceTree = "<group>"; };
		3A92911C1229B9D500DA7E43 /* KToolbarController.h */ = {isa = PBXFileReference; fileEncoding = 4; lastKnownFileType = sourcecode.c.h; path = KToolbarController.h; sourceTree = "<group>"; };
		3A92911D1229B9D500DA7E43 /* KToolbarController.mm */ = {isa = PBXFileReference; fileEncoding = 4; lastKnownFileType = sourcecode.cpp.objcpp; path = KToolbarController.mm; sourceTree = "<group>"; };
		3A92912B1229BB5100DA7E43 /* prefix.pch */ = {isa = PBXFileReference; fileEncoding = 4; lastKnownFileType = sourcecode.c.h; path = prefix.pch; sourceTree = "<group>"; };
		3A92916A1229BDAA00DA7E43 /* chromium-tabs.xcodeproj */ = {isa = PBXFileReference; lastKnownFileType = "wrapper.pb-project"; name = "chromium-tabs.xcodeproj"; path = "chromium-tabs/chromium-tabs.xcodeproj"; sourceTree = "<group>"; };
		3A9292971229D31200DA7E43 /* KBrowserWindowController.h */ = {isa = PBXFileReference; fileEncoding = 4; lastKnownFileType = sourcecode.c.h; path = KBrowserWindowController.h; sourceTree = "<group>"; };
		3A9292981229D31200DA7E43 /* KBrowserWindowController.mm */ = {isa = PBXFileReference; fileEncoding = 4; lastKnownFileType = sourcecode.cpp.objcpp; path = KBrowserWindowController.mm; sourceTree = "<group>"; };
		3A9293651229E49A00DA7E43 /* NSError+KAdditions.h */ = {isa = PBXFileReference; fileEncoding = 4; lastKnownFileType = sourcecode.c.h; path = "NSError+KAdditions.h"; sourceTree = "<group>"; };
		3A9293661229E49A00DA7E43 /* NSError+KAdditions.m */ = {isa = PBXFileReference; fileEncoding = 4; lastKnownFileType = sourcecode.c.objc; path = "NSError+KAdditions.m"; sourceTree = "<group>"; };
		3A9293CA1229ED4C00DA7E43 /* KDocumentController.h */ = {isa = PBXFileReference; fileEncoding = 4; lastKnownFileType = sourcecode.c.h; path = KDocumentController.h; sourceTree = "<group>"; };
		3A9293CB1229ED4C00DA7E43 /* KDocumentController.mm */ = {isa = PBXFileReference; fileEncoding = 4; lastKnownFileType = sourcecode.cpp.objcpp; path = KDocumentController.mm; sourceTree = "<group>"; };
/* End PBXFileReference section */

/* Begin PBXFrameworksBuildPhase section */
		3A928C1E1227151800DA7E43 /* Frameworks */ = {
			isa = PBXFrameworksBuildPhase;
			buildActionMask = 2147483647;
			files = (
				3A929886122AC38F00DA7E43 /* ChromiumTabs.framework in Frameworks */,
				3A25E47B1281A6A200B6A33E /* libboost_regex-mt.dylib in Frameworks */,
				3A25E47D1281A6A700B6A33E /* libsource-highlight.dylib in Frameworks */,
				3A158AFF128A0A3700339E6E /* libicucore.dylib in Frameworks */,
			);
			runOnlyForDeploymentPostprocessing = 0;
		};
/* End PBXFrameworksBuildPhase section */

/* Begin PBXGroup section */
		3A158AD3128A09D300339E6E /* ICU */ = {
			isa = PBXGroup;
			children = (
				3A158AD4128A09D300339E6E /* ICUMatcher.h */,
				3A158AD5128A09D300339E6E /* ICUMatcher.m */,
				3A158AD6128A09D300339E6E /* ICUPattern.h */,
				3A158AD7128A09D300339E6E /* ICUPattern.m */,
				3A158AD9128A09D300339E6E /* NSStringICUAdditions.h */,
				3A158ADA128A09D300339E6E /* NSStringICUAdditions.m */,
			);
			path = ICU;
			sourceTree = "<group>";
		};
		3A158D42128A27DB00339E6E /* upstream-lang */ = {
			isa = PBXGroup;
			children = (
				3A158D43128A27DB00339E6E /* ada.lang */,
				3A158D44128A27DB00339E6E /* applescript.lang */,
				3A158D45128A27DB00339E6E /* asm.lang */,
				3A158D46128A27DB00339E6E /* awk.lang */,
				3A158D47128A27DB00339E6E /* bat.lang */,
				3A158D48128A27DB00339E6E /* bib.lang */,
				3A158D49128A27DB00339E6E /* bison.lang */,
				3A158D4A128A27DB00339E6E /* c.lang */,
				3A158D4B128A27DB00339E6E /* c_comment.lang */,
				3A158D4C128A27DB00339E6E /* c_string.lang */,
				3A158D4D128A27DB00339E6E /* caml.lang */,
				3A158D4E128A27DB00339E6E /* changelog.lang */,
				3A158D4F128A27DB00339E6E /* clike_vardeclaration.lang */,
				3A158D50128A27DB00339E6E /* clipper.lang */,
				3A158D51128A27DB00339E6E /* cobol.lang */,
				3A158D52128A27DB00339E6E /* conf.lang */,
				3A158D53128A27DB00339E6E /* cpp.lang */,
				3A158D54128A27DB00339E6E /* csharp.lang */,
				3A158D55128A27DB00339E6E /* css.lang */,
				3A158D56128A27DB00339E6E /* d.lang */,
				3A158D57128A27DB00339E6E /* default.lang */,
				3A158D58128A27DB00339E6E /* desktop.lang */,
				3A158D59128A27DB00339E6E /* diff.lang */,
				3A158D5A128A27DB00339E6E /* erlang.lang */,
				3A158D5B128A27DB00339E6E /* errors.lang */,
				3A158D5C128A27DB00339E6E /* extreme_comment.lang */,
				3A158D5D128A27DB00339E6E /* extreme_comment2.lang */,
				3A158D5E128A27DB00339E6E /* extreme_comment3.lang */,
				3A158D5F128A27DB00339E6E /* extreme_comment4.lang */,
				3A158D60128A27DB00339E6E /* fixed-fortran.lang */,
				3A158D61128A27DB00339E6E /* flex.lang */,
				3A158D62128A27DB00339E6E /* fortran.lang */,
				3A158D63128A27DB00339E6E /* function.lang */,
				3A158D64128A27DB00339E6E /* glsl.lang */,
				3A158D65128A27DB00339E6E /* haskell.lang */,
				3A158D66128A27DB00339E6E /* haskell_literate.lang */,
				3A158D67128A27DB00339E6E /* haxe.lang */,
				3A158D68128A27DB00339E6E /* html.lang */,
				3A158D69128A27DB00339E6E /* html_simple.lang */,
				3A158D6A128A27DB00339E6E /* java.lang */,
				3A158D6B128A27DB00339E6E /* javascript.lang */,
				3A158D6C128A27DB00339E6E /* key_string.lang */,
				3A158D6D128A27DB00339E6E /* langdef.lang */,
				3A158D6E128A27DB00339E6E /* latex.lang */,
				3A158D6F128A27DB00339E6E /* ldap.lang */,
				3A158D70128A27DB00339E6E /* lisp.lang */,
				3A158D71128A27DB00339E6E /* log.lang */,
				3A158D72128A27DB00339E6E /* logtalk.lang */,
				3A158D73128A27DB00339E6E /* lsm.lang */,
				3A158D74128A27DB00339E6E /* lua.lang */,
				3A158D75128A27DB00339E6E /* m4.lang */,
				3A158D76128A27DB00339E6E /* makefile.lang */,
				3A158D77128A27DB00339E6E /* manifest.lang */,
				3A158D78128A27DB00339E6E /* nohilite.lang */,
				3A158D79128A27DB00339E6E /* number.lang */,
				3A158D7A128A27DB00339E6E /* outlang.lang */,
				3A158D7B128A27DB00339E6E /* oz.lang */,
				3A158D7C128A27DB00339E6E /* pascal.lang */,
				3A158D7D128A27DB00339E6E /* pc.lang */,
				3A158D7E128A27DB00339E6E /* perl.lang */,
				3A158D7F128A27DB00339E6E /* php.lang */,
				3A158D80128A27DB00339E6E /* postscript.lang */,
				3A158D81128A27DB00339E6E /* prolog.lang */,
				3A158D82128A27DB00339E6E /* properties.lang */,
				3A158D83128A27DB00339E6E /* proto.lang */,
				3A158D84128A27DB00339E6E /* python.lang */,
				3A158D85128A27DB00339E6E /* ruby.lang */,
				3A158D86128A27DB00339E6E /* scala.lang */,
				3A158D87128A27DB00339E6E /* scheme.lang */,
				3A158D88128A27DB00339E6E /* script_comment.lang */,
				3A158D89128A27DB00339E6E /* sh.lang */,
				3A158D8A128A27DB00339E6E /* slang.lang */,
				3A158D8B128A27DB00339E6E /* sml.lang */,
				3A158D8C128A27DB00339E6E /* spec.lang */,
				3A158D8D128A27DB00339E6E /* sql.lang */,
				3A158D8E128A27DB00339E6E /* style.lang */,
				3A158D8F128A27DB00339E6E /* symbols.lang */,
				3A158D90128A27DB00339E6E /* tcl.lang */,
				3A158D91128A27DB00339E6E /* texinfo.lang */,
				3A158D92128A27DB00339E6E /* todo.lang */,
				3A158D93128A27DB00339E6E /* url.lang */,
				3A158D94128A27DB00339E6E /* vala.lang */,
				3A158D95128A27DB00339E6E /* vbscript.lang */,
				3A158D96128A27DB00339E6E /* xml.lang */,
				3A158D97128A27DB00339E6E /* xorg.lang */,
			);
			name = "upstream-lang";
			path = "deps/srchilight/upstream-lang";
			sourceTree = SOURCE_ROOT;
		};
		3A7E717C1286F40600D85E4C /* file-tree */ = {
			isa = PBXGroup;
			children = (
				3A7E717E1286F44D00D85E4C /* KFileOutlineView.h */,
				3A7E717F1286F44D00D85E4C /* KFileOutlineView.mm */,
				3A7E71811286F54A00D85E4C /* KFileTextFieldCell.h */,
				3A7E71821286F54A00D85E4C /* KFileTextFieldCell.mm */,
				3A7E718E1286F71100D85E4C /* KFileTreeNodeData.h */,
				3A7E718F1286F71100D85E4C /* KFileTreeNodeData.mm */,
				3A7E72391287024100D85E4C /* KFileTreeController.h */,
				3A7E723A1287024100D85E4C /* KFileTreeController.mm */,
			);
			name = "file-tree";
			sourceTree = "<group>";
		};
		3A7E717D1286F41C00D85E4C /* syntax-highlight */ = {
			isa = PBXGroup;
			children = (
				3A1585661289791200339E6E /* KHighlightEventListener.h */,
				3A1585671289791200339E6E /* KHighlightEventListener.mm */,
				3A25E4FC1281B3D500B6A33E /* KHighlightStateData.h */,
				3A025A951288B2A300206ECF /* KHighlightState.h */,
				3A025A961288B2A300206ECF /* KHighlightState.mm */,
				3A25E477128194B400B6A33E /* KSyntaxHighlighter.h */,
				3A25E478128194B400B6A33E /* KSyntaxHighlighter.mm */,
				3A25E4B51281AE3700B6A33E /* KTextFormatter.h */,
				3A25E4B61281AE3700B6A33E /* KTextFormatter.mm */,
				3A25E5331281B9DA00B6A33E /* KTextFormatterFactory.h */,
				3A25E5341281B9DA00B6A33E /* KTextFormatterFactory.mm */,
			);
			name = "syntax-highlight";
			sourceTree = "<group>";
		};
		3A928BED1227143800DA7E43 = {
			isa = PBXGroup;
			children = (
				3A92916A1229BDAA00DA7E43 /* chromium-tabs.xcodeproj */,
				3A928C13122714E800DA7E43 /* src */,
				3A928C19122714EE00DA7E43 /* resources */,
				3A92914F1229BD5E00DA7E43 /* Frameworks */,
				3A928C211227151800DA7E43 /* Products */,
			);
			sourceTree = "<group>";
		};
		3A928C13122714E800DA7E43 /* src */ = {
			isa = PBXGroup;
			children = (
				3A92912B1229BB5100DA7E43 /* prefix.pch */,
				3A928C16122714E800DA7E43 /* main.m */,
				3A928C14122714E800DA7E43 /* KAppDelegate.h */,
				3A928C15122714E800DA7E43 /* KAppDelegate.mm */,
				3A9293CA1229ED4C00DA7E43 /* KDocumentController.h */,
				3A9293CB1229ED4C00DA7E43 /* KDocumentController.mm */,
				3A928C17122714E800DA7E43 /* KBrowser.h */,
				3A928C18122714E800DA7E43 /* KBrowser.mm */,
				3A9292971229D31200DA7E43 /* KBrowserWindowController.h */,
				3A9292981229D31200DA7E43 /* KBrowserWindowController.mm */,
				3A9291191229B96A00DA7E43 /* KTabContents.h */,
				3A92911A1229B96A00DA7E43 /* KTabContents.mm */,
				3A92911C1229B9D500DA7E43 /* KToolbarController.h */,
				3A92911D1229B9D500DA7E43 /* KToolbarController.mm */,
				3A9293651229E49A00DA7E43 /* NSError+KAdditions.h */,
				3A9293661229E49A00DA7E43 /* NSError+KAdditions.m */,
				3A25E60E1281CFEF00B6A33E /* NSColor-web.h */,
				3A25E60F1281CFEF00B6A33E /* NSColor-web.m */,
				3A4D50EB1282E40300B06EEB /* NSString-utf8-range-conv.h */,
				3A4D50EC1282E40300B06EEB /* NSString-utf8-range-conv.m */,
				3A7E74A512873A7100D85E4C /* KScroller.h */,
				3A7E74A612873A7100D85E4C /* KScroller.m */,
				3A7E751D1287403100D85E4C /* KScrollView.h */,
				3A7E751E1287403100D85E4C /* KScrollView.m */,
				3A158AD3128A09D300339E6E /* ICU */,
				3A7E717D1286F41C00D85E4C /* syntax-highlight */,
				3A7E717C1286F40600D85E4C /* file-tree */,
			);
			path = src;
			sourceTree = "<group>";
		};
		3A928C19122714EE00DA7E43 /* resources */ = {
			isa = PBXGroup;
			children = (
				3A158D42128A27DB00339E6E /* upstream-lang */,
				3A928C1A122714EE00DA7E43 /* Info.plist */,
				3A7E71121286EAE800D85E4C /* BrowserWindow.xib */,
				3A928C1B122714EE00DA7E43 /* MainMenu.xib */,
				3A9291171229B93C00DA7E43 /* Toolbar.xib */,
			);
			path = resources;
			sourceTree = "<group>";
		};
		3A928C211227151800DA7E43 /* Products */ = {
			isa = PBXGroup;
			children = (
				3A928C201227151800DA7E43 /* Kod.app */,
			);
			name = Products;
			sourceTree = "<group>";
		};
		3A92914F1229BD5E00DA7E43 /* Frameworks */ = {
			isa = PBXGroup;
			children = (
				3A25E47A1281A6A200B6A33E /* libboost_regex-mt.dylib */,
				3A25E47C1281A6A700B6A33E /* libsource-highlight.dylib */,
				3A158AFE128A0A3700339E6E /* libicucore.dylib */,
			);
			name = Frameworks;
			sourceTree = "<group>";
		};
		3A9297DF122AB49D00DA7E43 /* Products */ = {
			isa = PBXGroup;
			children = (
				3A9297E4122AB49D00DA7E43 /* ChromiumTabs.framework */,
				3A9297E6122AB49D00DA7E43 /* Chromium Tabs.app */,
			);
			name = Products;
			sourceTree = "<group>";
		};
/* End PBXGroup section */

/* Begin PBXNativeTarget section */
		3A928C1F1227151800DA7E43 /* Kod */ = {
			isa = PBXNativeTarget;
			buildConfigurationList = 3A928C261227151900DA7E43 /* Build configuration list for PBXNativeTarget "Kod" */;
			buildPhases = (
				3A928C1C1227151800DA7E43 /* Resources */,
				3A928C1D1227151800DA7E43 /* Sources */,
				3A928C1E1227151800DA7E43 /* Frameworks */,
				3A9291381229BBB600DA7E43 /* Copy Frameworks */,
				3A158BE3128A23E200339E6E /* Copy lang files */,
				3A158BE4128A23E200339E6E /* Copy style files */,
			);
			buildRules = (
			);
			dependencies = (
				3A929AEC122B1A0400DA7E43 /* PBXTargetDependency */,
			);
			name = Kod;
			productName = Kod;
			productReference = 3A928C201227151800DA7E43 /* Kod.app */;
			productType = "com.apple.product-type.application";
		};
/* End PBXNativeTarget section */

/* Begin PBXProject section */
		3A928BEF1227143800DA7E43 /* Project object */ = {
			isa = PBXProject;
			buildConfigurationList = 3A928BF21227143800DA7E43 /* Build configuration list for PBXProject "kod" */;
			compatibilityVersion = "Xcode 2.4";
			developmentRegion = English;
			hasScannedForEncodings = 0;
			knownRegions = (
				English,
				Japanese,
				French,
				German,
			);
			mainGroup = 3A928BED1227143800DA7E43;
			productRefGroup = 3A928C211227151800DA7E43 /* Products */;
			projectDirPath = "";
			projectReferences = (
				{
					ProductGroup = 3A9297DF122AB49D00DA7E43 /* Products */;
					ProjectRef = 3A92916A1229BDAA00DA7E43 /* chromium-tabs.xcodeproj */;
				},
			);
			projectRoot = "";
			targets = (
				3A928C1F1227151800DA7E43 /* Kod */,
			);
		};
/* End PBXProject section */

/* Begin PBXReferenceProxy section */
		3A9297E4122AB49D00DA7E43 /* ChromiumTabs.framework */ = {
			isa = PBXReferenceProxy;
			fileType = wrapper.framework;
			path = ChromiumTabs.framework;
			remoteRef = 3A9297E3122AB49D00DA7E43 /* PBXContainerItemProxy */;
			sourceTree = BUILT_PRODUCTS_DIR;
		};
		3A9297E6122AB49D00DA7E43 /* Chromium Tabs.app */ = {
			isa = PBXReferenceProxy;
			fileType = wrapper.application;
			path = "Chromium Tabs.app";
			remoteRef = 3A9297E5122AB49D00DA7E43 /* PBXContainerItemProxy */;
			sourceTree = BUILT_PRODUCTS_DIR;
		};
/* End PBXReferenceProxy section */

/* Begin PBXResourcesBuildPhase section */
		3A928C1C1227151800DA7E43 /* Resources */ = {
			isa = PBXResourcesBuildPhase;
			buildActionMask = 2147483647;
			files = (
				3A9291DF1229BFCD00DA7E43 /* MainMenu.xib in Resources */,
				3A9291181229B93C00DA7E43 /* Toolbar.xib in Resources */,
				3A7E71131286EAE800D85E4C /* BrowserWindow.xib in Resources */,
			);
			runOnlyForDeploymentPostprocessing = 0;
		};
/* End PBXResourcesBuildPhase section */

/* Begin PBXSourcesBuildPhase section */
		3A928C1D1227151800DA7E43 /* Sources */ = {
			isa = PBXSourcesBuildPhase;
			buildActionMask = 2147483647;
			files = (
				3A9291C51229BF7500DA7E43 /* main.m in Sources */,
				3A9291C61229BFAD00DA7E43 /* KAppDelegate.mm in Sources */,
				3A9291C71229BFB000DA7E43 /* KBrowser.mm in Sources */,
				3A92911B1229B96A00DA7E43 /* KTabContents.mm in Sources */,
				3A92911E1229B9D500DA7E43 /* KToolbarController.mm in Sources */,
				3A9292991229D31200DA7E43 /* KBrowserWindowController.mm in Sources */,
				3A9293671229E49A00DA7E43 /* NSError+KAdditions.m in Sources */,
				3A9293CC1229ED4C00DA7E43 /* KDocumentController.mm in Sources */,
				3A25E479128194B400B6A33E /* KSyntaxHighlighter.mm in Sources */,
				3A25E4B71281AE3700B6A33E /* KTextFormatter.mm in Sources */,
				3A25E5351281B9DA00B6A33E /* KTextFormatterFactory.mm in Sources */,
				3A25E6101281CFEF00B6A33E /* NSColor-web.m in Sources */,
				3A4D50ED1282E40300B06EEB /* NSString-utf8-range-conv.m in Sources */,
				3A7E71801286F44D00D85E4C /* KFileOutlineView.mm in Sources */,
				3A7E71831286F54A00D85E4C /* KFileTextFieldCell.mm in Sources */,
				3A7E71901286F71100D85E4C /* KFileTreeNodeData.mm in Sources */,
				3A7E723B1287024100D85E4C /* KFileTreeController.mm in Sources */,
				3A7E74A712873A7100D85E4C /* KScroller.m in Sources */,
				3A7E751F1287403100D85E4C /* KScrollView.m in Sources */,
				3A025A971288B2A300206ECF /* KHighlightState.mm in Sources */,
				3A1585681289791200339E6E /* KHighlightEventListener.mm in Sources */,
				3A158ADB128A09D300339E6E /* ICUMatcher.m in Sources */,
				3A158ADC128A09D300339E6E /* ICUPattern.m in Sources */,
				3A158ADE128A09D300339E6E /* NSStringICUAdditions.m in Sources */,
			);
			runOnlyForDeploymentPostprocessing = 0;
		};
/* End PBXSourcesBuildPhase section */

/* Begin PBXTargetDependency section */
		3A929AEC122B1A0400DA7E43 /* PBXTargetDependency */ = {
			isa = PBXTargetDependency;
			name = ChromiumTabs;
			targetProxy = 3A929AEB122B1A0400DA7E43 /* PBXContainerItemProxy */;
		};
/* End PBXTargetDependency section */

/* Begin XCBuildConfiguration section */
		3A928BF01227143800DA7E43 /* Debug */ = {
			isa = XCBuildConfiguration;
			buildSettings = {
				ARCHS = "$(ARCHS_STANDARD_32_64_BIT_PRE_XCODE_3_1)";
				ARCHS_STANDARD_32_64_BIT_PRE_XCODE_3_1 = "x86_64 i386 ppc";
				COPY_PHASE_STRIP = NO;
			};
			name = Debug;
		};
		3A928BF11227143800DA7E43 /* Release */ = {
			isa = XCBuildConfiguration;
			buildSettings = {
				ARCHS = "$(ARCHS_STANDARD_32_64_BIT_PRE_XCODE_3_1)";
				ARCHS_STANDARD_32_64_BIT_PRE_XCODE_3_1 = "x86_64 i386 ppc";
				COPY_PHASE_STRIP = YES;
			};
			name = Release;
		};
		3A928C241227151800DA7E43 /* Debug */ = {
			isa = XCBuildConfiguration;
			buildSettings = {
				ALWAYS_SEARCH_USER_PATHS = NO;
				COPY_PHASE_STRIP = NO;
				FRAMEWORK_SEARCH_PATHS = (
					"$(inherited)",
					"$(FRAMEWORK_SEARCH_PATHS_QUOTED_FOR_TARGET_1)",
					"$(FRAMEWORK_SEARCH_PATHS_QUOTED_FOR_TARGET_2)",
					"$(FRAMEWORK_SEARCH_PATHS_QUOTED_FOR_TARGET_3)",
				);
				FRAMEWORK_SEARCH_PATHS_QUOTED_FOR_TARGET_1 = "\"$(SRCROOT)\"";
				FRAMEWORK_SEARCH_PATHS_QUOTED_FOR_TARGET_2 = "\"$(SRCROOT)/../chromium-tabs/build/Debug\"";
				FRAMEWORK_SEARCH_PATHS_QUOTED_FOR_TARGET_3 = "\"$(SYSTEM_LIBRARY_DIR)/Frameworks/WebKit.framework/Versions/A/Frameworks\"";
				GCC_DYNAMIC_NO_PIC = NO;
				GCC_ENABLE_EXCEPTIONS = NO;
				GCC_ENABLE_FIX_AND_CONTINUE = YES;
				GCC_MODEL_TUNING = G5;
				GCC_OPTIMIZATION_LEVEL = 0;
				GCC_PRECOMPILE_PREFIX_HEADER = YES;
				GCC_PREFIX_HEADER = src/prefix.pch;
				HEADER_SEARCH_PATHS = (
					src/ICU/include,
					"$(HEADER_SEARCH_PATHS_QUOTED_FOR_TARGET_1)",
					/opt/local/include,
				);
				HEADER_SEARCH_PATHS_QUOTED_FOR_TARGET_1 = "\"$(SRCROOT)/deps/srchilight/include\"";
				INFOPLIST_FILE = resources/Info.plist;
				INSTALL_PATH = "$(HOME)/Applications";
				LD_RUNPATH_SEARCH_PATHS = "@loader_path/../Frameworks";
				LIBRARY_SEARCH_PATHS = (
					"$(inherited)",
					"$(LIBRARY_SEARCH_PATHS_QUOTED_FOR_TARGET_1)",
				);
				LIBRARY_SEARCH_PATHS_QUOTED_FOR_TARGET_1 = "\"$(SRCROOT)/deps/srchilight\"";
				MACOSX_DEPLOYMENT_TARGET = 10.6;
				ONLY_ACTIVE_ARCH = YES;
				OTHER_LDFLAGS = (
					"-framework",
					Foundation,
					"-framework",
					AppKit,
				);
				PREBINDING = NO;
				PRODUCT_NAME = Kod;
				SDKROOT = "$(DEVELOPER_SDK_DIR)/MacOSX10.6.sdk";
			};
			name = Debug;
		};
		3A928C251227151800DA7E43 /* Release */ = {
			isa = XCBuildConfiguration;
			buildSettings = {
				ALWAYS_SEARCH_USER_PATHS = NO;
				COPY_PHASE_STRIP = YES;
				DEBUG_INFORMATION_FORMAT = "dwarf-with-dsym";
				FRAMEWORK_SEARCH_PATHS = (
					"$(inherited)",
					"$(FRAMEWORK_SEARCH_PATHS_QUOTED_FOR_TARGET_1)",
					"$(FRAMEWORK_SEARCH_PATHS_QUOTED_FOR_TARGET_2)",
					"$(FRAMEWORK_SEARCH_PATHS_QUOTED_1)",
				);
				FRAMEWORK_SEARCH_PATHS_QUOTED_1 = "\"$(SYSTEM_LIBRARY_DIR)/Frameworks/WebKit.framework/Versions/A/Frameworks\"";
				FRAMEWORK_SEARCH_PATHS_QUOTED_FOR_TARGET_1 = "\"$(SRCROOT)\"";
				FRAMEWORK_SEARCH_PATHS_QUOTED_FOR_TARGET_2 = "\"$(SRCROOT)/../chromium-tabs/build/Debug\"";
				GCC_ENABLE_EXCEPTIONS = NO;
				GCC_ENABLE_FIX_AND_CONTINUE = NO;
				GCC_MODEL_TUNING = G5;
				GCC_PRECOMPILE_PREFIX_HEADER = YES;
				GCC_PREFIX_HEADER = src/prefix.pch;
				GCC_PREPROCESSOR_DEFINITIONS = "NDEBUG=1";
				HEADER_SEARCH_PATHS = (
					src/ICU/include,
					"$(HEADER_SEARCH_PATHS_QUOTED_FOR_TARGET_1)",
					/opt/local/include,
				);
				HEADER_SEARCH_PATHS_QUOTED_FOR_TARGET_1 = "\"$(SRCROOT)/deps/srchilight/include\"";
				INFOPLIST_FILE = resources/Info.plist;
				INSTALL_PATH = "$(HOME)/Applications";
				LD_RUNPATH_SEARCH_PATHS = "@loader_path/../Frameworks";
				LIBRARY_SEARCH_PATHS = (
					"$(inherited)",
					"$(LIBRARY_SEARCH_PATHS_QUOTED_FOR_TARGET_1)",
				);
				LIBRARY_SEARCH_PATHS_QUOTED_FOR_TARGET_1 = "\"$(SRCROOT)/deps/srchilight\"";
				MACOSX_DEPLOYMENT_TARGET = 10.6;
				OTHER_LDFLAGS = (
					"-framework",
					Foundation,
					"-framework",
					AppKit,
				);
				PREBINDING = NO;
				PRODUCT_NAME = Kod;
				SDKROOT = "$(DEVELOPER_SDK_DIR)/MacOSX10.6.sdk";
				VALID_ARCHS = "i386 x86_64";
				ZERO_LINK = NO;
			};
			name = Release;
		};
/* End XCBuildConfiguration section */

/* Begin XCConfigurationList section */
		3A928BF21227143800DA7E43 /* Build configuration list for PBXProject "kod" */ = {
			isa = XCConfigurationList;
			buildConfigurations = (
				3A928BF01227143800DA7E43 /* Debug */,
				3A928BF11227143800DA7E43 /* Release */,
			);
			defaultConfigurationIsVisible = 0;
			defaultConfigurationName = Release;
		};
		3A928C261227151900DA7E43 /* Build configuration list for PBXNativeTarget "Kod" */ = {
			isa = XCConfigurationList;
			buildConfigurations = (
				3A928C241227151800DA7E43 /* Debug */,
				3A928C251227151800DA7E43 /* Release */,
			);
			defaultConfigurationIsVisible = 0;
			defaultConfigurationName = Release;
		};
/* End XCConfigurationList section */
	};
	rootObject = 3A928BEF1227143800DA7E43 /* Project object */;
}
